{
  "object": {
    "pins": [
      {
        "package": "CommonCell",
        "repositoryURL": "https://github.com/eonist/CommonCell.git",
        "state": {
          "branch": "master",
          "revision": "b252d13b872e20e702776f1d51908c3140f820cd",
          "version": null
        }
      },
      {
        "package": "FileSugar",
        "repositoryURL": "https://github.com/eonist/FileSugar.git",
        "state": {
          "branch": "master",
          "revision": "523b7325aa211c34d2622c365915969122ed02bc",
          "version": null
        }
      },
      {
        "package": "ImageSugar",
        "repositoryURL": "https://github.com/eonist/ImageSugar.git",
        "state": {
          "branch": "master",
          "revision": "badf21a795fd627f4a44c55c57c6f3626261662e",
          "version": null
        }
      },
      {
        "package": "JSONSugar",
        "repositoryURL": "https://github.com/eonist/JSONSugar.git",
        "state": {
          "branch": "master",
          "revision": "f6ebe7fde5cbe574ae9516c73962ccd01e7208b1",
          "version": null
        }
      },
      {
        "package": "NetworkSugar",
        "repositoryURL": "https://github.com/eonist/NetworkSugar.git",
        "state": {
          "branch": "master",
          "revision": "4da36c5b8fa9c2c1ac3784cbb2474ee66e51b6ff",
          "version": null
        }
      },
      {
        "package": "ReusableCell",
        "repositoryURL": "https://github.com/eonist/ReusableCell.git",
        "state": {
          "branch": "master",
          "revision": "26413744c41ddcfaffaeb561c904449d784ef1d0",
          "version": null
        }
      },
      {
        "package": "Spatial",
        "repositoryURL": "https://github.com/eonist/Spatial.git",
        "state": {
          "branch": "master",
          "revision": "d5db4874deba1ac3adb50124367870105ff46132",
          "version": null
        }
      },
      {
        "package": "With",
        "repositoryURL": "https://github.com/eonist/With.git",
        "state": {
          "branch": "master",
          "revision": "db0935ecba9577470664105c25cf2c29481ec0fb",
          "version": null
        }
      }
    ]
  },
  "version": 1
}
