// !$*UTF8*$!
{
	archiveVersion = 1;
	classes = {
	};
	objectVersion = 50;
	objects = {

/* Begin PBXBuildFile section */
		9D1A3B65231D0DD2009E2B77 /* JSONSugarMacOS.h in Headers */ = {isa = PBXBuildFile; fileRef = 9D1A3B63231D0DD2009E2B77 /* JSONSugarMacOS.h */; settings = {ATTRIBUTES = (Public, ); }; };
		9D1A3B6C231D0EB1009E2B77 /* DecodingHelpers.swift in Sources */ = {isa = PBXBuildFile; fileRef = 9DF43422229D240200996EE7 /* DecodingHelpers.swift */; };
		9D1A3B6D231D0EB1009E2B77 /* JSON+Extension.swift in Sources */ = {isa = PBXBuildFile; fileRef = F1BED5FB21B40F2E00A0D3D4 /* JSON+Extension.swift */; };
		9D1A3B6E231D0EB1009E2B77 /* JSONAsserter.swift in Sources */ = {isa = PBXBuildFile; fileRef = F1BED5FD21B40F2E00A0D3D4 /* JSONAsserter.swift */; };
		9D1A3B6F231D0EB1009E2B77 /* JSONParser.swift in Sources */ = {isa = PBXBuildFile; fileRef = F1BED5F921B40F2D00A0D3D4 /* JSONParser.swift */; };
		9D1A3B70231D0EB1009E2B77 /* JSONType.swift in Sources */ = {isa = PBXBuildFile; fileRef = F1BED5FC21B40F2E00A0D3D4 /* JSONType.swift */; };
		9D1A3B71231D0EB1009E2B77 /* JSONUtils.swift in Sources */ = {isa = PBXBuildFile; fileRef = F1BED5FA21B40F2E00A0D3D4 /* JSONUtils.swift */; };
		9D1A3B73231D0ED8009E2B77 /* FileSugar_macOS.framework in Frameworks */ = {isa = PBXBuildFile; fileRef = 9D1A3B72231D0ED8009E2B77 /* FileSugar_macOS.framework */; };
		9D4A034C231FA72E005C9B68 /* Extensions.swift in Sources */ = {isa = PBXBuildFile; fileRef = 9D4A034B231FA72E005C9B68 /* Extensions.swift */; };
		9D4A034D231FA7B5005C9B68 /* Extensions.swift in Sources */ = {isa = PBXBuildFile; fileRef = 9D4A034B231FA72E005C9B68 /* Extensions.swift */; };
		9DF43424229D240200996EE7 /* DecodingHelpers.swift in Sources */ = {isa = PBXBuildFile; fileRef = 9DF43422229D240200996EE7 /* DecodingHelpers.swift */; };
		F1BED5D521B40D7400A0D3D4 /* AppDelegate.swift in Sources */ = {isa = PBXBuildFile; fileRef = F1BED5D421B40D7400A0D3D4 /* AppDelegate.swift */; };
		F1BED5D721B40D7400A0D3D4 /* ViewController.swift in Sources */ = {isa = PBXBuildFile; fileRef = F1BED5D621B40D7400A0D3D4 /* ViewController.swift */; };
		F1BED5DC21B40D7600A0D3D4 /* Assets.xcassets in Resources */ = {isa = PBXBuildFile; fileRef = F1BED5DB21B40D7600A0D3D4 /* Assets.xcassets */; };
		F1BED5DF21B40D7600A0D3D4 /* LaunchScreen.storyboard in Resources */ = {isa = PBXBuildFile; fileRef = F1BED5DD21B40D7600A0D3D4 /* LaunchScreen.storyboard */; };
		F1BED5EF21B40ED000A0D3D4 /* JSONSugar.h in Headers */ = {isa = PBXBuildFile; fileRef = F1BED5ED21B40ED000A0D3D4 /* JSONSugar.h */; settings = {ATTRIBUTES = (Public, ); }; };
		F1BED5F221B40ED000A0D3D4 /* JSONSugar.framework in Frameworks */ = {isa = PBXBuildFile; fileRef = F1BED5EB21B40ED000A0D3D4 /* JSONSugar.framework */; };
		F1BED5F321B40ED000A0D3D4 /* JSONSugar.framework in Embed Frameworks */ = {isa = PBXBuildFile; fileRef = F1BED5EB21B40ED000A0D3D4 /* JSONSugar.framework */; settings = {ATTRIBUTES = (CodeSignOnCopy, RemoveHeadersOnCopy, ); }; };
		F1BED5FE21B40F2E00A0D3D4 /* JSONParser.swift in Sources */ = {isa = PBXBuildFile; fileRef = F1BED5F921B40F2D00A0D3D4 /* JSONParser.swift */; };
		F1BED5FF21B40F2E00A0D3D4 /* JSONUtils.swift in Sources */ = {isa = PBXBuildFile; fileRef = F1BED5FA21B40F2E00A0D3D4 /* JSONUtils.swift */; };
		F1BED60021B40F2E00A0D3D4 /* JSON+Extension.swift in Sources */ = {isa = PBXBuildFile; fileRef = F1BED5FB21B40F2E00A0D3D4 /* JSON+Extension.swift */; };
		F1BED60121B40F2E00A0D3D4 /* JSONType.swift in Sources */ = {isa = PBXBuildFile; fileRef = F1BED5FC21B40F2E00A0D3D4 /* JSONType.swift */; };
		F1BED60221B40F2E00A0D3D4 /* JSONAsserter.swift in Sources */ = {isa = PBXBuildFile; fileRef = F1BED5FD21B40F2E00A0D3D4 /* JSONAsserter.swift */; };
		F1BED65621B42C6700A0D3D4 /* FileSugar.framework in Frameworks */ = {isa = PBXBuildFile; fileRef = F1BED65521B42C6700A0D3D4 /* FileSugar.framework */; };
		F1BED65821B42C7D00A0D3D4 /* FileSugar.framework in Frameworks */ = {isa = PBXBuildFile; fileRef = F1BED65721B42C7D00A0D3D4 /* FileSugar.framework */; };
		F1BED65921B42C7D00A0D3D4 /* FileSugar.framework in Embed Frameworks */ = {isa = PBXBuildFile; fileRef = F1BED65721B42C7D00A0D3D4 /* FileSugar.framework */; settings = {ATTRIBUTES = (CodeSignOnCopy, RemoveHeadersOnCopy, ); }; };
/* End PBXBuildFile section */

/* Begin PBXContainerItemProxy section */
		F1BED5F021B40ED000A0D3D4 /* PBXContainerItemProxy */ = {
			isa = PBXContainerItemProxy;
			containerPortal = F1BED5C921B40D7400A0D3D4 /* Project object */;
			proxyType = 1;
			remoteGlobalIDString = F1BED5EA21B40ED000A0D3D4;
			remoteInfo = JSONSugar;
		};
/* End PBXContainerItemProxy section */

/* Begin PBXCopyFilesBuildPhase section */
		F1BED5F721B40ED000A0D3D4 /* Embed Frameworks */ = {
			isa = PBXCopyFilesBuildPhase;
			buildActionMask = 2147483647;
			dstPath = "";
			dstSubfolderSpec = 10;
			files = (
				F1BED5F321B40ED000A0D3D4 /* JSONSugar.framework in Embed Frameworks */,
				F1BED65921B42C7D00A0D3D4 /* FileSugar.framework in Embed Frameworks */,
			);
			name = "Embed Frameworks";
			runOnlyForDeploymentPostprocessing = 0;
		};
/* End PBXCopyFilesBuildPhase section */

/* Begin PBXFileReference section */
		9D1A3B61231D0DD1009E2B77 /* JSONSugarMacOS.framework */ = {isa = PBXFileReference; explicitFileType = wrapper.framework; includeInIndex = 0; path = JSONSugarMacOS.framework; sourceTree = BUILT_PRODUCTS_DIR; };
		9D1A3B63231D0DD2009E2B77 /* JSONSugarMacOS.h */ = {isa = PBXFileReference; lastKnownFileType = sourcecode.c.h; path = JSONSugarMacOS.h; sourceTree = "<group>"; };
		9D1A3B64231D0DD2009E2B77 /* Info.plist */ = {isa = PBXFileReference; lastKnownFileType = text.plist.xml; path = Info.plist; sourceTree = "<group>"; };
		9D1A3B72231D0ED8009E2B77 /* FileSugar_macOS.framework */ = {isa = PBXFileReference; lastKnownFileType = wrapper.framework; name = FileSugar_macOS.framework; path = Carthage/Build/Mac/FileSugar_macOS.framework; sourceTree = "<group>"; };
		9D4A034B231FA72E005C9B68 /* Extensions.swift */ = {isa = PBXFileReference; lastKnownFileType = sourcecode.swift; path = Extensions.swift; sourceTree = "<group>"; };
		9DF43422229D240200996EE7 /* DecodingHelpers.swift */ = {isa = PBXFileReference; fileEncoding = 4; lastKnownFileType = sourcecode.swift; path = DecodingHelpers.swift; sourceTree = "<group>"; };
		F1BED5D121B40D7400A0D3D4 /* JSONSugarExample.app */ = {isa = PBXFileReference; explicitFileType = wrapper.application; includeInIndex = 0; path = JSONSugarExample.app; sourceTree = BUILT_PRODUCTS_DIR; };
		F1BED5D421B40D7400A0D3D4 /* AppDelegate.swift */ = {isa = PBXFileReference; lastKnownFileType = sourcecode.swift; path = AppDelegate.swift; sourceTree = "<group>"; };
		F1BED5D621B40D7400A0D3D4 /* ViewController.swift */ = {isa = PBXFileReference; lastKnownFileType = sourcecode.swift; path = ViewController.swift; sourceTree = "<group>"; };
		F1BED5DB21B40D7600A0D3D4 /* Assets.xcassets */ = {isa = PBXFileReference; lastKnownFileType = folder.assetcatalog; path = Assets.xcassets; sourceTree = "<group>"; };
		F1BED5DE21B40D7600A0D3D4 /* Base */ = {isa = PBXFileReference; lastKnownFileType = file.storyboard; name = Base; path = Base.lproj/LaunchScreen.storyboard; sourceTree = "<group>"; };
		F1BED5E021B40D7600A0D3D4 /* Info.plist */ = {isa = PBXFileReference; lastKnownFileType = text.plist.xml; path = Info.plist; sourceTree = "<group>"; };
		F1BED5EB21B40ED000A0D3D4 /* JSONSugar.framework */ = {isa = PBXFileReference; explicitFileType = wrapper.framework; includeInIndex = 0; path = JSONSugar.framework; sourceTree = BUILT_PRODUCTS_DIR; };
		F1BED5ED21B40ED000A0D3D4 /* JSONSugar.h */ = {isa = PBXFileReference; lastKnownFileType = sourcecode.c.h; path = JSONSugar.h; sourceTree = "<group>"; };
		F1BED5EE21B40ED000A0D3D4 /* Info.plist */ = {isa = PBXFileReference; lastKnownFileType = text.plist.xml; path = Info.plist; sourceTree = "<group>"; };
		F1BED5F921B40F2D00A0D3D4 /* JSONParser.swift */ = {isa = PBXFileReference; fileEncoding = 4; lastKnownFileType = sourcecode.swift; path = JSONParser.swift; sourceTree = "<group>"; };
		F1BED5FA21B40F2E00A0D3D4 /* JSONUtils.swift */ = {isa = PBXFileReference; fileEncoding = 4; lastKnownFileType = sourcecode.swift; path = JSONUtils.swift; sourceTree = "<group>"; };
		F1BED5FB21B40F2E00A0D3D4 /* JSON+Extension.swift */ = {isa = PBXFileReference; fileEncoding = 4; lastKnownFileType = sourcecode.swift; path = "JSON+Extension.swift"; sourceTree = "<group>"; };
		F1BED5FC21B40F2E00A0D3D4 /* JSONType.swift */ = {isa = PBXFileReference; fileEncoding = 4; lastKnownFileType = sourcecode.swift; path = JSONType.swift; sourceTree = "<group>"; };
		F1BED5FD21B40F2E00A0D3D4 /* JSONAsserter.swift */ = {isa = PBXFileReference; fileEncoding = 4; lastKnownFileType = sourcecode.swift; path = JSONAsserter.swift; sourceTree = "<group>"; };
		F1BED65521B42C6700A0D3D4 /* FileSugar.framework */ = {isa = PBXFileReference; lastKnownFileType = wrapper.framework; name = FileSugar.framework; path = Carthage/Build/iOS/FileSugar.framework; sourceTree = "<group>"; };
		F1BED65721B42C7D00A0D3D4 /* FileSugar.framework */ = {isa = PBXFileReference; lastKnownFileType = wrapper.framework; name = FileSugar.framework; path = Carthage/Build/iOS/FileSugar.framework; sourceTree = "<group>"; };
/* End PBXFileReference section */

/* Begin PBXFrameworksBuildPhase section */
		9D1A3B5E231D0DD1009E2B77 /* Frameworks */ = {
			isa = PBXFrameworksBuildPhase;
			buildActionMask = 2147483647;
			files = (
				9D1A3B73231D0ED8009E2B77 /* FileSugar_macOS.framework in Frameworks */,
			);
			runOnlyForDeploymentPostprocessing = 0;
		};
		F1BED5CE21B40D7400A0D3D4 /* Frameworks */ = {
			isa = PBXFrameworksBuildPhase;
			buildActionMask = 2147483647;
			files = (
				F1BED5F221B40ED000A0D3D4 /* JSONSugar.framework in Frameworks */,
				F1BED65821B42C7D00A0D3D4 /* FileSugar.framework in Frameworks */,
			);
			runOnlyForDeploymentPostprocessing = 0;
		};
		F1BED5E821B40ED000A0D3D4 /* Frameworks */ = {
			isa = PBXFrameworksBuildPhase;
			buildActionMask = 2147483647;
			files = (
				F1BED65621B42C6700A0D3D4 /* FileSugar.framework in Frameworks */,
			);
			runOnlyForDeploymentPostprocessing = 0;
		};
/* End PBXFrameworksBuildPhase section */

/* Begin PBXGroup section */
		9D1A3B62231D0DD2009E2B77 /* JSONSugarMacOS */ = {
			isa = PBXGroup;
			children = (
				9D1A3B63231D0DD2009E2B77 /* JSONSugarMacOS.h */,
				9D1A3B64231D0DD2009E2B77 /* Info.plist */,
			);
			path = JSONSugarMacOS;
			sourceTree = "<group>";
		};
		9DF43421229D23EF00996EE7 /* common */ = {
			isa = PBXGroup;
			children = (
				9DF43422229D240200996EE7 /* DecodingHelpers.swift */,
				9D4A034B231FA72E005C9B68 /* Extensions.swift */,
			);
			path = common;
			sourceTree = "<group>";
		};
		F1BED5C821B40D7400A0D3D4 = {
			isa = PBXGroup;
			children = (
				F1BED65721B42C7D00A0D3D4 /* FileSugar.framework */,
				F1BED5D321B40D7400A0D3D4 /* JSONSugarExample */,
				F1BED5EC21B40ED000A0D3D4 /* JSONSugar */,
				9D1A3B62231D0DD2009E2B77 /* JSONSugarMacOS */,
				F1BED5D221B40D7400A0D3D4 /* Products */,
				F1BED65421B42C6700A0D3D4 /* Frameworks */,
			);
			sourceTree = "<group>";
		};
		F1BED5D221B40D7400A0D3D4 /* Products */ = {
			isa = PBXGroup;
			children = (
				F1BED5D121B40D7400A0D3D4 /* JSONSugarExample.app */,
				F1BED5EB21B40ED000A0D3D4 /* JSONSugar.framework */,
				9D1A3B61231D0DD1009E2B77 /* JSONSugarMacOS.framework */,
			);
			name = Products;
			sourceTree = "<group>";
		};
		F1BED5D321B40D7400A0D3D4 /* JSONSugarExample */ = {
			isa = PBXGroup;
			children = (
				F1BED5D421B40D7400A0D3D4 /* AppDelegate.swift */,
				F1BED5D621B40D7400A0D3D4 /* ViewController.swift */,
				F1BED5DB21B40D7600A0D3D4 /* Assets.xcassets */,
				F1BED5DD21B40D7600A0D3D4 /* LaunchScreen.storyboard */,
				F1BED5E021B40D7600A0D3D4 /* Info.plist */,
			);
			path = JSONSugarExample;
			sourceTree = "<group>";
		};
		F1BED5EC21B40ED000A0D3D4 /* JSONSugar */ = {
			isa = PBXGroup;
			children = (
				F1BED5ED21B40ED000A0D3D4 /* JSONSugar.h */,
				F1BED5F821B40EE100A0D3D4 /* src */,
				F1BED5EE21B40ED000A0D3D4 /* Info.plist */,
			);
			path = JSONSugar;
			sourceTree = "<group>";
		};
		F1BED5F821B40EE100A0D3D4 /* src */ = {
			isa = PBXGroup;
			children = (
				9DF43421229D23EF00996EE7 /* common */,
				F1BED5FB21B40F2E00A0D3D4 /* JSON+Extension.swift */,
				F1BED5FD21B40F2E00A0D3D4 /* JSONAsserter.swift */,
				F1BED5F921B40F2D00A0D3D4 /* JSONParser.swift */,
				F1BED5FC21B40F2E00A0D3D4 /* JSONType.swift */,
				F1BED5FA21B40F2E00A0D3D4 /* JSONUtils.swift */,
			);
			path = src;
			sourceTree = "<group>";
		};
		F1BED65421B42C6700A0D3D4 /* Frameworks */ = {
			isa = PBXGroup;
			children = (
				9D1A3B72231D0ED8009E2B77 /* FileSugar_macOS.framework */,
				F1BED65521B42C6700A0D3D4 /* FileSugar.framework */,
			);
			name = Frameworks;
			sourceTree = "<group>";
		};
/* End PBXGroup section */

/* Begin PBXHeadersBuildPhase section */
		9D1A3B5C231D0DD1009E2B77 /* Headers */ = {
			isa = PBXHeadersBuildPhase;
			buildActionMask = 2147483647;
			files = (
				9D1A3B65231D0DD2009E2B77 /* JSONSugarMacOS.h in Headers */,
			);
			runOnlyForDeploymentPostprocessing = 0;
		};
		F1BED5E621B40ED000A0D3D4 /* Headers */ = {
			isa = PBXHeadersBuildPhase;
			buildActionMask = 2147483647;
			files = (
				F1BED5EF21B40ED000A0D3D4 /* JSONSugar.h in Headers */,
			);
			runOnlyForDeploymentPostprocessing = 0;
		};
/* End PBXHeadersBuildPhase section */

/* Begin PBXNativeTarget section */
		9D1A3B60231D0DD1009E2B77 /* JSONSugarMacOS */ = {
			isa = PBXNativeTarget;
			buildConfigurationList = 9D1A3B68231D0DD2009E2B77 /* Build configuration list for PBXNativeTarget "JSONSugarMacOS" */;
			buildPhases = (
				9D1A3B5C231D0DD1009E2B77 /* Headers */,
				9D1A3B5D231D0DD1009E2B77 /* Sources */,
				9D1A3B5E231D0DD1009E2B77 /* Frameworks */,
				9D1A3B5F231D0DD1009E2B77 /* Resources */,
				9D4A034E231FB6B2005C9B68 /* ShellScript */,
			);
			buildRules = (
			);
			dependencies = (
			);
			name = JSONSugarMacOS;
			productName = JSONSugarMacOS;
			productReference = 9D1A3B61231D0DD1009E2B77 /* JSONSugarMacOS.framework */;
			productType = "com.apple.product-type.framework";
		};
		F1BED5D021B40D7400A0D3D4 /* JSONSugarExample */ = {
			isa = PBXNativeTarget;
			buildConfigurationList = F1BED5E321B40D7600A0D3D4 /* Build configuration list for PBXNativeTarget "JSONSugarExample" */;
			buildPhases = (
				F1BED5CD21B40D7400A0D3D4 /* Sources */,
				F1BED5CE21B40D7400A0D3D4 /* Frameworks */,
				F1BED5CF21B40D7400A0D3D4 /* Resources */,
				F1BED5F721B40ED000A0D3D4 /* Embed Frameworks */,
				F1CE268222854AAE00441836 /* ShellScript */,
			);
			buildRules = (
			);
			dependencies = (
				F1BED5F121B40ED000A0D3D4 /* PBXTargetDependency */,
			);
			name = JSONSugarExample;
			productName = JSONSugarExample;
			productReference = F1BED5D121B40D7400A0D3D4 /* JSONSugarExample.app */;
			productType = "com.apple.product-type.application";
		};
		F1BED5EA21B40ED000A0D3D4 /* JSONSugar */ = {
			isa = PBXNativeTarget;
			buildConfigurationList = F1BED5F421B40ED000A0D3D4 /* Build configuration list for PBXNativeTarget "JSONSugar" */;
			buildPhases = (
				F1BED5E621B40ED000A0D3D4 /* Headers */,
				F1BED5E721B40ED000A0D3D4 /* Sources */,
				F1BED5E821B40ED000A0D3D4 /* Frameworks */,
				F1BED5E921B40ED000A0D3D4 /* Resources */,
				F1CE268322854AB700441836 /* ShellScript */,
			);
			buildRules = (
			);
			dependencies = (
			);
			name = JSONSugar;
			productName = JSONSugar;
			productReference = F1BED5EB21B40ED000A0D3D4 /* JSONSugar.framework */;
			productType = "com.apple.product-type.framework";
		};
/* End PBXNativeTarget section */

/* Begin PBXProject section */
		F1BED5C921B40D7400A0D3D4 /* Project object */ = {
			isa = PBXProject;
			attributes = {
				LastSwiftUpdateCheck = 1010;
				LastUpgradeCheck = 1020;
				ORGANIZATIONNAME = FutureLab;
				TargetAttributes = {
					9D1A3B60231D0DD1009E2B77 = {
						CreatedOnToolsVersion = 10.2.1;
					};
					F1BED5D021B40D7400A0D3D4 = {
						CreatedOnToolsVersion = 10.1;
						LastSwiftMigration = 1020;
					};
					F1BED5EA21B40ED000A0D3D4 = {
						CreatedOnToolsVersion = 10.1;
						LastSwiftMigration = 1020;
					};
				};
			};
			buildConfigurationList = F1BED5CC21B40D7400A0D3D4 /* Build configuration list for PBXProject "JSONSugarExample" */;
			compatibilityVersion = "Xcode 9.3";
			developmentRegion = en;
			hasScannedForEncodings = 0;
			knownRegions = (
				en,
				Base,
			);
			mainGroup = F1BED5C821B40D7400A0D3D4;
			productRefGroup = F1BED5D221B40D7400A0D3D4 /* Products */;
			projectDirPath = "";
			projectRoot = "";
			targets = (
				F1BED5D021B40D7400A0D3D4 /* JSONSugarExample */,
				F1BED5EA21B40ED000A0D3D4 /* JSONSugar */,
				9D1A3B60231D0DD1009E2B77 /* JSONSugarMacOS */,
			);
		};
/* End PBXProject section */

/* Begin PBXResourcesBuildPhase section */
		9D1A3B5F231D0DD1009E2B77 /* Resources */ = {
			isa = PBXResourcesBuildPhase;
			buildActionMask = 2147483647;
			files = (
			);
			runOnlyForDeploymentPostprocessing = 0;
		};
		F1BED5CF21B40D7400A0D3D4 /* Resources */ = {
			isa = PBXResourcesBuildPhase;
			buildActionMask = 2147483647;
			files = (
				F1BED5DF21B40D7600A0D3D4 /* LaunchScreen.storyboard in Resources */,
				F1BED5DC21B40D7600A0D3D4 /* Assets.xcassets in Resources */,
			);
			runOnlyForDeploymentPostprocessing = 0;
		};
		F1BED5E921B40ED000A0D3D4 /* Resources */ = {
			isa = PBXResourcesBuildPhase;
			buildActionMask = 2147483647;
			files = (
			);
			runOnlyForDeploymentPostprocessing = 0;
		};
/* End PBXResourcesBuildPhase section */

/* Begin PBXShellScriptBuildPhase section */
		9D4A034E231FB6B2005C9B68 /* ShellScript */ = {
			isa = PBXShellScriptBuildPhase;
			buildActionMask = 2147483647;
			files = (
			);
			inputFileListPaths = (
			);
			inputPaths = (
			);
			outputFileListPaths = (
			);
			outputPaths = (
			);
			runOnlyForDeploymentPostprocessing = 0;
			shellPath = /bin/sh;
			shellScript = "if which swiftlint >/dev/null; then\nswiftlint\nelse\necho \"warning: SwiftLint not installed, download from https://github.com/realm/SwiftLint\"\nfi\n";
		};
		F1CE268222854AAE00441836 /* ShellScript */ = {
			isa = PBXShellScriptBuildPhase;
			buildActionMask = 2147483647;
			files = (
			);
			inputFileListPaths = (
			);
			inputPaths = (
			);
			outputFileListPaths = (
			);
			outputPaths = (
			);
			runOnlyForDeploymentPostprocessing = 0;
			shellPath = /bin/sh;
			shellScript = "if which swiftlint >/dev/null; then\nswiftlint\nelse\necho \"warning: SwiftLint not installed, download from https://github.com/realm/SwiftLint\"\nfi\n";
		};
		F1CE268322854AB700441836 /* ShellScript */ = {
			isa = PBXShellScriptBuildPhase;
			buildActionMask = 2147483647;
			files = (
			);
			inputFileListPaths = (
			);
			inputPaths = (
			);
			outputFileListPaths = (
			);
			outputPaths = (
			);
			runOnlyForDeploymentPostprocessing = 0;
			shellPath = /bin/sh;
			shellScript = "if which swiftlint >/dev/null; then\nswiftlint\nelse\necho \"warning: SwiftLint not installed, download from https://github.com/realm/SwiftLint\"\nfi\n";
		};
/* End PBXShellScriptBuildPhase section */

/* Begin PBXSourcesBuildPhase section */
		9D1A3B5D231D0DD1009E2B77 /* Sources */ = {
			isa = PBXSourcesBuildPhase;
			buildActionMask = 2147483647;
			files = (
				9D1A3B70231D0EB1009E2B77 /* JSONType.swift in Sources */,
				9D1A3B71231D0EB1009E2B77 /* JSONUtils.swift in Sources */,
				9D1A3B6C231D0EB1009E2B77 /* DecodingHelpers.swift in Sources */,
				9D1A3B6E231D0EB1009E2B77 /* JSONAsserter.swift in Sources */,
				9D1A3B6F231D0EB1009E2B77 /* JSONParser.swift in Sources */,
				9D1A3B6D231D0EB1009E2B77 /* JSON+Extension.swift in Sources */,
				9D4A034D231FA7B5005C9B68 /* Extensions.swift in Sources */,
			);
			runOnlyForDeploymentPostprocessing = 0;
		};
		F1BED5CD21B40D7400A0D3D4 /* Sources */ = {
			isa = PBXSourcesBuildPhase;
			buildActionMask = 2147483647;
			files = (
				F1BED5D721B40D7400A0D3D4 /* ViewController.swift in Sources */,
				F1BED5D521B40D7400A0D3D4 /* AppDelegate.swift in Sources */,
			);
			runOnlyForDeploymentPostprocessing = 0;
		};
		F1BED5E721B40ED000A0D3D4 /* Sources */ = {
			isa = PBXSourcesBuildPhase;
			buildActionMask = 2147483647;
			files = (
				9DF43424229D240200996EE7 /* DecodingHelpers.swift in Sources */,
				F1BED5FE21B40F2E00A0D3D4 /* JSONParser.swift in Sources */,
				F1BED60221B40F2E00A0D3D4 /* JSONAsserter.swift in Sources */,
				F1BED60121B40F2E00A0D3D4 /* JSONType.swift in Sources */,
				F1BED60021B40F2E00A0D3D4 /* JSON+Extension.swift in Sources */,
				F1BED5FF21B40F2E00A0D3D4 /* JSONUtils.swift in Sources */,
				9D4A034C231FA72E005C9B68 /* Extensions.swift in Sources */,
			);
			runOnlyForDeploymentPostprocessing = 0;
		};
/* End PBXSourcesBuildPhase section */

/* Begin PBXTargetDependency section */
		F1BED5F121B40ED000A0D3D4 /* PBXTargetDependency */ = {
			isa = PBXTargetDependency;
			target = F1BED5EA21B40ED000A0D3D4 /* JSONSugar */;
			targetProxy = F1BED5F021B40ED000A0D3D4 /* PBXContainerItemProxy */;
		};
/* End PBXTargetDependency section */

/* Begin PBXVariantGroup section */
		F1BED5DD21B40D7600A0D3D4 /* LaunchScreen.storyboard */ = {
			isa = PBXVariantGroup;
			children = (
				F1BED5DE21B40D7600A0D3D4 /* Base */,
			);
			name = LaunchScreen.storyboard;
			sourceTree = "<group>";
		};
/* End PBXVariantGroup section */

/* Begin XCBuildConfiguration section */
		9D1A3B66231D0DD2009E2B77 /* Debug */ = {
			isa = XCBuildConfiguration;
			buildSettings = {
				CODE_SIGN_IDENTITY = "";
				CODE_SIGN_STYLE = Automatic;
				COMBINE_HIDPI_IMAGES = YES;
				CURRENT_PROJECT_VERSION = 1;
				DEFINES_MODULE = YES;
				DEVELOPMENT_TEAM = TXKCF76Y2G;
				DYLIB_COMPATIBILITY_VERSION = 1;
				DYLIB_CURRENT_VERSION = 1;
				DYLIB_INSTALL_NAME_BASE = "@rpath";
				FRAMEWORK_SEARCH_PATHS = (
					"$(inherited)",
					"$(PROJECT_DIR)/Carthage/Build/Mac",
				);
				FRAMEWORK_VERSION = A;
				INFOPLIST_FILE = JSONSugarMacOS/Info.plist;
				INSTALL_PATH = "$(LOCAL_LIBRARY_DIR)/Frameworks";
				LD_RUNPATH_SEARCH_PATHS = (
					"$(inherited)",
					"@executable_path/../Frameworks",
					"@loader_path/Frameworks",
				);
				MACOSX_DEPLOYMENT_TARGET = 10.14;
				PRODUCT_BUNDLE_IDENTIFIER = io.github.futurelab.JSONSugarMacOS;
				PRODUCT_NAME = "$(TARGET_NAME:c99extidentifier)";
				SDKROOT = macosx;
				SKIP_INSTALL = YES;
				SWIFT_VERSION = 5.0;
				VERSIONING_SYSTEM = "apple-generic";
				VERSION_INFO_PREFIX = "";
			};
			name = Debug;
		};
		9D1A3B67231D0DD2009E2B77 /* Release */ = {
			isa = XCBuildConfiguration;
			buildSettings = {
				CODE_SIGN_IDENTITY = "";
				CODE_SIGN_STYLE = Automatic;
				COMBINE_HIDPI_IMAGES = YES;
				CURRENT_PROJECT_VERSION = 1;
				DEFINES_MODULE = YES;
				DEVELOPMENT_TEAM = TXKCF76Y2G;
				DYLIB_COMPATIBILITY_VERSION = 1;
				DYLIB_CURRENT_VERSION = 1;
				DYLIB_INSTALL_NAME_BASE = "@rpath";
				FRAMEWORK_SEARCH_PATHS = (
					"$(inherited)",
					"$(PROJECT_DIR)/Carthage/Build/Mac",
				);
				FRAMEWORK_VERSION = A;
				INFOPLIST_FILE = JSONSugarMacOS/Info.plist;
				INSTALL_PATH = "$(LOCAL_LIBRARY_DIR)/Frameworks";
				LD_RUNPATH_SEARCH_PATHS = (
					"$(inherited)",
					"@executable_path/../Frameworks",
					"@loader_path/Frameworks",
				);
				MACOSX_DEPLOYMENT_TARGET = 10.14;
				PRODUCT_BUNDLE_IDENTIFIER = io.github.futurelab.JSONSugarMacOS;
				PRODUCT_NAME = "$(TARGET_NAME:c99extidentifier)";
				SDKROOT = macosx;
				SKIP_INSTALL = YES;
				SWIFT_VERSION = 5.0;
				VERSIONING_SYSTEM = "apple-generic";
				VERSION_INFO_PREFIX = "";
			};
			name = Release;
		};
		F1BED5E121B40D7600A0D3D4 /* Debug */ = {
			isa = XCBuildConfiguration;
			buildSettings = {
				ALWAYS_SEARCH_USER_PATHS = NO;
				CLANG_ANALYZER_NONNULL = YES;
				CLANG_ANALYZER_NUMBER_OBJECT_CONVERSION = YES_AGGRESSIVE;
				CLANG_CXX_LANGUAGE_STANDARD = "gnu++14";
				CLANG_CXX_LIBRARY = "libc++";
				CLANG_ENABLE_MODULES = YES;
				CLANG_ENABLE_OBJC_ARC = YES;
				CLANG_ENABLE_OBJC_WEAK = YES;
				CLANG_WARN_BLOCK_CAPTURE_AUTORELEASING = YES;
				CLANG_WARN_BOOL_CONVERSION = YES;
				CLANG_WARN_COMMA = YES;
				CLANG_WARN_CONSTANT_CONVERSION = YES;
				CLANG_WARN_DEPRECATED_OBJC_IMPLEMENTATIONS = YES;
				CLANG_WARN_DIRECT_OBJC_ISA_USAGE = YES_ERROR;
				CLANG_WARN_DOCUMENTATION_COMMENTS = YES;
				CLANG_WARN_EMPTY_BODY = YES;
				CLANG_WARN_ENUM_CONVERSION = YES;
				CLANG_WARN_INFINITE_RECURSION = YES;
				CLANG_WARN_INT_CONVERSION = YES;
				CLANG_WARN_NON_LITERAL_NULL_CONVERSION = YES;
				CLANG_WARN_OBJC_IMPLICIT_RETAIN_SELF = YES;
				CLANG_WARN_OBJC_LITERAL_CONVERSION = YES;
				CLANG_WARN_OBJC_ROOT_CLASS = YES_ERROR;
				CLANG_WARN_RANGE_LOOP_ANALYSIS = YES;
				CLANG_WARN_STRICT_PROTOTYPES = YES;
				CLANG_WARN_SUSPICIOUS_MOVE = YES;
				CLANG_WARN_UNGUARDED_AVAILABILITY = YES_AGGRESSIVE;
				CLANG_WARN_UNREACHABLE_CODE = YES;
				CLANG_WARN__DUPLICATE_METHOD_MATCH = YES;
				CODE_SIGN_IDENTITY = "iPhone Developer";
				COPY_PHASE_STRIP = NO;
				DEBUG_INFORMATION_FORMAT = dwarf;
				ENABLE_STRICT_OBJC_MSGSEND = YES;
				ENABLE_TESTABILITY = YES;
				GCC_C_LANGUAGE_STANDARD = gnu11;
				GCC_DYNAMIC_NO_PIC = NO;
				GCC_NO_COMMON_BLOCKS = YES;
				GCC_OPTIMIZATION_LEVEL = 0;
				GCC_PREPROCESSOR_DEFINITIONS = (
					"DEBUG=1",
					"$(inherited)",
				);
				GCC_WARN_64_TO_32_BIT_CONVERSION = YES;
				GCC_WARN_ABOUT_RETURN_TYPE = YES_ERROR;
				GCC_WARN_UNDECLARED_SELECTOR = YES;
				GCC_WARN_UNINITIALIZED_AUTOS = YES_AGGRESSIVE;
				GCC_WARN_UNUSED_FUNCTION = YES;
				GCC_WARN_UNUSED_VARIABLE = YES;
				IPHONEOS_DEPLOYMENT_TARGET = 12.2;
				MTL_ENABLE_DEBUG_INFO = INCLUDE_SOURCE;
				MTL_FAST_MATH = YES;
				ONLY_ACTIVE_ARCH = YES;
				SDKROOT = iphoneos;
				SWIFT_ACTIVE_COMPILATION_CONDITIONS = DEBUG;
				SWIFT_OPTIMIZATION_LEVEL = "-Onone";
			};
			name = Debug;
		};
		F1BED5E221B40D7600A0D3D4 /* Release */ = {
			isa = XCBuildConfiguration;
			buildSettings = {
				ALWAYS_SEARCH_USER_PATHS = NO;
				CLANG_ANALYZER_NONNULL = YES;
				CLANG_ANALYZER_NUMBER_OBJECT_CONVERSION = YES_AGGRESSIVE;
				CLANG_CXX_LANGUAGE_STANDARD = "gnu++14";
				CLANG_CXX_LIBRARY = "libc++";
				CLANG_ENABLE_MODULES = YES;
				CLANG_ENABLE_OBJC_ARC = YES;
				CLANG_ENABLE_OBJC_WEAK = YES;
				CLANG_WARN_BLOCK_CAPTURE_AUTORELEASING = YES;
				CLANG_WARN_BOOL_CONVERSION = YES;
				CLANG_WARN_COMMA = YES;
				CLANG_WARN_CONSTANT_CONVERSION = YES;
				CLANG_WARN_DEPRECATED_OBJC_IMPLEMENTATIONS = YES;
				CLANG_WARN_DIRECT_OBJC_ISA_USAGE = YES_ERROR;
				CLANG_WARN_DOCUMENTATION_COMMENTS = YES;
				CLANG_WARN_EMPTY_BODY = YES;
				CLANG_WARN_ENUM_CONVERSION = YES;
				CLANG_WARN_INFINITE_RECURSION = YES;
				CLANG_WARN_INT_CONVERSION = YES;
				CLANG_WARN_NON_LITERAL_NULL_CONVERSION = YES;
				CLANG_WARN_OBJC_IMPLICIT_RETAIN_SELF = YES;
				CLANG_WARN_OBJC_LITERAL_CONVERSION = YES;
				CLANG_WARN_OBJC_ROOT_CLASS = YES_ERROR;
				CLANG_WARN_RANGE_LOOP_ANALYSIS = YES;
				CLANG_WARN_STRICT_PROTOTYPES = YES;
				CLANG_WARN_SUSPICIOUS_MOVE = YES;
				CLANG_WARN_UNGUARDED_AVAILABILITY = YES_AGGRESSIVE;
				CLANG_WARN_UNREACHABLE_CODE = YES;
				CLANG_WARN__DUPLICATE_METHOD_MATCH = YES;
				CODE_SIGN_IDENTITY = "iPhone Developer";
				COPY_PHASE_STRIP = NO;
				DEBUG_INFORMATION_FORMAT = "dwarf-with-dsym";
				ENABLE_NS_ASSERTIONS = NO;
				ENABLE_STRICT_OBJC_MSGSEND = YES;
				GCC_C_LANGUAGE_STANDARD = gnu11;
				GCC_NO_COMMON_BLOCKS = YES;
				GCC_WARN_64_TO_32_BIT_CONVERSION = YES;
				GCC_WARN_ABOUT_RETURN_TYPE = YES_ERROR;
				GCC_WARN_UNDECLARED_SELECTOR = YES;
				GCC_WARN_UNINITIALIZED_AUTOS = YES_AGGRESSIVE;
				GCC_WARN_UNUSED_FUNCTION = YES;
				GCC_WARN_UNUSED_VARIABLE = YES;
				IPHONEOS_DEPLOYMENT_TARGET = 12.2;
				MTL_ENABLE_DEBUG_INFO = NO;
				MTL_FAST_MATH = YES;
				SDKROOT = iphoneos;
				SWIFT_COMPILATION_MODE = wholemodule;
				SWIFT_OPTIMIZATION_LEVEL = "-O";
				VALIDATE_PRODUCT = YES;
			};
			name = Release;
		};
		F1BED5E421B40D7600A0D3D4 /* Debug */ = {
			isa = XCBuildConfiguration;
			buildSettings = {
				ALWAYS_EMBED_SWIFT_STANDARD_LIBRARIES = YES;
				ASSETCATALOG_COMPILER_APPICON_NAME = AppIcon;
				CODE_SIGN_STYLE = Automatic;
				FRAMEWORK_SEARCH_PATHS = (
					"$(inherited)",
					"$(PROJECT_DIR)/Carthage/Build/iOS",
				);
				INFOPLIST_FILE = JSONSugarExample/Info.plist;
				LD_RUNPATH_SEARCH_PATHS = (
					"$(inherited)",
					"@executable_path/Frameworks",
				);
				PRODUCT_BUNDLE_IDENTIFIER = io.github.futurelab.JSONSugarExample;
				PRODUCT_NAME = "$(TARGET_NAME)";
				SWIFT_VERSION = 5.0;
				TARGETED_DEVICE_FAMILY = "1,2";
			};
			name = Debug;
		};
		F1BED5E521B40D7600A0D3D4 /* Release */ = {
			isa = XCBuildConfiguration;
			buildSettings = {
				ALWAYS_EMBED_SWIFT_STANDARD_LIBRARIES = YES;
				ASSETCATALOG_COMPILER_APPICON_NAME = AppIcon;
				CODE_SIGN_STYLE = Automatic;
				FRAMEWORK_SEARCH_PATHS = (
					"$(inherited)",
					"$(PROJECT_DIR)/Carthage/Build/iOS",
				);
				INFOPLIST_FILE = JSONSugarExample/Info.plist;
				LD_RUNPATH_SEARCH_PATHS = (
					"$(inherited)",
					"@executable_path/Frameworks",
				);
				PRODUCT_BUNDLE_IDENTIFIER = io.github.futurelab.JSONSugarExample;
				PRODUCT_NAME = "$(TARGET_NAME)";
				SWIFT_VERSION = 5.0;
				TARGETED_DEVICE_FAMILY = "1,2";
			};
			name = Release;
		};
		F1BED5F521B40ED000A0D3D4 /* Debug */ = {
			isa = XCBuildConfiguration;
			buildSettings = {
				CLANG_ENABLE_MODULES = YES;
				CODE_SIGN_IDENTITY = "";
				CODE_SIGN_STYLE = Automatic;
				CURRENT_PROJECT_VERSION = 1;
				DEFINES_MODULE = YES;
				DYLIB_COMPATIBILITY_VERSION = 1;
				DYLIB_CURRENT_VERSION = 1;
				DYLIB_INSTALL_NAME_BASE = "@rpath";
				FRAMEWORK_SEARCH_PATHS = (
					"$(inherited)",
					"$(PROJECT_DIR)/Carthage/Build/iOS",
				);
				INFOPLIST_FILE = JSONSugar/Info.plist;
				INSTALL_PATH = "$(LOCAL_LIBRARY_DIR)/Frameworks";
				LD_RUNPATH_SEARCH_PATHS = (
					"$(inherited)",
					"@executable_path/Frameworks",
					"@loader_path/Frameworks",
				);
				PRODUCT_BUNDLE_IDENTIFIER = io.github.futurelab.JSONSugar;
				PRODUCT_NAME = "$(TARGET_NAME:c99extidentifier)";
				SKIP_INSTALL = YES;
				SWIFT_OPTIMIZATION_LEVEL = "-Onone";
				SWIFT_VERSION = 5.0;
				TARGETED_DEVICE_FAMILY = "1,2";
				VERSIONING_SYSTEM = "apple-generic";
				VERSION_INFO_PREFIX = "";
			};
			name = Debug;
		};
		F1BED5F621B40ED000A0D3D4 /* Release */ = {
			isa = XCBuildConfiguration;
			buildSettings = {
				CLANG_ENABLE_MODULES = YES;
				CODE_SIGN_IDENTITY = "";
				CODE_SIGN_STYLE = Automatic;
				CURRENT_PROJECT_VERSION = 1;
				DEFINES_MODULE = YES;
				DYLIB_COMPATIBILITY_VERSION = 1;
				DYLIB_CURRENT_VERSION = 1;
				DYLIB_INSTALL_NAME_BASE = "@rpath";
				FRAMEWORK_SEARCH_PATHS = (
					"$(inherited)",
					"$(PROJECT_DIR)/Carthage/Build/iOS",
				);
				INFOPLIST_FILE = JSONSugar/Info.plist;
				INSTALL_PATH = "$(LOCAL_LIBRARY_DIR)/Frameworks";
				LD_RUNPATH_SEARCH_PATHS = (
					"$(inherited)",
					"@executable_path/Frameworks",
					"@loader_path/Frameworks",
				);
				PRODUCT_BUNDLE_IDENTIFIER = io.github.futurelab.JSONSugar;
				PRODUCT_NAME = "$(TARGET_NAME:c99extidentifier)";
				SKIP_INSTALL = YES;
				SWIFT_VERSION = 5.0;
				TARGETED_DEVICE_FAMILY = "1,2";
				VERSIONING_SYSTEM = "apple-generic";
				VERSION_INFO_PREFIX = "";
			};
			name = Release;
		};
/* End XCBuildConfiguration section */

/* Begin XCConfigurationList section */
		9D1A3B68231D0DD2009E2B77 /* Build configuration list for PBXNativeTarget "JSONSugarMacOS" */ = {
			isa = XCConfigurationList;
			buildConfigurations = (
				9D1A3B66231D0DD2009E2B77 /* Debug */,
				9D1A3B67231D0DD2009E2B77 /* Release */,
			);
			defaultConfigurationIsVisible = 0;
			defaultConfigurationName = Release;
		};
		F1BED5CC21B40D7400A0D3D4 /* Build configuration list for PBXProject "JSONSugarExample" */ = {
			isa = XCConfigurationList;
			buildConfigurations = (
				F1BED5E121B40D7600A0D3D4 /* Debug */,
				F1BED5E221B40D7600A0D3D4 /* Release */,
			);
			defaultConfigurationIsVisible = 0;
			defaultConfigurationName = Release;
		};
		F1BED5E321B40D7600A0D3D4 /* Build configuration list for PBXNativeTarget "JSONSugarExample" */ = {
			isa = XCConfigurationList;
			buildConfigurations = (
				F1BED5E421B40D7600A0D3D4 /* Debug */,
				F1BED5E521B40D7600A0D3D4 /* Release */,
			);
			defaultConfigurationIsVisible = 0;
			defaultConfigurationName = Release;
		};
		F1BED5F421B40ED000A0D3D4 /* Build configuration list for PBXNativeTarget "JSONSugar" */ = {
			isa = XCConfigurationList;
			buildConfigurations = (
				F1BED5F521B40ED000A0D3D4 /* Debug */,
				F1BED5F621B40ED000A0D3D4 /* Release */,
			);
			defaultConfigurationIsVisible = 0;
			defaultConfigurationName = Release;
		};
/* End XCConfigurationList section */
	};
	rootObject = F1BED5C921B40D7400A0D3D4 /* Project object */;
}
