{
  "object": {
    "pins": [
      {
        "package": "CommonCell",
        "repositoryURL": "https://github.com/eonist/CommonCell.git",
        "state": {
          "branch": "master",
          "revision": "438804db831364ccfd14130c1a83c6b771e6154f",
          "version": null
        }
      },
      {
        "package": "FileSugar",
        "repositoryURL": "https://github.com/eonist/FileSugar.git",
        "state": {
          "branch": "master",
          "revision": "60e86f2514d5d26c51e782075e8ae3815df13dc5",
          "version": null
        }
      },
      {
        "package": "ImageSugar",
        "repositoryURL": "https://github.com/eonist/ImageSugar.git",
        "state": {
          "branch": "master",
          "revision": "5d5d601d2c9791ce711ae250cefe14be6383bd32",
          "version": null
        }
      },
      {
        "package": "JSONSugar",
        "repositoryURL": "https://github.com/eonist/JSONSugar.git",
        "state": {
          "branch": "master",
          "revision": "94cf3ea0063afd987e180c3b2781ee69ac98efb7",
          "version": null
        }
      },
      {
        "package": "NetworkSugar",
        "repositoryURL": "https://github.com/eonist/NetworkSugar.git",
        "state": {
          "branch": "master",
          "revision": "97a90a3d09e449046b0fb457010cba6c689ef05b",
          "version": null
        }
      },
      {
        "package": "ReusableCell",
        "repositoryURL": "https://github.com/eonist/ReusableCell.git",
        "state": {
          "branch": "master",
          "revision": "1892afdc517e4c8fc74e1f97c92b29030f8292bb",
          "version": null
        }
      },
      {
        "package": "Spatial",
        "repositoryURL": "https://github.com/eonist/Spatial.git",
        "state": {
          "branch": "master",
          "revision": "810bb78b8d6e7f95c8b661eca40873f81e6eeb32",
          "version": null
        }
      },
      {
        "package": "With",
        "repositoryURL": "https://github.com/eonist/With.git",
        "state": {
          "branch": "master",
          "revision": "140cd19586482e8f14a5ce971c675c69f1e4f916",
          "version": null
        }
      }
    ]
  },
  "version": 1
}
