// !$*UTF8*$!
{
	archiveVersion = 1;
	classes = {
	};
	objectVersion = 48;
	objects = {

/* Begin PBXBuildFile section */
		519E3D651FECAFBA009DD741 /* UITestSugar.h in Headers */ = {isa = PBXBuildFile; fileRef = 519E3D571FECAFBA009DD741 /* UITestSugar.h */; settings = {ATTRIBUTES = (Public, ); }; };
		9D00730622B92FE80096D893 /* Sleep.swift in Sources */ = {isa = PBXBuildFile; fileRef = 9D0072FA22B92F280096D893 /* Sleep.swift */; };
		9D00744922BA718F0096D893 /* ElementModifier.swift in Sources */ = {isa = PBXBuildFile; fileRef = 9D00744322BA718F0096D893 /* ElementModifier.swift */; };
		9D00744D22BA718F0096D893 /* TabBarHelper.swift in Sources */ = {isa = PBXBuildFile; fileRef = 9D00744522BA718F0096D893 /* TabBarHelper.swift */; };
		9D00744F22BA718F0096D893 /* QueryHelper.swift in Sources */ = {isa = PBXBuildFile; fileRef = 9D00744622BA718F0096D893 /* QueryHelper.swift */; };
		F11CF28022BF5D920022C28D /* ElementParser.swift in Sources */ = {isa = PBXBuildFile; fileRef = F11CF27F22BF5D920022C28D /* ElementParser.swift */; };
		F11CF28222BF5DFB0022C28D /* QueryParser.swift in Sources */ = {isa = PBXBuildFile; fileRef = F11CF28122BF5DFB0022C28D /* QueryParser.swift */; };
		F11CF28422BF5EE80022C28D /* ElementAsserter.swift in Sources */ = {isa = PBXBuildFile; fileRef = F11CF28322BF5EE80022C28D /* ElementAsserter.swift */; };
		F11CF2CB22C01EC90022C28D /* QueryAsserter.swift in Sources */ = {isa = PBXBuildFile; fileRef = F11CF2CA22C01EC90022C28D /* QueryAsserter.swift */; };
/* End PBXBuildFile section */

/* Begin PBXFileReference section */
		519E3D541FECAFBA009DD741 /* UITestSugar.framework */ = {isa = PBXFileReference; explicitFileType = wrapper.framework; includeInIndex = 0; path = UITestSugar.framework; sourceTree = BUILT_PRODUCTS_DIR; };
		519E3D571FECAFBA009DD741 /* UITestSugar.h */ = {isa = PBXFileReference; lastKnownFileType = sourcecode.c.h; path = UITestSugar.h; sourceTree = "<group>"; };
		519E3D581FECAFBA009DD741 /* Info.plist */ = {isa = PBXFileReference; lastKnownFileType = text.plist.xml; path = Info.plist; sourceTree = "<group>"; };
		9D0072FA22B92F280096D893 /* Sleep.swift */ = {isa = PBXFileReference; fileEncoding = 4; lastKnownFileType = sourcecode.swift; path = Sleep.swift; sourceTree = "<group>"; };
		9D00744322BA718F0096D893 /* ElementModifier.swift */ = {isa = PBXFileReference; fileEncoding = 4; lastKnownFileType = sourcecode.swift; path = ElementModifier.swift; sourceTree = "<group>"; };
		9D00744522BA718F0096D893 /* TabBarHelper.swift */ = {isa = PBXFileReference; fileEncoding = 4; lastKnownFileType = sourcecode.swift; path = TabBarHelper.swift; sourceTree = "<group>"; };
		9D00744622BA718F0096D893 /* QueryHelper.swift */ = {isa = PBXFileReference; fileEncoding = 4; lastKnownFileType = sourcecode.swift; path = QueryHelper.swift; sourceTree = "<group>"; };
		F11CF27F22BF5D920022C28D /* ElementParser.swift */ = {isa = PBXFileReference; lastKnownFileType = sourcecode.swift; path = ElementParser.swift; sourceTree = "<group>"; };
		F11CF28122BF5DFB0022C28D /* QueryParser.swift */ = {isa = PBXFileReference; lastKnownFileType = sourcecode.swift; path = QueryParser.swift; sourceTree = "<group>"; };
		F11CF28322BF5EE80022C28D /* ElementAsserter.swift */ = {isa = PBXFileReference; lastKnownFileType = sourcecode.swift; path = ElementAsserter.swift; sourceTree = "<group>"; };
		F11CF2CA22C01EC90022C28D /* QueryAsserter.swift */ = {isa = PBXFileReference; lastKnownFileType = sourcecode.swift; path = QueryAsserter.swift; sourceTree = "<group>"; };
/* End PBXFileReference section */

/* Begin PBXFrameworksBuildPhase section */
		519E3D501FECAFBA009DD741 /* Frameworks */ = {
			isa = PBXFrameworksBuildPhase;
			buildActionMask = 2147483647;
			files = (
			);
			runOnlyForDeploymentPostprocessing = 0;
		};
/* End PBXFrameworksBuildPhase section */

/* Begin PBXGroup section */
		519E3D4A1FECAFBA009DD741 = {
			isa = PBXGroup;
			children = (
				9D0072F322B92F280096D893 /* src */,
				519E3D561FECAFBA009DD741 /* UITestSugar */,
				519E3D551FECAFBA009DD741 /* Products */,
			);
			sourceTree = "<group>";
		};
		519E3D551FECAFBA009DD741 /* Products */ = {
			isa = PBXGroup;
			children = (
				519E3D541FECAFBA009DD741 /* UITestSugar.framework */,
			);
			name = Products;
			sourceTree = "<group>";
		};
		519E3D561FECAFBA009DD741 /* UITestSugar */ = {
			isa = PBXGroup;
			children = (
				519E3D571FECAFBA009DD741 /* UITestSugar.h */,
				519E3D581FECAFBA009DD741 /* Info.plist */,
			);
			path = UITestSugar;
			sourceTree = "<group>";
		};
		9D0072F322B92F280096D893 /* src */ = {
			isa = PBXGroup;
			children = (
				9D00746322BB73C80096D893 /* ui */,
				9D00746222BB73930096D893 /* query */,
				9D00746122BB73800096D893 /* util */,
			);
			path = src;
			sourceTree = "<group>";
		};
		9D00744122BA718F0096D893 /* element */ = {
			isa = PBXGroup;
			children = (
				F11CF27F22BF5D920022C28D /* ElementParser.swift */,
				9D00744322BA718F0096D893 /* ElementModifier.swift */,
				F11CF28322BF5EE80022C28D /* ElementAsserter.swift */,
			);
			path = element;
			sourceTree = "<group>";
		};
		9D00746022BB734C0096D893 /* tabbar */ = {
			isa = PBXGroup;
			children = (
				9D00744522BA718F0096D893 /* TabBarHelper.swift */,
			);
			path = tabbar;
			sourceTree = "<group>";
		};
		9D00746122BB73800096D893 /* util */ = {
			isa = PBXGroup;
			children = (
				9D0072FA22B92F280096D893 /* Sleep.swift */,
			);
			path = util;
			sourceTree = "<group>";
		};
		9D00746222BB73930096D893 /* query */ = {
			isa = PBXGroup;
			children = (
				9D00744622BA718F0096D893 /* QueryHelper.swift */,
				F11CF28122BF5DFB0022C28D /* QueryParser.swift */,
				F11CF2CA22C01EC90022C28D /* QueryAsserter.swift */,
			);
			path = query;
			sourceTree = "<group>";
		};
		9D00746322BB73C80096D893 /* ui */ = {
			isa = PBXGroup;
			children = (
				9D00744122BA718F0096D893 /* element */,
				9D00746022BB734C0096D893 /* tabbar */,
			);
			path = ui;
			sourceTree = "<group>";
		};
/* End PBXGroup section */

/* Begin PBXHeadersBuildPhase section */
		519E3D511FECAFBA009DD741 /* Headers */ = {
			isa = PBXHeadersBuildPhase;
			buildActionMask = 2147483647;
			files = (
				519E3D651FECAFBA009DD741 /* UITestSugar.h in Headers */,
			);
			runOnlyForDeploymentPostprocessing = 0;
		};
/* End PBXHeadersBuildPhase section */

/* Begin PBXNativeTarget section */
		519E3D531FECAFBA009DD741 /* UITestSugar */ = {
			isa = PBXNativeTarget;
			buildConfigurationList = 519E3D681FECAFBA009DD741 /* Build configuration list for PBXNativeTarget "UITestSugar" */;
			buildPhases = (
				519E3D4F1FECAFBA009DD741 /* Sources */,
				519E3D501FECAFBA009DD741 /* Frameworks */,
				519E3D511FECAFBA009DD741 /* Headers */,
				F128064E22BE0A5800E7BC7A /* ShellScript */,
			);
			buildRules = (
			);
			dependencies = (
			);
			name = UITestSugar;
			productName = XCTestExtensions;
			productReference = 519E3D541FECAFBA009DD741 /* UITestSugar.framework */;
			productType = "com.apple.product-type.framework";
		};
/* End PBXNativeTarget section */

/* Begin PBXProject section */
		519E3D4B1FECAFBA009DD741 /* Project object */ = {
			isa = PBXProject;
			attributes = {
				LastSwiftUpdateCheck = 0920;
				LastUpgradeCheck = 1010;
				ORGANIZATIONNAME = shindyu;
				TargetAttributes = {
					519E3D531FECAFBA009DD741 = {
						CreatedOnToolsVersion = 9.2;
						LastSwiftMigration = 1020;
						ProvisioningStyle = Automatic;
					};
				};
			};
			buildConfigurationList = 519E3D4E1FECAFBA009DD741 /* Build configuration list for PBXProject "UITestSugar" */;
			compatibilityVersion = "Xcode 8.0";
			developmentRegion = en;
			hasScannedForEncodings = 0;
			knownRegions = (
				en,
				Base,
			);
			mainGroup = 519E3D4A1FECAFBA009DD741;
			productRefGroup = 519E3D551FECAFBA009DD741 /* Products */;
			projectDirPath = "";
			projectRoot = "";
			targets = (
				519E3D531FECAFBA009DD741 /* UITestSugar */,
			);
		};
/* End PBXProject section */

/* Begin PBXShellScriptBuildPhase section */
		F128064E22BE0A5800E7BC7A /* ShellScript */ = {
			isa = PBXShellScriptBuildPhase;
			buildActionMask = 2147483647;
			files = (
			);
			inputFileListPaths = (
			);
			inputPaths = (
			);
			outputFileListPaths = (
			);
			outputPaths = (
			);
			runOnlyForDeploymentPostprocessing = 0;
			shellPath = /bin/sh;
			shellScript = "if which swiftlint >/dev/null; then\nswiftlint\nelse\necho \"warning: SwiftLint not installed, download from https://github.com/realm/SwiftLint\"\nfi\n";
		};
/* End PBXShellScriptBuildPhase section */

/* Begin PBXSourcesBuildPhase section */
		519E3D4F1FECAFBA009DD741 /* Sources */ = {
			isa = PBXSourcesBuildPhase;
			buildActionMask = 2147483647;
			files = (
				F11CF28222BF5DFB0022C28D /* QueryParser.swift in Sources */,
				9D00744922BA718F0096D893 /* ElementModifier.swift in Sources */,
				9D00744F22BA718F0096D893 /* QueryHelper.swift in Sources */,
				F11CF28022BF5D920022C28D /* ElementParser.swift in Sources */,
				9D00744D22BA718F0096D893 /* TabBarHelper.swift in Sources */,
				F11CF2CB22C01EC90022C28D /* QueryAsserter.swift in Sources */,
				F11CF28422BF5EE80022C28D /* ElementAsserter.swift in Sources */,
				9D00730622B92FE80096D893 /* Sleep.swift in Sources */,
			);
			runOnlyForDeploymentPostprocessing = 0;
		};
/* End PBXSourcesBuildPhase section */

/* Begin XCBuildConfiguration section */
		519E3D661FECAFBA009DD741 /* Debug */ = {
			isa = XCBuildConfiguration;
			buildSettings = {
				ALWAYS_SEARCH_USER_PATHS = NO;
				CLANG_ANALYZER_NONNULL = YES;
				CLANG_ANALYZER_NUMBER_OBJECT_CONVERSION = YES_AGGRESSIVE;
				CLANG_CXX_LANGUAGE_STANDARD = "gnu++14";
				CLANG_CXX_LIBRARY = "libc++";
				CLANG_ENABLE_MODULES = YES;
				CLANG_ENABLE_OBJC_ARC = YES;
				CLANG_WARN_BLOCK_CAPTURE_AUTORELEASING = YES;
				CLANG_WARN_BOOL_CONVERSION = YES;
				CLANG_WARN_COMMA = YES;
				CLANG_WARN_CONSTANT_CONVERSION = YES;
				CLANG_WARN_DEPRECATED_OBJC_IMPLEMENTATIONS = YES;
				CLANG_WARN_DIRECT_OBJC_ISA_USAGE = YES_ERROR;
				CLANG_WARN_DOCUMENTATION_COMMENTS = YES;
				CLANG_WARN_EMPTY_BODY = YES;
				CLANG_WARN_ENUM_CONVERSION = YES;
				CLANG_WARN_INFINITE_RECURSION = YES;
				CLANG_WARN_INT_CONVERSION = YES;
				CLANG_WARN_NON_LITERAL_NULL_CONVERSION = YES;
				CLANG_WARN_OBJC_IMPLICIT_RETAIN_SELF = YES;
				CLANG_WARN_OBJC_LITERAL_CONVERSION = YES;
				CLANG_WARN_OBJC_ROOT_CLASS = YES_ERROR;
				CLANG_WARN_RANGE_LOOP_ANALYSIS = YES;
				CLANG_WARN_STRICT_PROTOTYPES = YES;
				CLANG_WARN_SUSPICIOUS_MOVE = YES;
				CLANG_WARN_UNGUARDED_AVAILABILITY = YES_AGGRESSIVE;
				CLANG_WARN_UNREACHABLE_CODE = YES;
				CLANG_WARN__DUPLICATE_METHOD_MATCH = YES;
				CODE_SIGN_IDENTITY = "iPhone Developer";
				COPY_PHASE_STRIP = NO;
				CURRENT_PROJECT_VERSION = 1;
				DEBUG_INFORMATION_FORMAT = dwarf;
				ENABLE_STRICT_OBJC_MSGSEND = YES;
				ENABLE_TESTABILITY = YES;
				GCC_C_LANGUAGE_STANDARD = gnu11;
				GCC_DYNAMIC_NO_PIC = NO;
				GCC_NO_COMMON_BLOCKS = YES;
				GCC_OPTIMIZATION_LEVEL = 0;
				GCC_PREPROCESSOR_DEFINITIONS = (
					"DEBUG=1",
					"$(inherited)",
				);
				GCC_WARN_64_TO_32_BIT_CONVERSION = YES;
				GCC_WARN_ABOUT_RETURN_TYPE = YES_ERROR;
				GCC_WARN_UNDECLARED_SELECTOR = YES;
				GCC_WARN_UNINITIALIZED_AUTOS = YES_AGGRESSIVE;
				GCC_WARN_UNUSED_FUNCTION = YES;
				GCC_WARN_UNUSED_VARIABLE = YES;
				IPHONEOS_DEPLOYMENT_TARGET = 12.2;
				MTL_ENABLE_DEBUG_INFO = YES;
				ONLY_ACTIVE_ARCH = YES;
				SDKROOT = iphoneos;
				SWIFT_ACTIVE_COMPILATION_CONDITIONS = DEBUG;
				SWIFT_OPTIMIZATION_LEVEL = "-Onone";
				VERSIONING_SYSTEM = "apple-generic";
				VERSION_INFO_PREFIX = "";
			};
			name = Debug;
		};
		519E3D671FECAFBA009DD741 /* Release */ = {
			isa = XCBuildConfiguration;
			buildSettings = {
				ALWAYS_SEARCH_USER_PATHS = NO;
				CLANG_ANALYZER_NONNULL = YES;
				CLANG_ANALYZER_NUMBER_OBJECT_CONVERSION = YES_AGGRESSIVE;
				CLANG_CXX_LANGUAGE_STANDARD = "gnu++14";
				CLANG_CXX_LIBRARY = "libc++";
				CLANG_ENABLE_MODULES = YES;
				CLANG_ENABLE_OBJC_ARC = YES;
				CLANG_WARN_BLOCK_CAPTURE_AUTORELEASING = YES;
				CLANG_WARN_BOOL_CONVERSION = YES;
				CLANG_WARN_COMMA = YES;
				CLANG_WARN_CONSTANT_CONVERSION = YES;
				CLANG_WARN_DEPRECATED_OBJC_IMPLEMENTATIONS = YES;
				CLANG_WARN_DIRECT_OBJC_ISA_USAGE = YES_ERROR;
				CLANG_WARN_DOCUMENTATION_COMMENTS = YES;
				CLANG_WARN_EMPTY_BODY = YES;
				CLANG_WARN_ENUM_CONVERSION = YES;
				CLANG_WARN_INFINITE_RECURSION = YES;
				CLANG_WARN_INT_CONVERSION = YES;
				CLANG_WARN_NON_LITERAL_NULL_CONVERSION = YES;
				CLANG_WARN_OBJC_IMPLICIT_RETAIN_SELF = YES;
				CLANG_WARN_OBJC_LITERAL_CONVERSION = YES;
				CLANG_WARN_OBJC_ROOT_CLASS = YES_ERROR;
				CLANG_WARN_RANGE_LOOP_ANALYSIS = YES;
				CLANG_WARN_STRICT_PROTOTYPES = YES;
				CLANG_WARN_SUSPICIOUS_MOVE = YES;
				CLANG_WARN_UNGUARDED_AVAILABILITY = YES_AGGRESSIVE;
				CLANG_WARN_UNREACHABLE_CODE = YES;
				CLANG_WARN__DUPLICATE_METHOD_MATCH = YES;
				CODE_SIGN_IDENTITY = "iPhone Developer";
				COPY_PHASE_STRIP = NO;
				CURRENT_PROJECT_VERSION = 1;
				DEBUG_INFORMATION_FORMAT = "dwarf-with-dsym";
				ENABLE_NS_ASSERTIONS = NO;
				ENABLE_STRICT_OBJC_MSGSEND = YES;
				GCC_C_LANGUAGE_STANDARD = gnu11;
				GCC_NO_COMMON_BLOCKS = YES;
				GCC_WARN_64_TO_32_BIT_CONVERSION = YES;
				GCC_WARN_ABOUT_RETURN_TYPE = YES_ERROR;
				GCC_WARN_UNDECLARED_SELECTOR = YES;
				GCC_WARN_UNINITIALIZED_AUTOS = YES_AGGRESSIVE;
				GCC_WARN_UNUSED_FUNCTION = YES;
				GCC_WARN_UNUSED_VARIABLE = YES;
				IPHONEOS_DEPLOYMENT_TARGET = 12.2;
				MTL_ENABLE_DEBUG_INFO = NO;
				SDKROOT = iphoneos;
				SWIFT_OPTIMIZATION_LEVEL = "-Owholemodule";
				VALIDATE_PRODUCT = YES;
				VERSIONING_SYSTEM = "apple-generic";
				VERSION_INFO_PREFIX = "";
			};
			name = Release;
		};
		519E3D691FECAFBA009DD741 /* Debug */ = {
			isa = XCBuildConfiguration;
			buildSettings = {
				CLANG_ENABLE_MODULES = YES;
				CODE_SIGN_IDENTITY = "";
				CODE_SIGN_STYLE = Automatic;
				DEFINES_MODULE = YES;
				DEVELOPMENT_TEAM = 653H53HHBU;
				DYLIB_COMPATIBILITY_VERSION = 1;
				DYLIB_CURRENT_VERSION = 1;
				DYLIB_INSTALL_NAME_BASE = "@rpath";
				ENABLE_BITCODE = NO;
				FRAMEWORK_SEARCH_PATHS = "$(PLATFORM_DIR)/Developer/Library/Frameworks";
				INFOPLIST_FILE = UITestSugar/Info.plist;
				INSTALL_PATH = "$(LOCAL_LIBRARY_DIR)/Frameworks";
				IPHONEOS_DEPLOYMENT_TARGET = 12.2;
				LD_RUNPATH_SEARCH_PATHS = "$(inherited) @executable_path/Frameworks @loader_path/Frameworks";
				ONLY_ACTIVE_ARCH = NO;
				OTHER_CFLAGS = "";
				PRODUCT_BUNDLE_IDENTIFIER = codes.eon;
				PRODUCT_NAME = "$(TARGET_NAME:c99extidentifier)";
				SKIP_INSTALL = YES;
				SWIFT_OPTIMIZATION_LEVEL = "-Onone";
				SWIFT_VERSION = 5.0;
				TARGETED_DEVICE_FAMILY = "1,2";
			};
			name = Debug;
		};
		519E3D6A1FECAFBA009DD741 /* Release */ = {
			isa = XCBuildConfiguration;
			buildSettings = {
				CLANG_ENABLE_MODULES = YES;
				CODE_SIGN_IDENTITY = "";
				CODE_SIGN_STYLE = Automatic;
				DEFINES_MODULE = YES;
				DEVELOPMENT_TEAM = 653H53HHBU;
				DYLIB_COMPATIBILITY_VERSION = 1;
				DYLIB_CURRENT_VERSION = 1;
				DYLIB_INSTALL_NAME_BASE = "@rpath";
				ENABLE_BITCODE = NO;
				ENABLE_TESTABILITY = NO;
				FRAMEWORK_SEARCH_PATHS = "$(PLATFORM_DIR)/Developer/Library/Frameworks";
				INFOPLIST_FILE = UITestSugar/Info.plist;
				INSTALL_PATH = "$(LOCAL_LIBRARY_DIR)/Frameworks";
				IPHONEOS_DEPLOYMENT_TARGET = 12.2;
				LD_RUNPATH_SEARCH_PATHS = "$(inherited) @executable_path/Frameworks @loader_path/Frameworks";
				ONLY_ACTIVE_ARCH = NO;
				OTHER_CFLAGS = "";
				PRODUCT_BUNDLE_IDENTIFIER = codes.eon;
				PRODUCT_NAME = "$(TARGET_NAME:c99extidentifier)";
				SKIP_INSTALL = YES;
				SWIFT_VERSION = 5.0;
				TARGETED_DEVICE_FAMILY = "1,2";
			};
			name = Release;
		};
/* End XCBuildConfiguration section */

/* Begin XCConfigurationList section */
		519E3D4E1FECAFBA009DD741 /* Build configuration list for PBXProject "UITestSugar" */ = {
			isa = XCConfigurationList;
			buildConfigurations = (
				519E3D661FECAFBA009DD741 /* Debug */,
				519E3D671FECAFBA009DD741 /* Release */,
			);
			defaultConfigurationIsVisible = 0;
			defaultConfigurationName = Release;
		};
		519E3D681FECAFBA009DD741 /* Build configuration list for PBXNativeTarget "UITestSugar" */ = {
			isa = XCConfigurationList;
			buildConfigurations = (
				519E3D691FECAFBA009DD741 /* Debug */,
				519E3D6A1FECAFBA009DD741 /* Release */,
			);
			defaultConfigurationIsVisible = 0;
			defaultConfigurationName = Release;
		};
/* End XCConfigurationList section */
	};
	rootObject = 519E3D4B1FECAFBA009DD741 /* Project object */;
}
