// !$*UTF8*$!
{
	archiveVersion = 1;
	classes = {
	};
	objectVersion = 50;
	objects = {

/* Begin PBXBuildFile section */
		9D87BF6422B8D492009E99B3 /* IteratorIOS.h in Headers */ = {isa = PBXBuildFile; fileRef = 9D87BF6222B8D492009E99B3 /* IteratorIOS.h */; settings = {ATTRIBUTES = (Public, ); }; };
		9D87BF6722B8D492009E99B3 /* IteratorIOS.framework in Frameworks */ = {isa = PBXBuildFile; fileRef = 9D87BF6022B8D492009E99B3 /* IteratorIOS.framework */; };
		9D87BF6822B8D492009E99B3 /* IteratorIOS.framework in Embed Frameworks */ = {isa = PBXBuildFile; fileRef = 9D87BF6022B8D492009E99B3 /* IteratorIOS.framework */; settings = {ATTRIBUTES = (CodeSignOnCopy, RemoveHeadersOnCopy, ); }; };
		9D87BF6D22B8D4A0009E99B3 /* Reversable.swift in Sources */ = {isa = PBXBuildFile; fileRef = F128049422B6532A00E7BC7A /* Reversable.swift */; };
		9D87BF6E22B8D4A0009E99B3 /* ArrayIterator.swift in Sources */ = {isa = PBXBuildFile; fileRef = F128049522B6532A00E7BC7A /* ArrayIterator.swift */; };
		9D87BF6F22B8D4A0009E99B3 /* Iteratable.swift in Sources */ = {isa = PBXBuildFile; fileRef = F128049622B6532A00E7BC7A /* Iteratable.swift */; };
		9D87BF7022B8D4A0009E99B3 /* ReverseArrayIterator.swift in Sources */ = {isa = PBXBuildFile; fileRef = F128049722B6532A00E7BC7A /* ReverseArrayIterator.swift */; };
		F128048122B652F000E7BC7A /* AppDelegate.swift in Sources */ = {isa = PBXBuildFile; fileRef = F128048022B652F000E7BC7A /* AppDelegate.swift */; };
		F128048322B652F000E7BC7A /* ViewController.swift in Sources */ = {isa = PBXBuildFile; fileRef = F128048222B652F000E7BC7A /* ViewController.swift */; };
		F128048622B652F000E7BC7A /* Main.storyboard in Resources */ = {isa = PBXBuildFile; fileRef = F128048422B652F000E7BC7A /* Main.storyboard */; };
		F128048822B652F000E7BC7A /* Assets.xcassets in Resources */ = {isa = PBXBuildFile; fileRef = F128048722B652F000E7BC7A /* Assets.xcassets */; };
		F128048B22B652F000E7BC7A /* LaunchScreen.storyboard in Resources */ = {isa = PBXBuildFile; fileRef = F128048922B652F000E7BC7A /* LaunchScreen.storyboard */; };
		F12804C422B656D200E7BC7A /* DemoIterator.swift in Sources */ = {isa = PBXBuildFile; fileRef = F128049822B6532A00E7BC7A /* DemoIterator.swift */; };
		F12804C522B656D200E7BC7A /* DemoIterator+Extension.swift in Sources */ = {isa = PBXBuildFile; fileRef = F12804B622B6543B00E7BC7A /* DemoIterator+Extension.swift */; };
		F12804C622B656D200E7BC7A /* DemoIteratorExample.swift in Sources */ = {isa = PBXBuildFile; fileRef = F12804BA22B6547F00E7BC7A /* DemoIteratorExample.swift */; };
		F12804C722B656D200E7BC7A /* DemoItem.swift in Sources */ = {isa = PBXBuildFile; fileRef = F12804B822B6545D00E7BC7A /* DemoItem.swift */; };
/* End PBXBuildFile section */

/* Begin PBXContainerItemProxy section */
		9D87BF6522B8D492009E99B3 /* PBXContainerItemProxy */ = {
			isa = PBXContainerItemProxy;
			containerPortal = F128047522B652F000E7BC7A /* Project object */;
			proxyType = 1;
			remoteGlobalIDString = 9D87BF5F22B8D492009E99B3;
			remoteInfo = IteratorIOS;
		};
/* End PBXContainerItemProxy section */

/* Begin PBXCopyFilesBuildPhase section */
		F12804AF22B653E300E7BC7A /* Embed Frameworks */ = {
			isa = PBXCopyFilesBuildPhase;
			buildActionMask = 2147483647;
			dstPath = "";
			dstSubfolderSpec = 10;
			files = (
				9D87BF6822B8D492009E99B3 /* IteratorIOS.framework in Embed Frameworks */,
			);
			name = "Embed Frameworks";
			runOnlyForDeploymentPostprocessing = 0;
		};
/* End PBXCopyFilesBuildPhase section */

/* Begin PBXFileReference section */
		9D87BF6022B8D492009E99B3 /* IteratorIOS.framework */ = {isa = PBXFileReference; explicitFileType = wrapper.framework; includeInIndex = 0; path = IteratorIOS.framework; sourceTree = BUILT_PRODUCTS_DIR; };
		9D87BF6222B8D492009E99B3 /* IteratorIOS.h */ = {isa = PBXFileReference; lastKnownFileType = sourcecode.c.h; path = IteratorIOS.h; sourceTree = "<group>"; };
		9D87BF6322B8D492009E99B3 /* Info.plist */ = {isa = PBXFileReference; lastKnownFileType = text.plist.xml; path = Info.plist; sourceTree = "<group>"; };
		F128047D22B652F000E7BC7A /* IteratorExample.app */ = {isa = PBXFileReference; explicitFileType = wrapper.application; includeInIndex = 0; path = IteratorExample.app; sourceTree = BUILT_PRODUCTS_DIR; };
		F128048022B652F000E7BC7A /* AppDelegate.swift */ = {isa = PBXFileReference; lastKnownFileType = sourcecode.swift; path = AppDelegate.swift; sourceTree = "<group>"; };
		F128048222B652F000E7BC7A /* ViewController.swift */ = {isa = PBXFileReference; lastKnownFileType = sourcecode.swift; path = ViewController.swift; sourceTree = "<group>"; };
		F128048522B652F000E7BC7A /* Base */ = {isa = PBXFileReference; lastKnownFileType = file.storyboard; name = Base; path = Base.lproj/Main.storyboard; sourceTree = "<group>"; };
		F128048722B652F000E7BC7A /* Assets.xcassets */ = {isa = PBXFileReference; lastKnownFileType = folder.assetcatalog; path = Assets.xcassets; sourceTree = "<group>"; };
		F128048A22B652F000E7BC7A /* Base */ = {isa = PBXFileReference; lastKnownFileType = file.storyboard; name = Base; path = Base.lproj/LaunchScreen.storyboard; sourceTree = "<group>"; };
		F128048C22B652F000E7BC7A /* Info.plist */ = {isa = PBXFileReference; lastKnownFileType = text.plist.xml; path = Info.plist; sourceTree = "<group>"; };
		F128049422B6532A00E7BC7A /* Reversable.swift */ = {isa = PBXFileReference; fileEncoding = 4; lastKnownFileType = sourcecode.swift; path = Reversable.swift; sourceTree = "<group>"; };
		F128049522B6532A00E7BC7A /* ArrayIterator.swift */ = {isa = PBXFileReference; fileEncoding = 4; lastKnownFileType = sourcecode.swift; path = ArrayIterator.swift; sourceTree = "<group>"; };
		F128049622B6532A00E7BC7A /* Iteratable.swift */ = {isa = PBXFileReference; fileEncoding = 4; lastKnownFileType = sourcecode.swift; path = Iteratable.swift; sourceTree = "<group>"; };
		F128049722B6532A00E7BC7A /* ReverseArrayIterator.swift */ = {isa = PBXFileReference; fileEncoding = 4; lastKnownFileType = sourcecode.swift; path = ReverseArrayIterator.swift; sourceTree = "<group>"; };
		F128049822B6532A00E7BC7A /* DemoIterator.swift */ = {isa = PBXFileReference; fileEncoding = 4; lastKnownFileType = sourcecode.swift; path = DemoIterator.swift; sourceTree = "<group>"; };
		F12804B622B6543B00E7BC7A /* DemoIterator+Extension.swift */ = {isa = PBXFileReference; lastKnownFileType = sourcecode.swift; path = "DemoIterator+Extension.swift"; sourceTree = "<group>"; };
		F12804B822B6545D00E7BC7A /* DemoItem.swift */ = {isa = PBXFileReference; lastKnownFileType = sourcecode.swift; path = DemoItem.swift; sourceTree = "<group>"; };
		F12804BA22B6547F00E7BC7A /* DemoIteratorExample.swift */ = {isa = PBXFileReference; lastKnownFileType = sourcecode.swift; path = DemoIteratorExample.swift; sourceTree = "<group>"; };
/* End PBXFileReference section */

/* Begin PBXFrameworksBuildPhase section */
		9D87BF5D22B8D492009E99B3 /* Frameworks */ = {
			isa = PBXFrameworksBuildPhase;
			buildActionMask = 2147483647;
			files = (
			);
			runOnlyForDeploymentPostprocessing = 0;
		};
		F128047A22B652F000E7BC7A /* Frameworks */ = {
			isa = PBXFrameworksBuildPhase;
			buildActionMask = 2147483647;
			files = (
				9D87BF6722B8D492009E99B3 /* IteratorIOS.framework in Frameworks */,
			);
			runOnlyForDeploymentPostprocessing = 0;
		};
/* End PBXFrameworksBuildPhase section */

/* Begin PBXGroup section */
		9D87BF6122B8D492009E99B3 /* IteratorIOS */ = {
			isa = PBXGroup;
			children = (
				9D87BF6222B8D492009E99B3 /* IteratorIOS.h */,
				9D87BF6322B8D492009E99B3 /* Info.plist */,
			);
			path = IteratorIOS;
			sourceTree = "<group>";
		};
		F128047422B652EF00E7BC7A = {
			isa = PBXGroup;
			children = (
				F128049322B6532A00E7BC7A /* src */,
				F128047F22B652F000E7BC7A /* IteratorExample */,
				9D87BF6122B8D492009E99B3 /* IteratorIOS */,
				F128047E22B652F000E7BC7A /* Products */,
			);
			sourceTree = "<group>";
		};
		F128047E22B652F000E7BC7A /* Products */ = {
			isa = PBXGroup;
			children = (
				F128047D22B652F000E7BC7A /* IteratorExample.app */,
				9D87BF6022B8D492009E99B3 /* IteratorIOS.framework */,
			);
			name = Products;
			sourceTree = "<group>";
		};
		F128047F22B652F000E7BC7A /* IteratorExample */ = {
			isa = PBXGroup;
			children = (
				F12804B522B6541400E7BC7A /* demo */,
				F128048022B652F000E7BC7A /* AppDelegate.swift */,
				F128048222B652F000E7BC7A /* ViewController.swift */,
				F128048422B652F000E7BC7A /* Main.storyboard */,
				F128048722B652F000E7BC7A /* Assets.xcassets */,
				F128048922B652F000E7BC7A /* LaunchScreen.storyboard */,
				F128048C22B652F000E7BC7A /* Info.plist */,
			);
			path = IteratorExample;
			sourceTree = "<group>";
		};
		F128049322B6532A00E7BC7A /* src */ = {
			isa = PBXGroup;
			children = (
				F128049422B6532A00E7BC7A /* Reversable.swift */,
				F128049522B6532A00E7BC7A /* ArrayIterator.swift */,
				F128049622B6532A00E7BC7A /* Iteratable.swift */,
				F128049722B6532A00E7BC7A /* ReverseArrayIterator.swift */,
			);
			path = src;
			sourceTree = "<group>";
		};
		F12804B522B6541400E7BC7A /* demo */ = {
			isa = PBXGroup;
			children = (
				F128049822B6532A00E7BC7A /* DemoIterator.swift */,
				F12804B622B6543B00E7BC7A /* DemoIterator+Extension.swift */,
				F12804BA22B6547F00E7BC7A /* DemoIteratorExample.swift */,
				F12804B822B6545D00E7BC7A /* DemoItem.swift */,
			);
			path = demo;
			sourceTree = "<group>";
		};
/* End PBXGroup section */

/* Begin PBXHeadersBuildPhase section */
		9D87BF5B22B8D492009E99B3 /* Headers */ = {
			isa = PBXHeadersBuildPhase;
			buildActionMask = 2147483647;
			files = (
				9D87BF6422B8D492009E99B3 /* IteratorIOS.h in Headers */,
			);
			runOnlyForDeploymentPostprocessing = 0;
		};
/* End PBXHeadersBuildPhase section */

/* Begin PBXNativeTarget section */
		9D87BF5F22B8D492009E99B3 /* IteratorIOS */ = {
			isa = PBXNativeTarget;
			buildConfigurationList = 9D87BF6922B8D492009E99B3 /* Build configuration list for PBXNativeTarget "IteratorIOS" */;
			buildPhases = (
				9D87BF5B22B8D492009E99B3 /* Headers */,
				9D87BF5C22B8D492009E99B3 /* Sources */,
				9D87BF5D22B8D492009E99B3 /* Frameworks */,
				9D87BF5E22B8D492009E99B3 /* Resources */,
				9D87BF6C22B8D496009E99B3 /* ShellScript */,
			);
			buildRules = (
			);
			dependencies = (
			);
			name = IteratorIOS;
			productName = IteratorIOS;
			productReference = 9D87BF6022B8D492009E99B3 /* IteratorIOS.framework */;
			productType = "com.apple.product-type.framework";
		};
		F128047C22B652F000E7BC7A /* IteratorExample */ = {
			isa = PBXNativeTarget;
			buildConfigurationList = F128048F22B652F000E7BC7A /* Build configuration list for PBXNativeTarget "IteratorExample" */;
			buildPhases = (
				F128047922B652F000E7BC7A /* Sources */,
				F128047A22B652F000E7BC7A /* Frameworks */,
				F128047B22B652F000E7BC7A /* Resources */,
				F12804AF22B653E300E7BC7A /* Embed Frameworks */,
				9D87BF5A22B8D465009E99B3 /* ShellScript */,
			);
			buildRules = (
			);
			dependencies = (
				9D87BF6622B8D492009E99B3 /* PBXTargetDependency */,
			);
			name = IteratorExample;
			productName = IteratorExample;
			productReference = F128047D22B652F000E7BC7A /* IteratorExample.app */;
			productType = "com.apple.product-type.application";
		};
/* End PBXNativeTarget section */

/* Begin PBXProject section */
		F128047522B652F000E7BC7A /* Project object */ = {
			isa = PBXProject;
			attributes = {
				LastSwiftUpdateCheck = 1020;
				LastUpgradeCheck = 1020;
				ORGANIZATIONNAME = FutureLab;
				TargetAttributes = {
					9D87BF5F22B8D492009E99B3 = {
						CreatedOnToolsVersion = 10.2.1;
					};
					F128047C22B652F000E7BC7A = {
						CreatedOnToolsVersion = 10.2;
					};
				};
			};
			buildConfigurationList = F128047822B652F000E7BC7A /* Build configuration list for PBXProject "IteratorExample" */;
			compatibilityVersion = "Xcode 9.3";
			developmentRegion = en;
			hasScannedForEncodings = 0;
			knownRegions = (
				en,
				Base,
			);
			mainGroup = F128047422B652EF00E7BC7A;
			productRefGroup = F128047E22B652F000E7BC7A /* Products */;
			projectDirPath = "";
			projectRoot = "";
			targets = (
				F128047C22B652F000E7BC7A /* IteratorExample */,
				9D87BF5F22B8D492009E99B3 /* IteratorIOS */,
			);
		};
/* End PBXProject section */

/* Begin PBXResourcesBuildPhase section */
		9D87BF5E22B8D492009E99B3 /* Resources */ = {
			isa = PBXResourcesBuildPhase;
			buildActionMask = 2147483647;
			files = (
			);
			runOnlyForDeploymentPostprocessing = 0;
		};
		F128047B22B652F000E7BC7A /* Resources */ = {
			isa = PBXResourcesBuildPhase;
			buildActionMask = 2147483647;
			files = (
				F128048B22B652F000E7BC7A /* LaunchScreen.storyboard in Resources */,
				F128048822B652F000E7BC7A /* Assets.xcassets in Resources */,
				F128048622B652F000E7BC7A /* Main.storyboard in Resources */,
			);
			runOnlyForDeploymentPostprocessing = 0;
		};
/* End PBXResourcesBuildPhase section */

/* Begin PBXShellScriptBuildPhase section */
		9D87BF5A22B8D465009E99B3 /* ShellScript */ = {
			isa = PBXShellScriptBuildPhase;
			buildActionMask = 2147483647;
			files = (
			);
			inputFileListPaths = (
			);
			inputPaths = (
			);
			outputFileListPaths = (
			);
			outputPaths = (
			);
			runOnlyForDeploymentPostprocessing = 0;
			shellPath = /bin/sh;
			shellScript = "if which swiftlint >/dev/null; then\nswiftlint\nelse\necho \"warning: SwiftLint not installed, download from https://github.com/realm/SwiftLint\"\nfi\n";
		};
		9D87BF6C22B8D496009E99B3 /* ShellScript */ = {
			isa = PBXShellScriptBuildPhase;
			buildActionMask = 2147483647;
			files = (
			);
			inputFileListPaths = (
			);
			inputPaths = (
			);
			outputFileListPaths = (
			);
			outputPaths = (
			);
			runOnlyForDeploymentPostprocessing = 0;
			shellPath = /bin/sh;
			shellScript = "if which swiftlint >/dev/null; then\nswiftlint\nelse\necho \"warning: SwiftLint not installed, download from https://github.com/realm/SwiftLint\"\nfi\n";
		};
/* End PBXShellScriptBuildPhase section */

/* Begin PBXSourcesBuildPhase section */
		9D87BF5C22B8D492009E99B3 /* Sources */ = {
			isa = PBXSourcesBuildPhase;
			buildActionMask = 2147483647;
			files = (
				9D87BF6D22B8D4A0009E99B3 /* Reversable.swift in Sources */,
				9D87BF6F22B8D4A0009E99B3 /* Iteratable.swift in Sources */,
				9D87BF7022B8D4A0009E99B3 /* ReverseArrayIterator.swift in Sources */,
				9D87BF6E22B8D4A0009E99B3 /* ArrayIterator.swift in Sources */,
			);
			runOnlyForDeploymentPostprocessing = 0;
		};
		F128047922B652F000E7BC7A /* Sources */ = {
			isa = PBXSourcesBuildPhase;
			buildActionMask = 2147483647;
			files = (
				F128048322B652F000E7BC7A /* ViewController.swift in Sources */,
				F128048122B652F000E7BC7A /* AppDelegate.swift in Sources */,
				F12804C522B656D200E7BC7A /* DemoIterator+Extension.swift in Sources */,
				F12804C422B656D200E7BC7A /* DemoIterator.swift in Sources */,
				F12804C622B656D200E7BC7A /* DemoIteratorExample.swift in Sources */,
				F12804C722B656D200E7BC7A /* DemoItem.swift in Sources */,
			);
			runOnlyForDeploymentPostprocessing = 0;
		};
/* End PBXSourcesBuildPhase section */

/* Begin PBXTargetDependency section */
		9D87BF6622B8D492009E99B3 /* PBXTargetDependency */ = {
			isa = PBXTargetDependency;
			target = 9D87BF5F22B8D492009E99B3 /* IteratorIOS */;
			targetProxy = 9D87BF6522B8D492009E99B3 /* PBXContainerItemProxy */;
		};
/* End PBXTargetDependency section */

/* Begin PBXVariantGroup section */
		F128048422B652F000E7BC7A /* Main.storyboard */ = {
			isa = PBXVariantGroup;
			children = (
				F128048522B652F000E7BC7A /* Base */,
			);
			name = Main.storyboard;
			sourceTree = "<group>";
		};
		F128048922B652F000E7BC7A /* LaunchScreen.storyboard */ = {
			isa = PBXVariantGroup;
			children = (
				F128048A22B652F000E7BC7A /* Base */,
			);
			name = LaunchScreen.storyboard;
			sourceTree = "<group>";
		};
/* End PBXVariantGroup section */

/* Begin XCBuildConfiguration section */
		9D87BF6A22B8D492009E99B3 /* Debug */ = {
			isa = XCBuildConfiguration;
			buildSettings = {
				CODE_SIGN_IDENTITY = "";
				CODE_SIGN_STYLE = Automatic;
				CURRENT_PROJECT_VERSION = 1;
				DEFINES_MODULE = YES;
				DYLIB_COMPATIBILITY_VERSION = 1;
				DYLIB_CURRENT_VERSION = 1;
				DYLIB_INSTALL_NAME_BASE = "@rpath";
				INFOPLIST_FILE = IteratorIOS/Info.plist;
				INSTALL_PATH = "$(LOCAL_LIBRARY_DIR)/Frameworks";
				LD_RUNPATH_SEARCH_PATHS = (
					"$(inherited)",
					"@executable_path/Frameworks",
					"@loader_path/Frameworks",
				);
				PRODUCT_BUNDLE_IDENTIFIER = io.github.futurelab.IteratorIOS;
				PRODUCT_NAME = "$(TARGET_NAME:c99extidentifier)";
				SKIP_INSTALL = YES;
				SWIFT_VERSION = 5.0;
				TARGETED_DEVICE_FAMILY = "1,2";
				VERSIONING_SYSTEM = "apple-generic";
				VERSION_INFO_PREFIX = "";
			};
			name = Debug;
		};
		9D87BF6B22B8D492009E99B3 /* Release */ = {
			isa = XCBuildConfiguration;
			buildSettings = {
				CODE_SIGN_IDENTITY = "";
				CODE_SIGN_STYLE = Automatic;
				CURRENT_PROJECT_VERSION = 1;
				DEFINES_MODULE = YES;
				DYLIB_COMPATIBILITY_VERSION = 1;
				DYLIB_CURRENT_VERSION = 1;
				DYLIB_INSTALL_NAME_BASE = "@rpath";
				INFOPLIST_FILE = IteratorIOS/Info.plist;
				INSTALL_PATH = "$(LOCAL_LIBRARY_DIR)/Frameworks";
				LD_RUNPATH_SEARCH_PATHS = (
					"$(inherited)",
					"@executable_path/Frameworks",
					"@loader_path/Frameworks",
				);
				PRODUCT_BUNDLE_IDENTIFIER = io.github.futurelab.IteratorIOS;
				PRODUCT_NAME = "$(TARGET_NAME:c99extidentifier)";
				SKIP_INSTALL = YES;
				SWIFT_VERSION = 5.0;
				TARGETED_DEVICE_FAMILY = "1,2";
				VERSIONING_SYSTEM = "apple-generic";
				VERSION_INFO_PREFIX = "";
			};
			name = Release;
		};
		F128048D22B652F000E7BC7A /* Debug */ = {
			isa = XCBuildConfiguration;
			buildSettings = {
				ALWAYS_SEARCH_USER_PATHS = NO;
				CLANG_ANALYZER_NONNULL = YES;
				CLANG_ANALYZER_NUMBER_OBJECT_CONVERSION = YES_AGGRESSIVE;
				CLANG_CXX_LANGUAGE_STANDARD = "gnu++14";
				CLANG_CXX_LIBRARY = "libc++";
				CLANG_ENABLE_MODULES = YES;
				CLANG_ENABLE_OBJC_ARC = YES;
				CLANG_ENABLE_OBJC_WEAK = YES;
				CLANG_WARN_BLOCK_CAPTURE_AUTORELEASING = YES;
				CLANG_WARN_BOOL_CONVERSION = YES;
				CLANG_WARN_COMMA = YES;
				CLANG_WARN_CONSTANT_CONVERSION = YES;
				CLANG_WARN_DEPRECATED_OBJC_IMPLEMENTATIONS = YES;
				CLANG_WARN_DIRECT_OBJC_ISA_USAGE = YES_ERROR;
				CLANG_WARN_DOCUMENTATION_COMMENTS = YES;
				CLANG_WARN_EMPTY_BODY = YES;
				CLANG_WARN_ENUM_CONVERSION = YES;
				CLANG_WARN_INFINITE_RECURSION = YES;
				CLANG_WARN_INT_CONVERSION = YES;
				CLANG_WARN_NON_LITERAL_NULL_CONVERSION = YES;
				CLANG_WARN_OBJC_IMPLICIT_RETAIN_SELF = YES;
				CLANG_WARN_OBJC_LITERAL_CONVERSION = YES;
				CLANG_WARN_OBJC_ROOT_CLASS = YES_ERROR;
				CLANG_WARN_RANGE_LOOP_ANALYSIS = YES;
				CLANG_WARN_STRICT_PROTOTYPES = YES;
				CLANG_WARN_SUSPICIOUS_MOVE = YES;
				CLANG_WARN_UNGUARDED_AVAILABILITY = YES_AGGRESSIVE;
				CLANG_WARN_UNREACHABLE_CODE = YES;
				CLANG_WARN__DUPLICATE_METHOD_MATCH = YES;
				CODE_SIGN_IDENTITY = "iPhone Developer";
				COPY_PHASE_STRIP = NO;
				DEBUG_INFORMATION_FORMAT = dwarf;
				ENABLE_STRICT_OBJC_MSGSEND = YES;
				ENABLE_TESTABILITY = YES;
				GCC_C_LANGUAGE_STANDARD = gnu11;
				GCC_DYNAMIC_NO_PIC = NO;
				GCC_NO_COMMON_BLOCKS = YES;
				GCC_OPTIMIZATION_LEVEL = 0;
				GCC_PREPROCESSOR_DEFINITIONS = (
					"DEBUG=1",
					"$(inherited)",
				);
				GCC_WARN_64_TO_32_BIT_CONVERSION = YES;
				GCC_WARN_ABOUT_RETURN_TYPE = YES_ERROR;
				GCC_WARN_UNDECLARED_SELECTOR = YES;
				GCC_WARN_UNINITIALIZED_AUTOS = YES_AGGRESSIVE;
				GCC_WARN_UNUSED_FUNCTION = YES;
				GCC_WARN_UNUSED_VARIABLE = YES;
				IPHONEOS_DEPLOYMENT_TARGET = 12.2;
				MTL_ENABLE_DEBUG_INFO = INCLUDE_SOURCE;
				MTL_FAST_MATH = YES;
				ONLY_ACTIVE_ARCH = YES;
				SDKROOT = iphoneos;
				SWIFT_ACTIVE_COMPILATION_CONDITIONS = DEBUG;
				SWIFT_OPTIMIZATION_LEVEL = "-Onone";
			};
			name = Debug;
		};
		F128048E22B652F000E7BC7A /* Release */ = {
			isa = XCBuildConfiguration;
			buildSettings = {
				ALWAYS_SEARCH_USER_PATHS = NO;
				CLANG_ANALYZER_NONNULL = YES;
				CLANG_ANALYZER_NUMBER_OBJECT_CONVERSION = YES_AGGRESSIVE;
				CLANG_CXX_LANGUAGE_STANDARD = "gnu++14";
				CLANG_CXX_LIBRARY = "libc++";
				CLANG_ENABLE_MODULES = YES;
				CLANG_ENABLE_OBJC_ARC = YES;
				CLANG_ENABLE_OBJC_WEAK = YES;
				CLANG_WARN_BLOCK_CAPTURE_AUTORELEASING = YES;
				CLANG_WARN_BOOL_CONVERSION = YES;
				CLANG_WARN_COMMA = YES;
				CLANG_WARN_CONSTANT_CONVERSION = YES;
				CLANG_WARN_DEPRECATED_OBJC_IMPLEMENTATIONS = YES;
				CLANG_WARN_DIRECT_OBJC_ISA_USAGE = YES_ERROR;
				CLANG_WARN_DOCUMENTATION_COMMENTS = YES;
				CLANG_WARN_EMPTY_BODY = YES;
				CLANG_WARN_ENUM_CONVERSION = YES;
				CLANG_WARN_INFINITE_RECURSION = YES;
				CLANG_WARN_INT_CONVERSION = YES;
				CLANG_WARN_NON_LITERAL_NULL_CONVERSION = YES;
				CLANG_WARN_OBJC_IMPLICIT_RETAIN_SELF = YES;
				CLANG_WARN_OBJC_LITERAL_CONVERSION = YES;
				CLANG_WARN_OBJC_ROOT_CLASS = YES_ERROR;
				CLANG_WARN_RANGE_LOOP_ANALYSIS = YES;
				CLANG_WARN_STRICT_PROTOTYPES = YES;
				CLANG_WARN_SUSPICIOUS_MOVE = YES;
				CLANG_WARN_UNGUARDED_AVAILABILITY = YES_AGGRESSIVE;
				CLANG_WARN_UNREACHABLE_CODE = YES;
				CLANG_WARN__DUPLICATE_METHOD_MATCH = YES;
				CODE_SIGN_IDENTITY = "iPhone Developer";
				COPY_PHASE_STRIP = NO;
				DEBUG_INFORMATION_FORMAT = "dwarf-with-dsym";
				ENABLE_NS_ASSERTIONS = NO;
				ENABLE_STRICT_OBJC_MSGSEND = YES;
				GCC_C_LANGUAGE_STANDARD = gnu11;
				GCC_NO_COMMON_BLOCKS = YES;
				GCC_WARN_64_TO_32_BIT_CONVERSION = YES;
				GCC_WARN_ABOUT_RETURN_TYPE = YES_ERROR;
				GCC_WARN_UNDECLARED_SELECTOR = YES;
				GCC_WARN_UNINITIALIZED_AUTOS = YES_AGGRESSIVE;
				GCC_WARN_UNUSED_FUNCTION = YES;
				GCC_WARN_UNUSED_VARIABLE = YES;
				IPHONEOS_DEPLOYMENT_TARGET = 12.2;
				MTL_ENABLE_DEBUG_INFO = NO;
				MTL_FAST_MATH = YES;
				SDKROOT = iphoneos;
				SWIFT_COMPILATION_MODE = wholemodule;
				SWIFT_OPTIMIZATION_LEVEL = "-O";
				VALIDATE_PRODUCT = YES;
			};
			name = Release;
		};
		F128049022B652F000E7BC7A /* Debug */ = {
			isa = XCBuildConfiguration;
			buildSettings = {
				ALWAYS_EMBED_SWIFT_STANDARD_LIBRARIES = YES;
				ASSETCATALOG_COMPILER_APPICON_NAME = AppIcon;
				CODE_SIGN_STYLE = Automatic;
				INFOPLIST_FILE = IteratorExample/Info.plist;
				LD_RUNPATH_SEARCH_PATHS = (
					"$(inherited)",
					"@executable_path/Frameworks",
				);
				PRODUCT_BUNDLE_IDENTIFIER = io.github.futurelab.IteratorExample;
				PRODUCT_NAME = "$(TARGET_NAME)";
				SWIFT_VERSION = 5.0;
				TARGETED_DEVICE_FAMILY = "1,2";
			};
			name = Debug;
		};
		F128049122B652F000E7BC7A /* Release */ = {
			isa = XCBuildConfiguration;
			buildSettings = {
				ALWAYS_EMBED_SWIFT_STANDARD_LIBRARIES = YES;
				ASSETCATALOG_COMPILER_APPICON_NAME = AppIcon;
				CODE_SIGN_STYLE = Automatic;
				INFOPLIST_FILE = IteratorExample/Info.plist;
				LD_RUNPATH_SEARCH_PATHS = (
					"$(inherited)",
					"@executable_path/Frameworks",
				);
				PRODUCT_BUNDLE_IDENTIFIER = io.github.futurelab.IteratorExample;
				PRODUCT_NAME = "$(TARGET_NAME)";
				SWIFT_VERSION = 5.0;
				TARGETED_DEVICE_FAMILY = "1,2";
			};
			name = Release;
		};
/* End XCBuildConfiguration section */

/* Begin XCConfigurationList section */
		9D87BF6922B8D492009E99B3 /* Build configuration list for PBXNativeTarget "IteratorIOS" */ = {
			isa = XCConfigurationList;
			buildConfigurations = (
				9D87BF6A22B8D492009E99B3 /* Debug */,
				9D87BF6B22B8D492009E99B3 /* Release */,
			);
			defaultConfigurationIsVisible = 0;
			defaultConfigurationName = Release;
		};
		F128047822B652F000E7BC7A /* Build configuration list for PBXProject "IteratorExample" */ = {
			isa = XCConfigurationList;
			buildConfigurations = (
				F128048D22B652F000E7BC7A /* Debug */,
				F128048E22B652F000E7BC7A /* Release */,
			);
			defaultConfigurationIsVisible = 0;
			defaultConfigurationName = Release;
		};
		F128048F22B652F000E7BC7A /* Build configuration list for PBXNativeTarget "IteratorExample" */ = {
			isa = XCConfigurationList;
			buildConfigurations = (
				F128049022B652F000E7BC7A /* Debug */,
				F128049122B652F000E7BC7A /* Release */,
			);
			defaultConfigurationIsVisible = 0;
			defaultConfigurationName = Release;
		};
/* End XCConfigurationList section */
	};
	rootObject = F128047522B652F000E7BC7A /* Project object */;
}
