// !$*UTF8*$!
{
	archiveVersion = 1;
	classes = {
	};
	objectVersion = 50;
	objects = {

/* Begin PBXBuildFile section */
		F10213CD218756310038F496 /* Constraint+Distribution.swift in Sources */ = {isa = PBXBuildFile; fileRef = F10213CB218756310038F496 /* Constraint+Distribution.swift */; };
		F109EE6521E10A4800FCC696 /* SpacingTestView.swift in Sources */ = {isa = PBXBuildFile; fileRef = F109EE6421E10A4800FCC696 /* SpacingTestView.swift */; };
		F109EE6721E3771700FCC696 /* SpacingTestView+Create.swift in Sources */ = {isa = PBXBuildFile; fileRef = F109EE6621E3771700FCC696 /* SpacingTestView+Create.swift */; };
		F109EE6B21E382D100FCC696 /* Constraint+Access.swift in Sources */ = {isa = PBXBuildFile; fileRef = F109EE6A21E382D100FCC696 /* Constraint+Access.swift */; };
		F109EE6D21E383F000FCC696 /* ConstraintKind+Access.swift in Sources */ = {isa = PBXBuildFile; fileRef = F109EE6C21E383F000FCC696 /* ConstraintKind+Access.swift */; };
		F109EE8821E49AF100FCC696 /* VC.swift in Sources */ = {isa = PBXBuildFile; fileRef = F109EE8721E49AF100FCC696 /* VC.swift */; };
		F109EE8A21E49B6600FCC696 /* VC+Create.swift in Sources */ = {isa = PBXBuildFile; fileRef = F109EE8921E49B6600FCC696 /* VC+Create.swift */; };
		F109EE8D21E4D42200FCC696 /* MiddleContent+Create.swift in Sources */ = {isa = PBXBuildFile; fileRef = F109EE8C21E4D42200FCC696 /* MiddleContent+Create.swift */; };
		F109EE8F21E4D48A00FCC696 /* ItemView.swift in Sources */ = {isa = PBXBuildFile; fileRef = F109EE8E21E4D48A00FCC696 /* ItemView.swift */; };
		F109EE9121E4D4B300FCC696 /* ItemView+Create.swift in Sources */ = {isa = PBXBuildFile; fileRef = F109EE9021E4D4B300FCC696 /* ItemView+Create.swift */; };
		F109EE9621E4D58800FCC696 /* BottomBar.swift in Sources */ = {isa = PBXBuildFile; fileRef = F109EE9521E4D58800FCC696 /* BottomBar.swift */; };
		F109EE9821E4D5A500FCC696 /* BottomBar+Constant.swift in Sources */ = {isa = PBXBuildFile; fileRef = F109EE9721E4D5A500FCC696 /* BottomBar+Constant.swift */; };
		F109EE9A21E4D5D900FCC696 /* TopBar+Constant.swift in Sources */ = {isa = PBXBuildFile; fileRef = F109EE9921E4D5D900FCC696 /* TopBar+Constant.swift */; };
		F109EE9D21E5EA9500FCC696 /* CardView+Constant.swift in Sources */ = {isa = PBXBuildFile; fileRef = F109EE9C21E5EA9500FCC696 /* CardView+Constant.swift */; };
		F114AEDC21ABC18F00942A28 /* AnimationTestView.swift in Sources */ = {isa = PBXBuildFile; fileRef = F114AEDB21ABC18F00942A28 /* AnimationTestView.swift */; };
		F14FADE121F3980F00ACE5FF /* ConstraintKind+SpaceBetween.swift in Sources */ = {isa = PBXBuildFile; fileRef = F14FADE021F3980F00ACE5FF /* ConstraintKind+SpaceBetween.swift */; };
		F14FADE321F398C000ACE5FF /* ConstraintKind+SpaceAround.swift in Sources */ = {isa = PBXBuildFile; fileRef = F14FADE221F398C000ACE5FF /* ConstraintKind+SpaceAround.swift */; };
		F151DDA921738B2C00AA0ABE /* TopBar.swift in Sources */ = {isa = PBXBuildFile; fileRef = F151DDA821738B2C00AA0ABE /* TopBar.swift */; };
		F151DDAC21738CAF00AA0ABE /* Constants.swift in Sources */ = {isa = PBXBuildFile; fileRef = F151DDAB21738CAF00AA0ABE /* Constants.swift */; };
		F151DDB721739BF500AA0ABE /* Spatial.framework in Embed Frameworks */ = {isa = PBXBuildFile; fileRef = F1D369D72171FCDC00F498FA /* Spatial.framework */; settings = {ATTRIBUTES = (CodeSignOnCopy, RemoveHeadersOnCopy, ); }; };
		F151DDBC2173CABC00AA0ABE /* CardView.swift in Sources */ = {isa = PBXBuildFile; fileRef = F151DDBB2173CABC00AA0ABE /* CardView.swift */; };
		F17E0E2A21DE2EBE00EE3027 /* CardView+Create.swift in Sources */ = {isa = PBXBuildFile; fileRef = F17E0E2921DE2EBE00EE3027 /* CardView+Create.swift */; };
		F17E0E2C21DE31A800EE3027 /* ConstraintKind+Type.swift in Sources */ = {isa = PBXBuildFile; fileRef = F17E0E2B21DE31A800EE3027 /* ConstraintKind+Type.swift */; };
		F17E0E2E21DE327B00EE3027 /* ConstraintKind+Bulk.swift in Sources */ = {isa = PBXBuildFile; fileRef = F17E0E2D21DE327B00EE3027 /* ConstraintKind+Bulk.swift */; };
		F17E0E3021DE364D00EE3027 /* Constraint+Activate+Bulk.swift in Sources */ = {isa = PBXBuildFile; fileRef = F17E0E2F21DE364D00EE3027 /* Constraint+Activate+Bulk.swift */; };
		F17E0E3221DE36F300EE3027 /* Constraint+Type.swift in Sources */ = {isa = PBXBuildFile; fileRef = F17E0E3121DE36F300EE3027 /* Constraint+Type.swift */; };
		F17E0E3621DF29E100EE3027 /* Constraint+Anchor.swift in Sources */ = {isa = PBXBuildFile; fileRef = F17E0E3521DF29E100EE3027 /* Constraint+Anchor.swift */; };
		F17E0E3821DF2A8D00EE3027 /* Constraint+Size.swift in Sources */ = {isa = PBXBuildFile; fileRef = F17E0E3721DF2A8D00EE3027 /* Constraint+Size.swift */; };
		F17E0E3A21DF33E100EE3027 /* ConstraintKind+Update.swift in Sources */ = {isa = PBXBuildFile; fileRef = F17E0E3921DF33E100EE3027 /* ConstraintKind+Update.swift */; };
		F17E0E3E21DF356900EE3027 /* ConstraintView.swift in Sources */ = {isa = PBXBuildFile; fileRef = F17E0E3D21DF356900EE3027 /* ConstraintView.swift */; };
		F17E0E4021DF35DF00EE3027 /* ConstraintKind.swift in Sources */ = {isa = PBXBuildFile; fileRef = F17E0E3F21DF35DF00EE3027 /* ConstraintKind.swift */; };
		F17E0E4321DF467E00EE3027 /* AnimationTestView+Create.swift in Sources */ = {isa = PBXBuildFile; fileRef = F17E0E4221DF467E00EE3027 /* AnimationTestView+Create.swift */; };
		F17E38732174C15D009C10B2 /* MainView.swift in Sources */ = {isa = PBXBuildFile; fileRef = F17E38722174C15D009C10B2 /* MainView.swift */; };
		F185A3A02231974E00AE66B2 /* Hybrid.swift in Sources */ = {isa = PBXBuildFile; fileRef = F185A39F2231974E00AE66B2 /* Hybrid.swift */; };
		F185A3AA22319E8E00AE66B2 /* Spatial_macOS.h in Headers */ = {isa = PBXBuildFile; fileRef = F185A3A822319E8E00AE66B2 /* Spatial_macOS.h */; settings = {ATTRIBUTES = (Public, ); }; };
		F185A3AE22319EAC00AE66B2 /* Hybrid.swift in Sources */ = {isa = PBXBuildFile; fileRef = F185A39F2231974E00AE66B2 /* Hybrid.swift */; };
		F185A3AF22319EAC00AE66B2 /* ConstraintKind+Access.swift in Sources */ = {isa = PBXBuildFile; fileRef = F109EE6C21E383F000FCC696 /* ConstraintKind+Access.swift */; };
		F185A3B022319EAC00AE66B2 /* ConstraintKind+Apply.swift in Sources */ = {isa = PBXBuildFile; fileRef = F1D369FD2172039B00F498FA /* ConstraintKind+Apply.swift */; };
		F185A3B122319EAC00AE66B2 /* ConstraintKind+Bulk.swift in Sources */ = {isa = PBXBuildFile; fileRef = F17E0E2D21DE327B00EE3027 /* ConstraintKind+Bulk.swift */; };
		F185A3B222319EAC00AE66B2 /* ConstraintKind+Type.swift in Sources */ = {isa = PBXBuildFile; fileRef = F17E0E2B21DE31A800EE3027 /* ConstraintKind+Type.swift */; };
		F185A3B322319EAC00AE66B2 /* ConstraintKind.swift in Sources */ = {isa = PBXBuildFile; fileRef = F17E0E3F21DF35DF00EE3027 /* ConstraintKind.swift */; };
		F185A3B422319EAC00AE66B2 /* ConstraintKind+SpaceBetween.swift in Sources */ = {isa = PBXBuildFile; fileRef = F14FADE021F3980F00ACE5FF /* ConstraintKind+SpaceBetween.swift */; };
		F185A3B522319EAC00AE66B2 /* ConstraintKind+SpaceAround.swift in Sources */ = {isa = PBXBuildFile; fileRef = F14FADE221F398C000ACE5FF /* ConstraintKind+SpaceAround.swift */; };
		F185A3B622319EAC00AE66B2 /* ConstraintView.swift in Sources */ = {isa = PBXBuildFile; fileRef = F17E0E3D21DF356900EE3027 /* ConstraintView.swift */; };
		F185A3B722319EAC00AE66B2 /* ConstraintKind+Animate.swift in Sources */ = {isa = PBXBuildFile; fileRef = F1BD0416219B06F200A4A46F /* ConstraintKind+Animate.swift */; };
		F185A3B822319EAC00AE66B2 /* ConstraintKind+Update.swift in Sources */ = {isa = PBXBuildFile; fileRef = F17E0E3921DF33E100EE3027 /* ConstraintKind+Update.swift */; };
		F185A3B922319EAC00AE66B2 /* Constraint+Access.swift in Sources */ = {isa = PBXBuildFile; fileRef = F109EE6A21E382D100FCC696 /* Constraint+Access.swift */; };
		F185A3BA22319EAC00AE66B2 /* Constraint+Anchor.swift in Sources */ = {isa = PBXBuildFile; fileRef = F17E0E3521DF29E100EE3027 /* Constraint+Anchor.swift */; };
		F185A3BB22319EAC00AE66B2 /* Constraint+Size.swift in Sources */ = {isa = PBXBuildFile; fileRef = F17E0E3721DF2A8D00EE3027 /* Constraint+Size.swift */; };
		F185A3BC22319EAC00AE66B2 /* Constraint+Activate.swift in Sources */ = {isa = PBXBuildFile; fileRef = F1D369FF2172039B00F498FA /* Constraint+Activate.swift */; };
		F185A3BD22319EAC00AE66B2 /* Constraint+Activate+Bulk.swift in Sources */ = {isa = PBXBuildFile; fileRef = F17E0E2F21DE364D00EE3027 /* Constraint+Activate+Bulk.swift */; };
		F185A3BE22319EAC00AE66B2 /* Constraint+Type.swift in Sources */ = {isa = PBXBuildFile; fileRef = F17E0E3121DE36F300EE3027 /* Constraint+Type.swift */; };
		F185A3BF22319EAC00AE66B2 /* Constraint+Distribution.swift in Sources */ = {isa = PBXBuildFile; fileRef = F10213CB218756310038F496 /* Constraint+Distribution.swift */; };
		F185A3C022319EAC00AE66B2 /* Alignment.swift in Sources */ = {isa = PBXBuildFile; fileRef = F1D369FC2172039B00F498FA /* Alignment.swift */; };
		F185A3C122319EAC00AE66B2 /* Alignment+Extension.swift in Sources */ = {isa = PBXBuildFile; fileRef = F1BED70821B7B12400A0D3D4 /* Alignment+Extension.swift */; };
		F185A3C222319EAC00AE66B2 /* Axis.swift in Sources */ = {isa = PBXBuildFile; fileRef = F1BED70621B7AAFE00A0D3D4 /* Axis.swift */; };
		F185A3C322319EAC00AE66B2 /* HorizontalAlign.swift in Sources */ = {isa = PBXBuildFile; fileRef = F1BED70221B7A9AE00A0D3D4 /* HorizontalAlign.swift */; };
		F185A3C422319EAC00AE66B2 /* VerticalAlign.swift in Sources */ = {isa = PBXBuildFile; fileRef = F1BED70421B7A9BB00A0D3D4 /* VerticalAlign.swift */; };
		F185A3C522319EAC00AE66B2 /* AxisType.swift in Sources */ = {isa = PBXBuildFile; fileRef = F1BED70021B7A99D00A0D3D4 /* AxisType.swift */; };
		F185A3C622319EAC00AE66B2 /* AlignType.swift in Sources */ = {isa = PBXBuildFile; fileRef = F1BED6FE21B7A99000A0D3D4 /* AlignType.swift */; };
		F185A3C722319EAC00AE66B2 /* AlignType+Extension.swift in Sources */ = {isa = PBXBuildFile; fileRef = F1BED70A21B7B14B00A0D3D4 /* AlignType+Extension.swift */; };
		F1BD0417219B06F200A4A46F /* ConstraintKind+Animate.swift in Sources */ = {isa = PBXBuildFile; fileRef = F1BD0416219B06F200A4A46F /* ConstraintKind+Animate.swift */; };
		F1BED6FF21B7A99000A0D3D4 /* AlignType.swift in Sources */ = {isa = PBXBuildFile; fileRef = F1BED6FE21B7A99000A0D3D4 /* AlignType.swift */; };
		F1BED70121B7A99D00A0D3D4 /* AxisType.swift in Sources */ = {isa = PBXBuildFile; fileRef = F1BED70021B7A99D00A0D3D4 /* AxisType.swift */; };
		F1BED70321B7A9AE00A0D3D4 /* HorizontalAlign.swift in Sources */ = {isa = PBXBuildFile; fileRef = F1BED70221B7A9AE00A0D3D4 /* HorizontalAlign.swift */; };
		F1BED70521B7A9BB00A0D3D4 /* VerticalAlign.swift in Sources */ = {isa = PBXBuildFile; fileRef = F1BED70421B7A9BB00A0D3D4 /* VerticalAlign.swift */; };
		F1BED70721B7AAFE00A0D3D4 /* Axis.swift in Sources */ = {isa = PBXBuildFile; fileRef = F1BED70621B7AAFE00A0D3D4 /* Axis.swift */; };
		F1BED70921B7B12400A0D3D4 /* Alignment+Extension.swift in Sources */ = {isa = PBXBuildFile; fileRef = F1BED70821B7B12400A0D3D4 /* Alignment+Extension.swift */; };
		F1BED70B21B7B14B00A0D3D4 /* AlignType+Extension.swift in Sources */ = {isa = PBXBuildFile; fileRef = F1BED70A21B7B14B00A0D3D4 /* AlignType+Extension.swift */; };
		F1C624FD21C789790082A265 /* Extension.swift in Sources */ = {isa = PBXBuildFile; fileRef = F1C624FC21C789790082A265 /* Extension.swift */; };
		F1C624FF21C789830082A265 /* MainView+Create.swift in Sources */ = {isa = PBXBuildFile; fileRef = F1C624FE21C789830082A265 /* MainView+Create.swift */; };
		F1D369DC2171FCDC00F498FA /* Spatial.h in Headers */ = {isa = PBXBuildFile; fileRef = F1D369DA2171FCDC00F498FA /* Spatial.h */; settings = {ATTRIBUTES = (Public, ); }; };
		F1D369E92171FDAE00F498FA /* AppDelegate.swift in Sources */ = {isa = PBXBuildFile; fileRef = F1D369E82171FDAE00F498FA /* AppDelegate.swift */; };
		F1D369F02171FDAF00F498FA /* Assets.xcassets in Resources */ = {isa = PBXBuildFile; fileRef = F1D369EF2171FDAF00F498FA /* Assets.xcassets */; };
		F1D369F32171FDAF00F498FA /* LaunchScreen.storyboard in Resources */ = {isa = PBXBuildFile; fileRef = F1D369F12171FDAF00F498FA /* LaunchScreen.storyboard */; };
		F1D36A002172039B00F498FA /* Alignment.swift in Sources */ = {isa = PBXBuildFile; fileRef = F1D369FC2172039B00F498FA /* Alignment.swift */; };
		F1D36A012172039B00F498FA /* ConstraintKind+Apply.swift in Sources */ = {isa = PBXBuildFile; fileRef = F1D369FD2172039B00F498FA /* ConstraintKind+Apply.swift */; };
		F1D36A032172039B00F498FA /* Constraint+Activate.swift in Sources */ = {isa = PBXBuildFile; fileRef = F1D369FF2172039B00F498FA /* Constraint+Activate.swift */; };
		F1FC84D42174E6B800D01B72 /* MiddleContent.swift in Sources */ = {isa = PBXBuildFile; fileRef = F1FC84D32174E6B800D01B72 /* MiddleContent.swift */; };
/* End PBXBuildFile section */

/* Begin PBXContainerItemProxy section */
		F151DDB821739BF500AA0ABE /* PBXContainerItemProxy */ = {
			isa = PBXContainerItemProxy;
			containerPortal = F1D369CE2171FCDC00F498FA /* Project object */;
			proxyType = 1;
			remoteGlobalIDString = F1D369D62171FCDC00F498FA;
			remoteInfo = Spatial;
		};
/* End PBXContainerItemProxy section */

/* Begin PBXCopyFilesBuildPhase section */
		F151DDBA21739BF500AA0ABE /* Embed Frameworks */ = {
			isa = PBXCopyFilesBuildPhase;
			buildActionMask = 2147483647;
			dstPath = "";
			dstSubfolderSpec = 10;
			files = (
				F151DDB721739BF500AA0ABE /* Spatial.framework in Embed Frameworks */,
			);
			name = "Embed Frameworks";
			runOnlyForDeploymentPostprocessing = 0;
		};
/* End PBXCopyFilesBuildPhase section */

/* Begin PBXFileReference section */
		F10213CB218756310038F496 /* Constraint+Distribution.swift */ = {isa = PBXFileReference; fileEncoding = 4; lastKnownFileType = sourcecode.swift; path = "Constraint+Distribution.swift"; sourceTree = "<group>"; };
		F109EE6421E10A4800FCC696 /* SpacingTestView.swift */ = {isa = PBXFileReference; lastKnownFileType = sourcecode.swift; path = SpacingTestView.swift; sourceTree = "<group>"; };
		F109EE6621E3771700FCC696 /* SpacingTestView+Create.swift */ = {isa = PBXFileReference; lastKnownFileType = sourcecode.swift; path = "SpacingTestView+Create.swift"; sourceTree = "<group>"; };
		F109EE6A21E382D100FCC696 /* Constraint+Access.swift */ = {isa = PBXFileReference; lastKnownFileType = sourcecode.swift; path = "Constraint+Access.swift"; sourceTree = "<group>"; };
		F109EE6C21E383F000FCC696 /* ConstraintKind+Access.swift */ = {isa = PBXFileReference; lastKnownFileType = sourcecode.swift; path = "ConstraintKind+Access.swift"; sourceTree = "<group>"; };
		F109EE8721E49AF100FCC696 /* VC.swift */ = {isa = PBXFileReference; lastKnownFileType = sourcecode.swift; path = VC.swift; sourceTree = "<group>"; };
		F109EE8921E49B6600FCC696 /* VC+Create.swift */ = {isa = PBXFileReference; lastKnownFileType = sourcecode.swift; path = "VC+Create.swift"; sourceTree = "<group>"; };
		F109EE8C21E4D42200FCC696 /* MiddleContent+Create.swift */ = {isa = PBXFileReference; lastKnownFileType = sourcecode.swift; path = "MiddleContent+Create.swift"; sourceTree = "<group>"; };
		F109EE8E21E4D48A00FCC696 /* ItemView.swift */ = {isa = PBXFileReference; lastKnownFileType = sourcecode.swift; path = ItemView.swift; sourceTree = "<group>"; };
		F109EE9021E4D4B300FCC696 /* ItemView+Create.swift */ = {isa = PBXFileReference; lastKnownFileType = sourcecode.swift; path = "ItemView+Create.swift"; sourceTree = "<group>"; };
		F109EE9521E4D58800FCC696 /* BottomBar.swift */ = {isa = PBXFileReference; lastKnownFileType = sourcecode.swift; path = BottomBar.swift; sourceTree = "<group>"; };
		F109EE9721E4D5A500FCC696 /* BottomBar+Constant.swift */ = {isa = PBXFileReference; lastKnownFileType = sourcecode.swift; path = "BottomBar+Constant.swift"; sourceTree = "<group>"; };
		F109EE9921E4D5D900FCC696 /* TopBar+Constant.swift */ = {isa = PBXFileReference; lastKnownFileType = sourcecode.swift; path = "TopBar+Constant.swift"; sourceTree = "<group>"; };
		F109EE9C21E5EA9500FCC696 /* CardView+Constant.swift */ = {isa = PBXFileReference; lastKnownFileType = sourcecode.swift; path = "CardView+Constant.swift"; sourceTree = "<group>"; };
		F114AEDB21ABC18F00942A28 /* AnimationTestView.swift */ = {isa = PBXFileReference; lastKnownFileType = sourcecode.swift; path = AnimationTestView.swift; sourceTree = "<group>"; };
		F14FADE021F3980F00ACE5FF /* ConstraintKind+SpaceBetween.swift */ = {isa = PBXFileReference; lastKnownFileType = sourcecode.swift; path = "ConstraintKind+SpaceBetween.swift"; sourceTree = "<group>"; };
		F14FADE221F398C000ACE5FF /* ConstraintKind+SpaceAround.swift */ = {isa = PBXFileReference; lastKnownFileType = sourcecode.swift; path = "ConstraintKind+SpaceAround.swift"; sourceTree = "<group>"; };
		F151DDA821738B2C00AA0ABE /* TopBar.swift */ = {isa = PBXFileReference; lastKnownFileType = sourcecode.swift; path = TopBar.swift; sourceTree = "<group>"; };
		F151DDAB21738CAF00AA0ABE /* Constants.swift */ = {isa = PBXFileReference; lastKnownFileType = sourcecode.swift; path = Constants.swift; sourceTree = "<group>"; };
		F151DDBB2173CABC00AA0ABE /* CardView.swift */ = {isa = PBXFileReference; lastKnownFileType = sourcecode.swift; path = CardView.swift; sourceTree = "<group>"; };
		F17E0E2921DE2EBE00EE3027 /* CardView+Create.swift */ = {isa = PBXFileReference; fileEncoding = 4; lastKnownFileType = sourcecode.swift; path = "CardView+Create.swift"; sourceTree = "<group>"; };
		F17E0E2B21DE31A800EE3027 /* ConstraintKind+Type.swift */ = {isa = PBXFileReference; lastKnownFileType = sourcecode.swift; path = "ConstraintKind+Type.swift"; sourceTree = "<group>"; };
		F17E0E2D21DE327B00EE3027 /* ConstraintKind+Bulk.swift */ = {isa = PBXFileReference; lastKnownFileType = sourcecode.swift; path = "ConstraintKind+Bulk.swift"; sourceTree = "<group>"; };
		F17E0E2F21DE364D00EE3027 /* Constraint+Activate+Bulk.swift */ = {isa = PBXFileReference; lastKnownFileType = sourcecode.swift; path = "Constraint+Activate+Bulk.swift"; sourceTree = "<group>"; };
		F17E0E3121DE36F300EE3027 /* Constraint+Type.swift */ = {isa = PBXFileReference; lastKnownFileType = sourcecode.swift; path = "Constraint+Type.swift"; sourceTree = "<group>"; };
		F17E0E3521DF29E100EE3027 /* Constraint+Anchor.swift */ = {isa = PBXFileReference; lastKnownFileType = sourcecode.swift; path = "Constraint+Anchor.swift"; sourceTree = "<group>"; };
		F17E0E3721DF2A8D00EE3027 /* Constraint+Size.swift */ = {isa = PBXFileReference; lastKnownFileType = sourcecode.swift; path = "Constraint+Size.swift"; sourceTree = "<group>"; };
		F17E0E3921DF33E100EE3027 /* ConstraintKind+Update.swift */ = {isa = PBXFileReference; lastKnownFileType = sourcecode.swift; path = "ConstraintKind+Update.swift"; sourceTree = "<group>"; };
		F17E0E3D21DF356900EE3027 /* ConstraintView.swift */ = {isa = PBXFileReference; lastKnownFileType = sourcecode.swift; path = ConstraintView.swift; sourceTree = "<group>"; };
		F17E0E3F21DF35DF00EE3027 /* ConstraintKind.swift */ = {isa = PBXFileReference; lastKnownFileType = sourcecode.swift; path = ConstraintKind.swift; sourceTree = "<group>"; };
		F17E0E4221DF467E00EE3027 /* AnimationTestView+Create.swift */ = {isa = PBXFileReference; lastKnownFileType = sourcecode.swift; path = "AnimationTestView+Create.swift"; sourceTree = "<group>"; };
		F17E38722174C15D009C10B2 /* MainView.swift */ = {isa = PBXFileReference; lastKnownFileType = sourcecode.swift; path = MainView.swift; sourceTree = "<group>"; };
		F185A39F2231974E00AE66B2 /* Hybrid.swift */ = {isa = PBXFileReference; lastKnownFileType = sourcecode.swift; path = Hybrid.swift; sourceTree = "<group>"; };
		F185A3A622319E8E00AE66B2 /* Spatial_macOS.framework */ = {isa = PBXFileReference; explicitFileType = wrapper.framework; includeInIndex = 0; path = Spatial_macOS.framework; sourceTree = BUILT_PRODUCTS_DIR; };
		F185A3A822319E8E00AE66B2 /* Spatial_macOS.h */ = {isa = PBXFileReference; lastKnownFileType = sourcecode.c.h; path = Spatial_macOS.h; sourceTree = "<group>"; };
		F185A3A922319E8E00AE66B2 /* Info.plist */ = {isa = PBXFileReference; lastKnownFileType = text.plist.xml; path = Info.plist; sourceTree = "<group>"; };
		F1BD0416219B06F200A4A46F /* ConstraintKind+Animate.swift */ = {isa = PBXFileReference; lastKnownFileType = sourcecode.swift; path = "ConstraintKind+Animate.swift"; sourceTree = "<group>"; };
		F1BED6FE21B7A99000A0D3D4 /* AlignType.swift */ = {isa = PBXFileReference; lastKnownFileType = sourcecode.swift; path = AlignType.swift; sourceTree = "<group>"; };
		F1BED70021B7A99D00A0D3D4 /* AxisType.swift */ = {isa = PBXFileReference; lastKnownFileType = sourcecode.swift; path = AxisType.swift; sourceTree = "<group>"; };
		F1BED70221B7A9AE00A0D3D4 /* HorizontalAlign.swift */ = {isa = PBXFileReference; lastKnownFileType = sourcecode.swift; path = HorizontalAlign.swift; sourceTree = "<group>"; };
		F1BED70421B7A9BB00A0D3D4 /* VerticalAlign.swift */ = {isa = PBXFileReference; lastKnownFileType = sourcecode.swift; path = VerticalAlign.swift; sourceTree = "<group>"; };
		F1BED70621B7AAFE00A0D3D4 /* Axis.swift */ = {isa = PBXFileReference; lastKnownFileType = sourcecode.swift; path = Axis.swift; sourceTree = "<group>"; };
		F1BED70821B7B12400A0D3D4 /* Alignment+Extension.swift */ = {isa = PBXFileReference; lastKnownFileType = sourcecode.swift; path = "Alignment+Extension.swift"; sourceTree = "<group>"; };
		F1BED70A21B7B14B00A0D3D4 /* AlignType+Extension.swift */ = {isa = PBXFileReference; lastKnownFileType = sourcecode.swift; path = "AlignType+Extension.swift"; sourceTree = "<group>"; };
		F1C624FC21C789790082A265 /* Extension.swift */ = {isa = PBXFileReference; fileEncoding = 4; lastKnownFileType = sourcecode.swift; path = Extension.swift; sourceTree = "<group>"; };
		F1C624FE21C789830082A265 /* MainView+Create.swift */ = {isa = PBXFileReference; fileEncoding = 4; lastKnownFileType = sourcecode.swift; path = "MainView+Create.swift"; sourceTree = "<group>"; };
		F1D369D72171FCDC00F498FA /* Spatial.framework */ = {isa = PBXFileReference; explicitFileType = wrapper.framework; includeInIndex = 0; path = Spatial.framework; sourceTree = BUILT_PRODUCTS_DIR; };
		F1D369DA2171FCDC00F498FA /* Spatial.h */ = {isa = PBXFileReference; lastKnownFileType = sourcecode.c.h; path = Spatial.h; sourceTree = "<group>"; };
		F1D369DB2171FCDC00F498FA /* Info.plist */ = {isa = PBXFileReference; lastKnownFileType = text.plist.xml; path = Info.plist; sourceTree = "<group>"; };
		F1D369E62171FDAE00F498FA /* SpatialExample.app */ = {isa = PBXFileReference; explicitFileType = wrapper.application; includeInIndex = 0; path = SpatialExample.app; sourceTree = BUILT_PRODUCTS_DIR; };
		F1D369E82171FDAE00F498FA /* AppDelegate.swift */ = {isa = PBXFileReference; lastKnownFileType = sourcecode.swift; path = AppDelegate.swift; sourceTree = "<group>"; };
		F1D369EF2171FDAF00F498FA /* Assets.xcassets */ = {isa = PBXFileReference; lastKnownFileType = folder.assetcatalog; path = Assets.xcassets; sourceTree = "<group>"; };
		F1D369F22171FDAF00F498FA /* Base */ = {isa = PBXFileReference; lastKnownFileType = file.storyboard; name = Base; path = Base.lproj/LaunchScreen.storyboard; sourceTree = "<group>"; };
		F1D369F42171FDAF00F498FA /* Info.plist */ = {isa = PBXFileReference; lastKnownFileType = text.plist.xml; path = Info.plist; sourceTree = "<group>"; };
		F1D369FC2172039B00F498FA /* Alignment.swift */ = {isa = PBXFileReference; fileEncoding = 4; lastKnownFileType = sourcecode.swift; path = Alignment.swift; sourceTree = "<group>"; };
		F1D369FD2172039B00F498FA /* ConstraintKind+Apply.swift */ = {isa = PBXFileReference; fileEncoding = 4; lastKnownFileType = sourcecode.swift; path = "ConstraintKind+Apply.swift"; sourceTree = "<group>"; };
		F1D369FF2172039B00F498FA /* Constraint+Activate.swift */ = {isa = PBXFileReference; fileEncoding = 4; lastKnownFileType = sourcecode.swift; path = "Constraint+Activate.swift"; sourceTree = "<group>"; };
		F1FC84D32174E6B800D01B72 /* MiddleContent.swift */ = {isa = PBXFileReference; lastKnownFileType = sourcecode.swift; path = MiddleContent.swift; sourceTree = "<group>"; };
/* End PBXFileReference section */

/* Begin PBXFrameworksBuildPhase section */
		F185A3A322319E8E00AE66B2 /* Frameworks */ = {
			isa = PBXFrameworksBuildPhase;
			buildActionMask = 2147483647;
			files = (
			);
			runOnlyForDeploymentPostprocessing = 0;
		};
		F1D369D42171FCDC00F498FA /* Frameworks */ = {
			isa = PBXFrameworksBuildPhase;
			buildActionMask = 2147483647;
			files = (
			);
			runOnlyForDeploymentPostprocessing = 0;
		};
		F1D369E32171FDAE00F498FA /* Frameworks */ = {
			isa = PBXFrameworksBuildPhase;
			buildActionMask = 2147483647;
			files = (
			);
			runOnlyForDeploymentPostprocessing = 0;
		};
/* End PBXFrameworksBuildPhase section */

/* Begin PBXGroup section */
		F109EE6821E3775E00FCC696 /* spaceTest */ = {
			isa = PBXGroup;
			children = (
				F109EE6421E10A4800FCC696 /* SpacingTestView.swift */,
				F109EE6621E3771700FCC696 /* SpacingTestView+Create.swift */,
			);
			path = spaceTest;
			sourceTree = "<group>";
		};
		F109EE8B21E4D40D00FCC696 /* middle */ = {
			isa = PBXGroup;
			children = (
				F1FC84D32174E6B800D01B72 /* MiddleContent.swift */,
				F109EE8C21E4D42200FCC696 /* MiddleContent+Create.swift */,
				F109EE9221E4D52E00FCC696 /* itemView */,
			);
			path = middle;
			sourceTree = "<group>";
		};
		F109EE9221E4D52E00FCC696 /* itemView */ = {
			isa = PBXGroup;
			children = (
				F109EE8E21E4D48A00FCC696 /* ItemView.swift */,
				F109EE9021E4D4B300FCC696 /* ItemView+Create.swift */,
			);
			path = itemView;
			sourceTree = "<group>";
		};
		F109EE9321E4D57100FCC696 /* top */ = {
			isa = PBXGroup;
			children = (
				F151DDA821738B2C00AA0ABE /* TopBar.swift */,
				F109EE9921E4D5D900FCC696 /* TopBar+Constant.swift */,
			);
			path = top;
			sourceTree = "<group>";
		};
		F109EE9421E4D57900FCC696 /* bottom */ = {
			isa = PBXGroup;
			children = (
				F109EE9521E4D58800FCC696 /* BottomBar.swift */,
				F109EE9721E4D5A500FCC696 /* BottomBar+Constant.swift */,
			);
			path = bottom;
			sourceTree = "<group>";
		};
		F109EE9B21E5DAC500FCC696 /* main */ = {
			isa = PBXGroup;
			children = (
				F1FC84D22174E6A600D01B72 /* card */,
				F17E38722174C15D009C10B2 /* MainView.swift */,
				F1C624FE21C789830082A265 /* MainView+Create.swift */,
			);
			path = main;
			sourceTree = "<group>";
		};
		F151DDA721738B1C00AA0ABE /* view */ = {
			isa = PBXGroup;
			children = (
				F109EE8721E49AF100FCC696 /* VC.swift */,
				F109EE8921E49B6600FCC696 /* VC+Create.swift */,
				F109EE9B21E5DAC500FCC696 /* main */,
				F109EE6821E3775E00FCC696 /* spaceTest */,
				F17E0E4421DF46B700EE3027 /* animTest */,
			);
			path = view;
			sourceTree = "<group>";
		};
		F17E0E3B21DF343500EE3027 /* anim */ = {
			isa = PBXGroup;
			children = (
				F1BD0416219B06F200A4A46F /* ConstraintKind+Animate.swift */,
				F17E0E3921DF33E100EE3027 /* ConstraintKind+Update.swift */,
			);
			path = anim;
			sourceTree = "<group>";
		};
		F17E0E3C21DF355D00EE3027 /* extra */ = {
			isa = PBXGroup;
			children = (
				F17E0E3D21DF356900EE3027 /* ConstraintView.swift */,
			);
			path = extra;
			sourceTree = "<group>";
		};
		F17E0E4421DF46B700EE3027 /* animTest */ = {
			isa = PBXGroup;
			children = (
				F114AEDB21ABC18F00942A28 /* AnimationTestView.swift */,
				F17E0E4221DF467E00EE3027 /* AnimationTestView+Create.swift */,
			);
			path = animTest;
			sourceTree = "<group>";
		};
		F185A39E2231969100AE66B2 /* common */ = {
			isa = PBXGroup;
			children = (
				F185A39F2231974E00AE66B2 /* Hybrid.swift */,
			);
			path = common;
			sourceTree = "<group>";
		};
		F185A3A722319E8E00AE66B2 /* Spatial-macOS */ = {
			isa = PBXGroup;
			children = (
				F185A3A822319E8E00AE66B2 /* Spatial_macOS.h */,
				F185A3A922319E8E00AE66B2 /* Info.plist */,
			);
			path = "Spatial-macOS";
			sourceTree = "<group>";
		};
		F1BBDD132180B4FD008DBC9B /* content */ = {
			isa = PBXGroup;
			children = (
				F109EE9321E4D57100FCC696 /* top */,
				F109EE8B21E4D40D00FCC696 /* middle */,
				F109EE9421E4D57900FCC696 /* bottom */,
			);
			path = content;
			sourceTree = "<group>";
		};
		F1BED6FD21B7A97300A0D3D4 /* align */ = {
			isa = PBXGroup;
			children = (
				F1D369FC2172039B00F498FA /* Alignment.swift */,
				F1BED70821B7B12400A0D3D4 /* Alignment+Extension.swift */,
				F1BED70621B7AAFE00A0D3D4 /* Axis.swift */,
				F1BED70221B7A9AE00A0D3D4 /* HorizontalAlign.swift */,
				F1BED70421B7A9BB00A0D3D4 /* VerticalAlign.swift */,
				F1BED70021B7A99D00A0D3D4 /* AxisType.swift */,
				F1BED6FE21B7A99000A0D3D4 /* AlignType.swift */,
				F1BED70A21B7B14B00A0D3D4 /* AlignType+Extension.swift */,
			);
			path = align;
			sourceTree = "<group>";
		};
		F1BED70C21B7B2D600A0D3D4 /* constraint */ = {
			isa = PBXGroup;
			children = (
				F109EE6A21E382D100FCC696 /* Constraint+Access.swift */,
				F17E0E3521DF29E100EE3027 /* Constraint+Anchor.swift */,
				F17E0E3721DF2A8D00EE3027 /* Constraint+Size.swift */,
				F1D369FF2172039B00F498FA /* Constraint+Activate.swift */,
				F17E0E2F21DE364D00EE3027 /* Constraint+Activate+Bulk.swift */,
				F17E0E3121DE36F300EE3027 /* Constraint+Type.swift */,
				F10213CB218756310038F496 /* Constraint+Distribution.swift */,
			);
			path = constraint;
			sourceTree = "<group>";
		};
		F1BED70D21B7B2F200A0D3D4 /* type */ = {
			isa = PBXGroup;
			children = (
				F109EE6C21E383F000FCC696 /* ConstraintKind+Access.swift */,
				F1D369FD2172039B00F498FA /* ConstraintKind+Apply.swift */,
				F17E0E2D21DE327B00EE3027 /* ConstraintKind+Bulk.swift */,
				F17E0E2B21DE31A800EE3027 /* ConstraintKind+Type.swift */,
				F17E0E3F21DF35DF00EE3027 /* ConstraintKind.swift */,
				F14FADE021F3980F00ACE5FF /* ConstraintKind+SpaceBetween.swift */,
				F14FADE221F398C000ACE5FF /* ConstraintKind+SpaceAround.swift */,
				F17E0E3C21DF355D00EE3027 /* extra */,
				F17E0E3B21DF343500EE3027 /* anim */,
			);
			path = type;
			sourceTree = "<group>";
		};
		F1C624FB21C789790082A265 /* common */ = {
			isa = PBXGroup;
			children = (
				F151DDAB21738CAF00AA0ABE /* Constants.swift */,
				F1C624FC21C789790082A265 /* Extension.swift */,
			);
			path = common;
			sourceTree = "<group>";
		};
		F1D369CD2171FCDC00F498FA = {
			isa = PBXGroup;
			children = (
				F1D369E72171FDAE00F498FA /* SpatialExample */,
				F1D369D92171FCDC00F498FA /* Spatial */,
				F185A3A722319E8E00AE66B2 /* Spatial-macOS */,
				F1D369D82171FCDC00F498FA /* Products */,
				F1D369FA2171FECE00F498FA /* Frameworks */,
			);
			sourceTree = "<group>";
		};
		F1D369D82171FCDC00F498FA /* Products */ = {
			isa = PBXGroup;
			children = (
				F1D369D72171FCDC00F498FA /* Spatial.framework */,
				F1D369E62171FDAE00F498FA /* SpatialExample.app */,
				F185A3A622319E8E00AE66B2 /* Spatial_macOS.framework */,
			);
			name = Products;
			sourceTree = "<group>";
		};
		F1D369D92171FCDC00F498FA /* Spatial */ = {
			isa = PBXGroup;
			children = (
				F1D36A04217203AA00F498FA /* src */,
				F1D369DA2171FCDC00F498FA /* Spatial.h */,
				F1D369DB2171FCDC00F498FA /* Info.plist */,
			);
			path = Spatial;
			sourceTree = "<group>";
		};
		F1D369E72171FDAE00F498FA /* SpatialExample */ = {
			isa = PBXGroup;
			children = (
				F151DDA721738B1C00AA0ABE /* view */,
				F1D369E82171FDAE00F498FA /* AppDelegate.swift */,
				F1C624FB21C789790082A265 /* common */,
				F1D369EF2171FDAF00F498FA /* Assets.xcassets */,
				F1D369F12171FDAF00F498FA /* LaunchScreen.storyboard */,
				F1D369F42171FDAF00F498FA /* Info.plist */,
			);
			path = SpatialExample;
			sourceTree = "<group>";
		};
		F1D369FA2171FECE00F498FA /* Frameworks */ = {
			isa = PBXGroup;
			children = (
			);
			name = Frameworks;
			sourceTree = "<group>";
		};
		F1D36A04217203AA00F498FA /* src */ = {
			isa = PBXGroup;
			children = (
				F185A39E2231969100AE66B2 /* common */,
				F1BED70D21B7B2F200A0D3D4 /* type */,
				F1BED70C21B7B2D600A0D3D4 /* constraint */,
				F1BED6FD21B7A97300A0D3D4 /* align */,
			);
			path = src;
			sourceTree = "<group>";
		};
		F1FC84D22174E6A600D01B72 /* card */ = {
			isa = PBXGroup;
			children = (
				F151DDBB2173CABC00AA0ABE /* CardView.swift */,
				F17E0E2921DE2EBE00EE3027 /* CardView+Create.swift */,
				F109EE9C21E5EA9500FCC696 /* CardView+Constant.swift */,
				F1BBDD132180B4FD008DBC9B /* content */,
			);
			path = card;
			sourceTree = "<group>";
		};
/* End PBXGroup section */

/* Begin PBXHeadersBuildPhase section */
		F185A3A122319E8E00AE66B2 /* Headers */ = {
			isa = PBXHeadersBuildPhase;
			buildActionMask = 2147483647;
			files = (
				F185A3AA22319E8E00AE66B2 /* Spatial_macOS.h in Headers */,
			);
			runOnlyForDeploymentPostprocessing = 0;
		};
		F1D369D22171FCDC00F498FA /* Headers */ = {
			isa = PBXHeadersBuildPhase;
			buildActionMask = 2147483647;
			files = (
				F1D369DC2171FCDC00F498FA /* Spatial.h in Headers */,
			);
			runOnlyForDeploymentPostprocessing = 0;
		};
/* End PBXHeadersBuildPhase section */

/* Begin PBXNativeTarget section */
		F185A3A522319E8E00AE66B2 /* Spatial-macOS */ = {
			isa = PBXNativeTarget;
			buildConfigurationList = F185A3AB22319E8E00AE66B2 /* Build configuration list for PBXNativeTarget "Spatial-macOS" */;
			buildPhases = (
				F185A3A122319E8E00AE66B2 /* Headers */,
				F185A3A222319E8E00AE66B2 /* Sources */,
				F185A3A322319E8E00AE66B2 /* Frameworks */,
				F185A3A422319E8E00AE66B2 /* Resources */,
			);
			buildRules = (
			);
			dependencies = (
			);
			name = "Spatial-macOS";
			productName = "Spatial-macOS";
			productReference = F185A3A622319E8E00AE66B2 /* Spatial_macOS.framework */;
			productType = "com.apple.product-type.framework";
		};
		F1D369D62171FCDC00F498FA /* Spatial */ = {
			isa = PBXNativeTarget;
			buildConfigurationList = F1D369DF2171FCDC00F498FA /* Build configuration list for PBXNativeTarget "Spatial" */;
			buildPhases = (
				F1D369D22171FCDC00F498FA /* Headers */,
				F1D369D32171FCDC00F498FA /* Sources */,
				F1D369D42171FCDC00F498FA /* Frameworks */,
				F1D369D52171FCDC00F498FA /* Resources */,
			);
			buildRules = (
			);
			dependencies = (
			);
			name = Spatial;
			productName = Spatial;
			productReference = F1D369D72171FCDC00F498FA /* Spatial.framework */;
			productType = "com.apple.product-type.framework";
		};
		F1D369E52171FDAE00F498FA /* SpatialExample */ = {
			isa = PBXNativeTarget;
			buildConfigurationList = F1D369F72171FDAF00F498FA /* Build configuration list for PBXNativeTarget "SpatialExample" */;
			buildPhases = (
				F1D369E22171FDAE00F498FA /* Sources */,
				F1D369E32171FDAE00F498FA /* Frameworks */,
				F1D369E42171FDAE00F498FA /* Resources */,
				F151DDBA21739BF500AA0ABE /* Embed Frameworks */,
			);
			buildRules = (
			);
			dependencies = (
				F151DDB921739BF500AA0ABE /* PBXTargetDependency */,
			);
			name = SpatialExample;
			productName = SpatialExample;
			productReference = F1D369E62171FDAE00F498FA /* SpatialExample.app */;
			productType = "com.apple.product-type.application";
		};
/* End PBXNativeTarget section */

/* Begin PBXProject section */
		F1D369CE2171FCDC00F498FA /* Project object */ = {
			isa = PBXProject;
			attributes = {
				LastSwiftUpdateCheck = 1000;
				LastUpgradeCheck = 1000;
				ORGANIZATIONNAME = FutureLab;
				TargetAttributes = {
					F185A3A522319E8E00AE66B2 = {
						CreatedOnToolsVersion = 10.1;
					};
					F1D369D62171FCDC00F498FA = {
						CreatedOnToolsVersion = 10.0;
						LastSwiftMigration = 1000;
					};
					F1D369E52171FDAE00F498FA = {
						CreatedOnToolsVersion = 10.0;
					};
				};
			};
			buildConfigurationList = F1D369D12171FCDC00F498FA /* Build configuration list for PBXProject "Spatial" */;
			compatibilityVersion = "Xcode 9.3";
			developmentRegion = en;
			hasScannedForEncodings = 0;
			knownRegions = (
				en,
				Base,
			);
			mainGroup = F1D369CD2171FCDC00F498FA;
			productRefGroup = F1D369D82171FCDC00F498FA /* Products */;
			projectDirPath = "";
			projectRoot = "";
			targets = (
				F1D369D62171FCDC00F498FA /* Spatial */,
				F1D369E52171FDAE00F498FA /* SpatialExample */,
				F185A3A522319E8E00AE66B2 /* Spatial-macOS */,
			);
		};
/* End PBXProject section */

/* Begin PBXResourcesBuildPhase section */
		F185A3A422319E8E00AE66B2 /* Resources */ = {
			isa = PBXResourcesBuildPhase;
			buildActionMask = 2147483647;
			files = (
			);
			runOnlyForDeploymentPostprocessing = 0;
		};
		F1D369D52171FCDC00F498FA /* Resources */ = {
			isa = PBXResourcesBuildPhase;
			buildActionMask = 2147483647;
			files = (
			);
			runOnlyForDeploymentPostprocessing = 0;
		};
		F1D369E42171FDAE00F498FA /* Resources */ = {
			isa = PBXResourcesBuildPhase;
			buildActionMask = 2147483647;
			files = (
				F1D369F32171FDAF00F498FA /* LaunchScreen.storyboard in Resources */,
				F1D369F02171FDAF00F498FA /* Assets.xcassets in Resources */,
			);
			runOnlyForDeploymentPostprocessing = 0;
		};
/* End PBXResourcesBuildPhase section */

/* Begin PBXSourcesBuildPhase section */
		F185A3A222319E8E00AE66B2 /* Sources */ = {
			isa = PBXSourcesBuildPhase;
			buildActionMask = 2147483647;
			files = (
				F185A3C522319EAC00AE66B2 /* AxisType.swift in Sources */,
				F185A3BF22319EAC00AE66B2 /* Constraint+Distribution.swift in Sources */,
				F185A3BA22319EAC00AE66B2 /* Constraint+Anchor.swift in Sources */,
				F185A3BB22319EAC00AE66B2 /* Constraint+Size.swift in Sources */,
				F185A3B922319EAC00AE66B2 /* Constraint+Access.swift in Sources */,
				F185A3C622319EAC00AE66B2 /* AlignType.swift in Sources */,
				F185A3BD22319EAC00AE66B2 /* Constraint+Activate+Bulk.swift in Sources */,
				F185A3B622319EAC00AE66B2 /* ConstraintView.swift in Sources */,
				F185A3B422319EAC00AE66B2 /* ConstraintKind+SpaceBetween.swift in Sources */,
				F185A3C722319EAC00AE66B2 /* AlignType+Extension.swift in Sources */,
				F185A3C322319EAC00AE66B2 /* HorizontalAlign.swift in Sources */,
				F185A3B722319EAC00AE66B2 /* ConstraintKind+Animate.swift in Sources */,
				F185A3BE22319EAC00AE66B2 /* Constraint+Type.swift in Sources */,
				F185A3B122319EAC00AE66B2 /* ConstraintKind+Bulk.swift in Sources */,
				F185A3C022319EAC00AE66B2 /* Alignment.swift in Sources */,
				F185A3BC22319EAC00AE66B2 /* Constraint+Activate.swift in Sources */,
				F185A3B022319EAC00AE66B2 /* ConstraintKind+Apply.swift in Sources */,
				F185A3AF22319EAC00AE66B2 /* ConstraintKind+Access.swift in Sources */,
				F185A3B822319EAC00AE66B2 /* ConstraintKind+Update.swift in Sources */,
				F185A3C422319EAC00AE66B2 /* VerticalAlign.swift in Sources */,
				F185A3B522319EAC00AE66B2 /* ConstraintKind+SpaceAround.swift in Sources */,
				F185A3C222319EAC00AE66B2 /* Axis.swift in Sources */,
				F185A3B222319EAC00AE66B2 /* ConstraintKind+Type.swift in Sources */,
				F185A3B322319EAC00AE66B2 /* ConstraintKind.swift in Sources */,
				F185A3AE22319EAC00AE66B2 /* Hybrid.swift in Sources */,
				F185A3C122319EAC00AE66B2 /* Alignment+Extension.swift in Sources */,
			);
			runOnlyForDeploymentPostprocessing = 0;
		};
		F1D369D32171FCDC00F498FA /* Sources */ = {
			isa = PBXSourcesBuildPhase;
			buildActionMask = 2147483647;
			files = (
				F17E0E3E21DF356900EE3027 /* ConstraintView.swift in Sources */,
				F1D36A012172039B00F498FA /* ConstraintKind+Apply.swift in Sources */,
				F10213CD218756310038F496 /* Constraint+Distribution.swift in Sources */,
				F1BED70B21B7B14B00A0D3D4 /* AlignType+Extension.swift in Sources */,
				F1BED70121B7A99D00A0D3D4 /* AxisType.swift in Sources */,
				F1BD0417219B06F200A4A46F /* ConstraintKind+Animate.swift in Sources */,
				F1BED70921B7B12400A0D3D4 /* Alignment+Extension.swift in Sources */,
				F185A3A02231974E00AE66B2 /* Hybrid.swift in Sources */,
				F17E0E3221DE36F300EE3027 /* Constraint+Type.swift in Sources */,
				F17E0E2E21DE327B00EE3027 /* ConstraintKind+Bulk.swift in Sources */,
				F109EE6D21E383F000FCC696 /* ConstraintKind+Access.swift in Sources */,
				F17E0E2C21DE31A800EE3027 /* ConstraintKind+Type.swift in Sources */,
				F1D36A032172039B00F498FA /* Constraint+Activate.swift in Sources */,
				F14FADE121F3980F00ACE5FF /* ConstraintKind+SpaceBetween.swift in Sources */,
				F17E0E4021DF35DF00EE3027 /* ConstraintKind.swift in Sources */,
				F14FADE321F398C000ACE5FF /* ConstraintKind+SpaceAround.swift in Sources */,
				F1BED70521B7A9BB00A0D3D4 /* VerticalAlign.swift in Sources */,
				F1BED70321B7A9AE00A0D3D4 /* HorizontalAlign.swift in Sources */,
				F1D36A002172039B00F498FA /* Alignment.swift in Sources */,
				F17E0E3A21DF33E100EE3027 /* ConstraintKind+Update.swift in Sources */,
				F17E0E3821DF2A8D00EE3027 /* Constraint+Size.swift in Sources */,
				F1BED70721B7AAFE00A0D3D4 /* Axis.swift in Sources */,
				F109EE6B21E382D100FCC696 /* Constraint+Access.swift in Sources */,
				F17E0E3021DE364D00EE3027 /* Constraint+Activate+Bulk.swift in Sources */,
				F1BED6FF21B7A99000A0D3D4 /* AlignType.swift in Sources */,
				F17E0E3621DF29E100EE3027 /* Constraint+Anchor.swift in Sources */,
			);
			runOnlyForDeploymentPostprocessing = 0;
		};
		F1D369E22171FDAE00F498FA /* Sources */ = {
			isa = PBXSourcesBuildPhase;
			buildActionMask = 2147483647;
			files = (
				F114AEDC21ABC18F00942A28 /* AnimationTestView.swift in Sources */,
				F109EE8D21E4D42200FCC696 /* MiddleContent+Create.swift in Sources */,
				F109EE8821E49AF100FCC696 /* VC.swift in Sources */,
				F151DDAC21738CAF00AA0ABE /* Constants.swift in Sources */,
				F109EE9121E4D4B300FCC696 /* ItemView+Create.swift in Sources */,
				F17E38732174C15D009C10B2 /* MainView.swift in Sources */,
				F17E0E4321DF467E00EE3027 /* AnimationTestView+Create.swift in Sources */,
				F1C624FD21C789790082A265 /* Extension.swift in Sources */,
				F151DDBC2173CABC00AA0ABE /* CardView.swift in Sources */,
				F109EE6721E3771700FCC696 /* SpacingTestView+Create.swift in Sources */,
				F109EE9A21E4D5D900FCC696 /* TopBar+Constant.swift in Sources */,
				F17E0E2A21DE2EBE00EE3027 /* CardView+Create.swift in Sources */,
				F1D369E92171FDAE00F498FA /* AppDelegate.swift in Sources */,
				F109EE6521E10A4800FCC696 /* SpacingTestView.swift in Sources */,
				F109EE8F21E4D48A00FCC696 /* ItemView.swift in Sources */,
				F1FC84D42174E6B800D01B72 /* MiddleContent.swift in Sources */,
				F109EE9D21E5EA9500FCC696 /* CardView+Constant.swift in Sources */,
				F109EE9621E4D58800FCC696 /* BottomBar.swift in Sources */,
				F109EE9821E4D5A500FCC696 /* BottomBar+Constant.swift in Sources */,
				F1C624FF21C789830082A265 /* MainView+Create.swift in Sources */,
				F151DDA921738B2C00AA0ABE /* TopBar.swift in Sources */,
				F109EE8A21E49B6600FCC696 /* VC+Create.swift in Sources */,
			);
			runOnlyForDeploymentPostprocessing = 0;
		};
/* End PBXSourcesBuildPhase section */

/* Begin PBXTargetDependency section */
		F151DDB921739BF500AA0ABE /* PBXTargetDependency */ = {
			isa = PBXTargetDependency;
			target = F1D369D62171FCDC00F498FA /* Spatial */;
			targetProxy = F151DDB821739BF500AA0ABE /* PBXContainerItemProxy */;
		};
/* End PBXTargetDependency section */

/* Begin PBXVariantGroup section */
		F1D369F12171FDAF00F498FA /* LaunchScreen.storyboard */ = {
			isa = PBXVariantGroup;
			children = (
				F1D369F22171FDAF00F498FA /* Base */,
			);
			name = LaunchScreen.storyboard;
			sourceTree = "<group>";
		};
/* End PBXVariantGroup section */

/* Begin XCBuildConfiguration section */
		F185A3AC22319E8E00AE66B2 /* Debug */ = {
			isa = XCBuildConfiguration;
			buildSettings = {
				CODE_SIGN_IDENTITY = "-";
				CODE_SIGN_STYLE = Automatic;
				COMBINE_HIDPI_IMAGES = YES;
				DEFINES_MODULE = YES;
				DYLIB_COMPATIBILITY_VERSION = 1;
				DYLIB_CURRENT_VERSION = 1;
				DYLIB_INSTALL_NAME_BASE = "@rpath";
				FRAMEWORK_VERSION = A;
				INFOPLIST_FILE = "Spatial-macOS/Info.plist";
				INSTALL_PATH = "$(LOCAL_LIBRARY_DIR)/Frameworks";
				LD_RUNPATH_SEARCH_PATHS = (
					"$(inherited)",
					"@executable_path/../Frameworks",
					"@loader_path/Frameworks",
				);
				MACOSX_DEPLOYMENT_TARGET = 10.14;
				PRODUCT_BUNDLE_IDENTIFIER = "io.github.futurelab.Spatial-macOS";
				PRODUCT_NAME = "$(TARGET_NAME:c99extidentifier)";
				SDKROOT = macosx;
				SKIP_INSTALL = YES;
				SWIFT_VERSION = 4.2;
			};
			name = Debug;
		};
		F185A3AD22319E8E00AE66B2 /* Release */ = {
			isa = XCBuildConfiguration;
			buildSettings = {
				CODE_SIGN_IDENTITY = "-";
				CODE_SIGN_STYLE = Automatic;
				COMBINE_HIDPI_IMAGES = YES;
				DEFINES_MODULE = YES;
				DYLIB_COMPATIBILITY_VERSION = 1;
				DYLIB_CURRENT_VERSION = 1;
				DYLIB_INSTALL_NAME_BASE = "@rpath";
				FRAMEWORK_VERSION = A;
				INFOPLIST_FILE = "Spatial-macOS/Info.plist";
				INSTALL_PATH = "$(LOCAL_LIBRARY_DIR)/Frameworks";
				LD_RUNPATH_SEARCH_PATHS = (
					"$(inherited)",
					"@executable_path/../Frameworks",
					"@loader_path/Frameworks",
				);
				MACOSX_DEPLOYMENT_TARGET = 10.14;
				PRODUCT_BUNDLE_IDENTIFIER = "io.github.futurelab.Spatial-macOS";
				PRODUCT_NAME = "$(TARGET_NAME:c99extidentifier)";
				SDKROOT = macosx;
				SKIP_INSTALL = YES;
				SWIFT_VERSION = 4.2;
			};
			name = Release;
		};
		F1D369DD2171FCDC00F498FA /* Debug */ = {
			isa = XCBuildConfiguration;
			buildSettings = {
				ALWAYS_SEARCH_USER_PATHS = NO;
				CLANG_ANALYZER_NONNULL = YES;
				CLANG_ANALYZER_NUMBER_OBJECT_CONVERSION = YES_AGGRESSIVE;
				CLANG_CXX_LANGUAGE_STANDARD = "gnu++14";
				CLANG_CXX_LIBRARY = "libc++";
				CLANG_ENABLE_MODULES = YES;
				CLANG_ENABLE_OBJC_ARC = YES;
				CLANG_ENABLE_OBJC_WEAK = YES;
				CLANG_WARN_BLOCK_CAPTURE_AUTORELEASING = YES;
				CLANG_WARN_BOOL_CONVERSION = YES;
				CLANG_WARN_COMMA = YES;
				CLANG_WARN_CONSTANT_CONVERSION = YES;
				CLANG_WARN_DEPRECATED_OBJC_IMPLEMENTATIONS = YES;
				CLANG_WARN_DIRECT_OBJC_ISA_USAGE = YES_ERROR;
				CLANG_WARN_DOCUMENTATION_COMMENTS = YES;
				CLANG_WARN_EMPTY_BODY = YES;
				CLANG_WARN_ENUM_CONVERSION = YES;
				CLANG_WARN_INFINITE_RECURSION = YES;
				CLANG_WARN_INT_CONVERSION = YES;
				CLANG_WARN_NON_LITERAL_NULL_CONVERSION = YES;
				CLANG_WARN_OBJC_IMPLICIT_RETAIN_SELF = YES;
				CLANG_WARN_OBJC_LITERAL_CONVERSION = YES;
				CLANG_WARN_OBJC_ROOT_CLASS = YES_ERROR;
				CLANG_WARN_RANGE_LOOP_ANALYSIS = YES;
				CLANG_WARN_STRICT_PROTOTYPES = YES;
				CLANG_WARN_SUSPICIOUS_MOVE = YES;
				CLANG_WARN_UNGUARDED_AVAILABILITY = YES_AGGRESSIVE;
				CLANG_WARN_UNREACHABLE_CODE = YES;
				CLANG_WARN__DUPLICATE_METHOD_MATCH = YES;
				CODE_SIGN_IDENTITY = "iPhone Developer";
				COPY_PHASE_STRIP = NO;
				CURRENT_PROJECT_VERSION = 1;
				DEBUG_INFORMATION_FORMAT = dwarf;
				ENABLE_STRICT_OBJC_MSGSEND = YES;
				ENABLE_TESTABILITY = YES;
				GCC_C_LANGUAGE_STANDARD = gnu11;
				GCC_DYNAMIC_NO_PIC = NO;
				GCC_NO_COMMON_BLOCKS = YES;
				GCC_OPTIMIZATION_LEVEL = 0;
				GCC_PREPROCESSOR_DEFINITIONS = (
					"DEBUG=1",
					"$(inherited)",
				);
				GCC_WARN_64_TO_32_BIT_CONVERSION = YES;
				GCC_WARN_ABOUT_RETURN_TYPE = YES_ERROR;
				GCC_WARN_UNDECLARED_SELECTOR = YES;
				GCC_WARN_UNINITIALIZED_AUTOS = YES_AGGRESSIVE;
				GCC_WARN_UNUSED_FUNCTION = YES;
				GCC_WARN_UNUSED_VARIABLE = YES;
				IPHONEOS_DEPLOYMENT_TARGET = 12.0;
				MTL_ENABLE_DEBUG_INFO = INCLUDE_SOURCE;
				MTL_FAST_MATH = YES;
				ONLY_ACTIVE_ARCH = YES;
				SDKROOT = iphoneos;
				SWIFT_ACTIVE_COMPILATION_CONDITIONS = DEBUG;
				SWIFT_OPTIMIZATION_LEVEL = "-Onone";
				VERSIONING_SYSTEM = "apple-generic";
				VERSION_INFO_PREFIX = "";
			};
			name = Debug;
		};
		F1D369DE2171FCDC00F498FA /* Release */ = {
			isa = XCBuildConfiguration;
			buildSettings = {
				ALWAYS_SEARCH_USER_PATHS = NO;
				CLANG_ANALYZER_NONNULL = YES;
				CLANG_ANALYZER_NUMBER_OBJECT_CONVERSION = YES_AGGRESSIVE;
				CLANG_CXX_LANGUAGE_STANDARD = "gnu++14";
				CLANG_CXX_LIBRARY = "libc++";
				CLANG_ENABLE_MODULES = YES;
				CLANG_ENABLE_OBJC_ARC = YES;
				CLANG_ENABLE_OBJC_WEAK = YES;
				CLANG_WARN_BLOCK_CAPTURE_AUTORELEASING = YES;
				CLANG_WARN_BOOL_CONVERSION = YES;
				CLANG_WARN_COMMA = YES;
				CLANG_WARN_CONSTANT_CONVERSION = YES;
				CLANG_WARN_DEPRECATED_OBJC_IMPLEMENTATIONS = YES;
				CLANG_WARN_DIRECT_OBJC_ISA_USAGE = YES_ERROR;
				CLANG_WARN_DOCUMENTATION_COMMENTS = YES;
				CLANG_WARN_EMPTY_BODY = YES;
				CLANG_WARN_ENUM_CONVERSION = YES;
				CLANG_WARN_INFINITE_RECURSION = YES;
				CLANG_WARN_INT_CONVERSION = YES;
				CLANG_WARN_NON_LITERAL_NULL_CONVERSION = YES;
				CLANG_WARN_OBJC_IMPLICIT_RETAIN_SELF = YES;
				CLANG_WARN_OBJC_LITERAL_CONVERSION = YES;
				CLANG_WARN_OBJC_ROOT_CLASS = YES_ERROR;
				CLANG_WARN_RANGE_LOOP_ANALYSIS = YES;
				CLANG_WARN_STRICT_PROTOTYPES = YES;
				CLANG_WARN_SUSPICIOUS_MOVE = YES;
				CLANG_WARN_UNGUARDED_AVAILABILITY = YES_AGGRESSIVE;
				CLANG_WARN_UNREACHABLE_CODE = YES;
				CLANG_WARN__DUPLICATE_METHOD_MATCH = YES;
				CODE_SIGN_IDENTITY = "iPhone Developer";
				COPY_PHASE_STRIP = NO;
				CURRENT_PROJECT_VERSION = 1;
				DEBUG_INFORMATION_FORMAT = "dwarf-with-dsym";
				ENABLE_NS_ASSERTIONS = NO;
				ENABLE_STRICT_OBJC_MSGSEND = YES;
				GCC_C_LANGUAGE_STANDARD = gnu11;
				GCC_NO_COMMON_BLOCKS = YES;
				GCC_WARN_64_TO_32_BIT_CONVERSION = YES;
				GCC_WARN_ABOUT_RETURN_TYPE = YES_ERROR;
				GCC_WARN_UNDECLARED_SELECTOR = YES;
				GCC_WARN_UNINITIALIZED_AUTOS = YES_AGGRESSIVE;
				GCC_WARN_UNUSED_FUNCTION = YES;
				GCC_WARN_UNUSED_VARIABLE = YES;
				IPHONEOS_DEPLOYMENT_TARGET = 12.0;
				MTL_ENABLE_DEBUG_INFO = NO;
				MTL_FAST_MATH = YES;
				SDKROOT = iphoneos;
				SWIFT_COMPILATION_MODE = wholemodule;
				SWIFT_OPTIMIZATION_LEVEL = "-O";
				VALIDATE_PRODUCT = YES;
				VERSIONING_SYSTEM = "apple-generic";
				VERSION_INFO_PREFIX = "";
			};
			name = Release;
		};
		F1D369E02171FCDC00F498FA /* Debug */ = {
			isa = XCBuildConfiguration;
			buildSettings = {
				CLANG_ENABLE_MODULES = YES;
				CODE_SIGN_IDENTITY = "";
				CODE_SIGN_STYLE = Automatic;
				DEFINES_MODULE = YES;
				DYLIB_COMPATIBILITY_VERSION = 1;
				DYLIB_CURRENT_VERSION = 1;
				DYLIB_INSTALL_NAME_BASE = "@rpath";
				INFOPLIST_FILE = Spatial/Info.plist;
				INSTALL_PATH = "$(LOCAL_LIBRARY_DIR)/Frameworks";
				LD_RUNPATH_SEARCH_PATHS = (
					"$(inherited)",
					"@executable_path/Frameworks",
					"@loader_path/Frameworks",
				);
				PRODUCT_BUNDLE_IDENTIFIER = io.github.futurelab.Spatial;
				PRODUCT_NAME = "$(TARGET_NAME:c99extidentifier)";
				SKIP_INSTALL = YES;
				SWIFT_OPTIMIZATION_LEVEL = "-Onone";
				SWIFT_VERSION = 4.2;
				TARGETED_DEVICE_FAMILY = "1,2";
			};
			name = Debug;
		};
		F1D369E12171FCDC00F498FA /* Release */ = {
			isa = XCBuildConfiguration;
			buildSettings = {
				CLANG_ENABLE_MODULES = YES;
				CODE_SIGN_IDENTITY = "";
				CODE_SIGN_STYLE = Automatic;
				DEFINES_MODULE = YES;
				DYLIB_COMPATIBILITY_VERSION = 1;
				DYLIB_CURRENT_VERSION = 1;
				DYLIB_INSTALL_NAME_BASE = "@rpath";
				INFOPLIST_FILE = Spatial/Info.plist;
				INSTALL_PATH = "$(LOCAL_LIBRARY_DIR)/Frameworks";
				LD_RUNPATH_SEARCH_PATHS = (
					"$(inherited)",
					"@executable_path/Frameworks",
					"@loader_path/Frameworks",
				);
				PRODUCT_BUNDLE_IDENTIFIER = io.github.futurelab.Spatial;
				PRODUCT_NAME = "$(TARGET_NAME:c99extidentifier)";
				SKIP_INSTALL = YES;
				SWIFT_VERSION = 4.2;
				TARGETED_DEVICE_FAMILY = "1,2";
			};
			name = Release;
		};
		F1D369F52171FDAF00F498FA /* Debug */ = {
			isa = XCBuildConfiguration;
			buildSettings = {
				ALWAYS_EMBED_SWIFT_STANDARD_LIBRARIES = YES;
				ASSETCATALOG_COMPILER_APPICON_NAME = AppIcon;
				CODE_SIGN_STYLE = Automatic;
				INFOPLIST_FILE = SpatialExample/Info.plist;
				LD_RUNPATH_SEARCH_PATHS = (
					"$(inherited)",
					"@executable_path/Frameworks",
				);
				PRODUCT_BUNDLE_IDENTIFIER = io.github.futurelab.SpatialExample;
				PRODUCT_NAME = "$(TARGET_NAME)";
				SWIFT_VERSION = 4.2;
				TARGETED_DEVICE_FAMILY = "1,2";
			};
			name = Debug;
		};
		F1D369F62171FDAF00F498FA /* Release */ = {
			isa = XCBuildConfiguration;
			buildSettings = {
				ALWAYS_EMBED_SWIFT_STANDARD_LIBRARIES = YES;
				ASSETCATALOG_COMPILER_APPICON_NAME = AppIcon;
				CODE_SIGN_STYLE = Automatic;
				INFOPLIST_FILE = SpatialExample/Info.plist;
				LD_RUNPATH_SEARCH_PATHS = (
					"$(inherited)",
					"@executable_path/Frameworks",
				);
				PRODUCT_BUNDLE_IDENTIFIER = io.github.futurelab.SpatialExample;
				PRODUCT_NAME = "$(TARGET_NAME)";
				SWIFT_VERSION = 4.2;
				TARGETED_DEVICE_FAMILY = "1,2";
			};
			name = Release;
		};
/* End XCBuildConfiguration section */

/* Begin XCConfigurationList section */
		F185A3AB22319E8E00AE66B2 /* Build configuration list for PBXNativeTarget "Spatial-macOS" */ = {
			isa = XCConfigurationList;
			buildConfigurations = (
				F185A3AC22319E8E00AE66B2 /* Debug */,
				F185A3AD22319E8E00AE66B2 /* Release */,
			);
			defaultConfigurationIsVisible = 0;
			defaultConfigurationName = Release;
		};
		F1D369D12171FCDC00F498FA /* Build configuration list for PBXProject "Spatial" */ = {
			isa = XCConfigurationList;
			buildConfigurations = (
				F1D369DD2171FCDC00F498FA /* Debug */,
				F1D369DE2171FCDC00F498FA /* Release */,
			);
			defaultConfigurationIsVisible = 0;
			defaultConfigurationName = Release;
		};
		F1D369DF2171FCDC00F498FA /* Build configuration list for PBXNativeTarget "Spatial" */ = {
			isa = XCConfigurationList;
			buildConfigurations = (
				F1D369E02171FCDC00F498FA /* Debug */,
				F1D369E12171FCDC00F498FA /* Release */,
			);
			defaultConfigurationIsVisible = 0;
			defaultConfigurationName = Release;
		};
		F1D369F72171FDAF00F498FA /* Build configuration list for PBXNativeTarget "SpatialExample" */ = {
			isa = XCConfigurationList;
			buildConfigurations = (
				F1D369F52171FDAF00F498FA /* Debug */,
				F1D369F62171FDAF00F498FA /* Release */,
			);
			defaultConfigurationIsVisible = 0;
			defaultConfigurationName = Release;
		};
/* End XCConfigurationList section */
	};
	rootObject = F1D369CE2171FCDC00F498FA /* Project object */;
}
