// !$*UTF8*$!
{
	archiveVersion = 1;
	classes = {
	};
	objectVersion = 50;
	objects = {

/* Begin PBXBuildFile section */
		F116EBD7211046B40091439E /* AppDelegate.swift in Sources */ = {isa = PBXBuildFile; fileRef = F116EBD6211046B40091439E /* AppDelegate.swift */; };
		F116EBDE211046B70091439E /* Assets.xcassets in Resources */ = {isa = PBXBuildFile; fileRef = F116EBDD211046B70091439E /* Assets.xcassets */; };
		F116EBE1211046B70091439E /* LaunchScreen.storyboard in Resources */ = {isa = PBXBuildFile; fileRef = F116EBDF211046B70091439E /* LaunchScreen.storyboard */; };
		F116EC3C2112E4A40091439E /* MainVC+Create.swift in Sources */ = {isa = PBXBuildFile; fileRef = F116EC3B2112E4A40091439E /* MainVC+Create.swift */; };
		F12441E42247F0F800D808D8 /* Spatial.framework in Frameworks */ = {isa = PBXBuildFile; fileRef = F12441E22247F0F800D808D8 /* Spatial.framework */; };
		F12441E52247F0F800D808D8 /* Spatial.framework in Embed Frameworks */ = {isa = PBXBuildFile; fileRef = F12441E22247F0F800D808D8 /* Spatial.framework */; settings = {ATTRIBUTES = (CodeSignOnCopy, RemoveHeadersOnCopy, ); }; };
		F12441E62247F0F800D808D8 /* With.framework in Frameworks */ = {isa = PBXBuildFile; fileRef = F12441E32247F0F800D808D8 /* With.framework */; };
		F12441E72247F0F800D808D8 /* With.framework in Embed Frameworks */ = {isa = PBXBuildFile; fileRef = F12441E32247F0F800D808D8 /* With.framework */; settings = {ATTRIBUTES = (CodeSignOnCopy, RemoveHeadersOnCopy, ); }; };
		F12441F52248001700D808D8 /* MainVC.swift in Sources */ = {isa = PBXBuildFile; fileRef = F12441F42248001700D808D8 /* MainVC.swift */; };
		F12442072248314700D808D8 /* FlowLayout_iOS.h in Headers */ = {isa = PBXBuildFile; fileRef = F12442052248314700D808D8 /* FlowLayout_iOS.h */; settings = {ATTRIBUTES = (Public, ); }; };
		F124420A2248314700D808D8 /* FlowLayout_iOS.framework in Frameworks */ = {isa = PBXBuildFile; fileRef = F12442032248314700D808D8 /* FlowLayout_iOS.framework */; };
		F124420B2248314700D808D8 /* FlowLayout_iOS.framework in Embed Frameworks */ = {isa = PBXBuildFile; fileRef = F12442032248314700D808D8 /* FlowLayout_iOS.framework */; settings = {ATTRIBUTES = (CodeSignOnCopy, RemoveHeadersOnCopy, ); }; };
		F12442102248314E00D808D8 /* Spatial.framework in Frameworks */ = {isa = PBXBuildFile; fileRef = F12441E22247F0F800D808D8 /* Spatial.framework */; };
		F12442112248315200D808D8 /* With.framework in Frameworks */ = {isa = PBXBuildFile; fileRef = F12441E32247F0F800D808D8 /* With.framework */; };
		F12442122248319300D808D8 /* HeaderButton.swift in Sources */ = {isa = PBXBuildFile; fileRef = F116EC322112CCB00091439E /* HeaderButton.swift */; };
		F12442132248319300D808D8 /* CustomButton.swift in Sources */ = {isa = PBXBuildFile; fileRef = F116EC342112CDC90091439E /* CustomButton.swift */; };
		F12442142248319300D808D8 /* ButtonContainer.swift in Sources */ = {isa = PBXBuildFile; fileRef = F116EC3D2112ECA60091439E /* ButtonContainer.swift */; };
		F12442152248319300D808D8 /* Slider.swift in Sources */ = {isa = PBXBuildFile; fileRef = F116EC262111DE070091439E /* Slider.swift */; };
		F12442162248319300D808D8 /* Slider+Create.swift in Sources */ = {isa = PBXBuildFile; fileRef = F12441FB22482FC300D808D8 /* Slider+Create.swift */; };
		F12442172248319300D808D8 /* Slider+Animation.swift in Sources */ = {isa = PBXBuildFile; fileRef = F12441F622482F8A00D808D8 /* Slider+Animation.swift */; };
		F12442182248319300D808D8 /* Slider+Setter.swift in Sources */ = {isa = PBXBuildFile; fileRef = F12441F922482FA000D808D8 /* Slider+Setter.swift */; };
		F12442192248319300D808D8 /* SliderBar.swift in Sources */ = {isa = PBXBuildFile; fileRef = F116EC282111DEA90091439E /* SliderBar.swift */; };
		F124421A2248319300D808D8 /* Header.swift in Sources */ = {isa = PBXBuildFile; fileRef = F116EC232111B52B0091439E /* Header.swift */; };
		F124421C2248319300D808D8 /* HorView.swift in Sources */ = {isa = PBXBuildFile; fileRef = F116EBEE211048800091439E /* HorView.swift */; };
		F124421D2248319300D808D8 /* HorView+Setter.swift in Sources */ = {isa = PBXBuildFile; fileRef = F116EC2A2111F4DE0091439E /* HorView+Setter.swift */; };
		F124421E2248319300D808D8 /* HorView+Collection.swift in Sources */ = {isa = PBXBuildFile; fileRef = F116EBF021104B9E0091439E /* HorView+Collection.swift */; };
		F124421F2248319300D808D8 /* HorView+Scroll.swift in Sources */ = {isa = PBXBuildFile; fileRef = F116EC4B211446640091439E /* HorView+Scroll.swift */; };
		F12442202248319300D808D8 /* HorView+Update.swift in Sources */ = {isa = PBXBuildFile; fileRef = F116EBF221104C1C0091439E /* HorView+Update.swift */; };
		F12442212248319300D808D8 /* HorView+Create.swift in Sources */ = {isa = PBXBuildFile; fileRef = F116EBF421104C410091439E /* HorView+Create.swift */; };
		F12442222248319300D808D8 /* HorView+Const.swift in Sources */ = {isa = PBXBuildFile; fileRef = F116EC202111A9310091439E /* HorView+Const.swift */; };
		F12442242248319300D808D8 /* PrimaryCellData.swift in Sources */ = {isa = PBXBuildFile; fileRef = F116EC4921143A920091439E /* PrimaryCellData.swift */; };
		F12442252248319300D808D8 /* PrimaryCell.swift in Sources */ = {isa = PBXBuildFile; fileRef = F116EC192111A4150091439E /* PrimaryCell.swift */; };
		F12442262248319300D808D8 /* SecondaryCell.swift in Sources */ = {isa = PBXBuildFile; fileRef = F116EC1C2111A42B0091439E /* SecondaryCell.swift */; };
		F12442272248319300D808D8 /* SecondaryCell+Const.swift in Sources */ = {isa = PBXBuildFile; fileRef = F12441EB2247F9FF00D808D8 /* SecondaryCell+Const.swift */; };
		F12442282248319300D808D8 /* SecondaryCell+Create.swift in Sources */ = {isa = PBXBuildFile; fileRef = F12441ED2247FA8C00D808D8 /* SecondaryCell+Create.swift */; };
		F12442292248319300D808D8 /* TertiaryCell.swift in Sources */ = {isa = PBXBuildFile; fileRef = F116EC1E2111A4E90091439E /* TertiaryCell.swift */; };
		F124422B2248319300D808D8 /* HorCell.swift in Sources */ = {isa = PBXBuildFile; fileRef = F116EBFC211067E10091439E /* HorCell.swift */; };
		F124422C2248319300D808D8 /* HorCell+Create.swift in Sources */ = {isa = PBXBuildFile; fileRef = F12441EF2247FB4A00D808D8 /* HorCell+Create.swift */; };
		F124422D2248319300D808D8 /* HorCell+Collection.swift in Sources */ = {isa = PBXBuildFile; fileRef = F116EBFF21107EC40091439E /* HorCell+Collection.swift */; };
		F124422E2248319300D808D8 /* HorCell+Scroll.swift in Sources */ = {isa = PBXBuildFile; fileRef = F1994E1F211487BC0047270A /* HorCell+Scroll.swift */; };
		F124422F2248319300D808D8 /* HorCell+Update.swift in Sources */ = {isa = PBXBuildFile; fileRef = F116EC032110805F0091439E /* HorCell+Update.swift */; };
		F12442302248319300D808D8 /* HorCell+Helper.swift in Sources */ = {isa = PBXBuildFile; fileRef = F116EC41211335050091439E /* HorCell+Helper.swift */; };
		F12442312248319300D808D8 /* PrimaryVerCell.swift in Sources */ = {isa = PBXBuildFile; fileRef = F116EC3F211325170091439E /* PrimaryVerCell.swift */; };
		F12442322248319300D808D8 /* ImageCell.swift in Sources */ = {isa = PBXBuildFile; fileRef = F1D573CB21161AFB0036A8A1 /* ImageCell.swift */; };
		F12442332248319300D808D8 /* ImageCell+Create.swift in Sources */ = {isa = PBXBuildFile; fileRef = F12441F22247FC6000D808D8 /* ImageCell+Create.swift */; };
		F12442342248319300D808D8 /* VerCell.swift in Sources */ = {isa = PBXBuildFile; fileRef = F116EBEB211047B10091439E /* VerCell.swift */; };
		F12442352248319300D808D8 /* UIImage+Extension.swift in Sources */ = {isa = PBXBuildFile; fileRef = F1D573D021162A950036A8A1 /* UIImage+Extension.swift */; };
		F12442362248319300D808D8 /* UIImageView+Extension.swift in Sources */ = {isa = PBXBuildFile; fileRef = F1D573CE211629FE0036A8A1 /* UIImageView+Extension.swift */; };
		F12442372248319300D808D8 /* UIColorParser.swift in Sources */ = {isa = PBXBuildFile; fileRef = F116EBF921104FCB0091439E /* UIColorParser.swift */; };
		F124423F224834BE00D808D8 /* Header+Const.swift in Sources */ = {isa = PBXBuildFile; fileRef = F116EC362112D3DD0091439E /* Header+Const.swift */; };
		F1244240224834BE00D808D8 /* Header+Create.swift in Sources */ = {isa = PBXBuildFile; fileRef = F12442382248341C00D808D8 /* Header+Create.swift */; };
		F1244241224834BE00D808D8 /* Header+Setter.swift in Sources */ = {isa = PBXBuildFile; fileRef = F124423A2248347E00D808D8 /* Header+Setter.swift */; };
		F12442442249031700D808D8 /* CustomView.swift in Sources */ = {isa = PBXBuildFile; fileRef = F12442432249031700D808D8 /* CustomView.swift */; };
		F124424622490C8000D808D8 /* CellDataKind.swift in Sources */ = {isa = PBXBuildFile; fileRef = F124424522490C8000D808D8 /* CellDataKind.swift */; };
		F124424822490FA300D808D8 /* HorCell+Core.swift in Sources */ = {isa = PBXBuildFile; fileRef = F124424722490FA300D808D8 /* HorCell+Core.swift */; };
		F124424A2249100100D808D8 /* HorCell+Getter.swift in Sources */ = {isa = PBXBuildFile; fileRef = F12442492249100100D808D8 /* HorCell+Getter.swift */; };
		F124424C2249117A00D808D8 /* PrimaryCell+Getter.swift in Sources */ = {isa = PBXBuildFile; fileRef = F124424B2249117A00D808D8 /* PrimaryCell+Getter.swift */; };
		F124424E2249119800D808D8 /* PrimaryCell+Core.swift in Sources */ = {isa = PBXBuildFile; fileRef = F124424D2249119800D808D8 /* PrimaryCell+Core.swift */; };
		F12442502249347500D808D8 /* HorView+Style.swift in Sources */ = {isa = PBXBuildFile; fileRef = F124424F2249347500D808D8 /* HorView+Style.swift */; };
		F12442522249469D00D808D8 /* HeaderButton+Type.swift in Sources */ = {isa = PBXBuildFile; fileRef = F12442512249469D00D808D8 /* HeaderButton+Type.swift */; };
		F1244254224946AB00D808D8 /* HeaderButton+Const.swift in Sources */ = {isa = PBXBuildFile; fileRef = F1244253224946AB00D808D8 /* HeaderButton+Const.swift */; };
		F1244257224946ED00D808D8 /* HeaderButton+Setter.swift in Sources */ = {isa = PBXBuildFile; fileRef = F1244256224946ED00D808D8 /* HeaderButton+Setter.swift */; };
		F12442592249474300D808D8 /* HeaderButton+Interactive.swift in Sources */ = {isa = PBXBuildFile; fileRef = F12442582249474300D808D8 /* HeaderButton+Interactive.swift */; };
		F124425C22494ABF00D808D8 /* ButtonContainer+Interaction.swift in Sources */ = {isa = PBXBuildFile; fileRef = F124425B22494ABF00D808D8 /* ButtonContainer+Interaction.swift */; };
		F124425E22494C8500D808D8 /* ButtonContainer+Setter.swift in Sources */ = {isa = PBXBuildFile; fileRef = F124425D22494C8500D808D8 /* ButtonContainer+Setter.swift */; };
/* End PBXBuildFile section */

/* Begin PBXContainerItemProxy section */
		F12442082248314700D808D8 /* PBXContainerItemProxy */ = {
			isa = PBXContainerItemProxy;
			containerPortal = F116EBCB211046B40091439E /* Project object */;
			proxyType = 1;
			remoteGlobalIDString = F12442022248314700D808D8;
			remoteInfo = "FlowLayout-iOS";
		};
/* End PBXContainerItemProxy section */

/* Begin PBXCopyFilesBuildPhase section */
		F12441E82247F0F800D808D8 /* Embed Frameworks */ = {
			isa = PBXCopyFilesBuildPhase;
			buildActionMask = 2147483647;
			dstPath = "";
			dstSubfolderSpec = 10;
			files = (
				F12441E72247F0F800D808D8 /* With.framework in Embed Frameworks */,
				F124420B2248314700D808D8 /* FlowLayout_iOS.framework in Embed Frameworks */,
				F12441E52247F0F800D808D8 /* Spatial.framework in Embed Frameworks */,
			);
			name = "Embed Frameworks";
			runOnlyForDeploymentPostprocessing = 0;
		};
/* End PBXCopyFilesBuildPhase section */

/* Begin PBXFileReference section */
		F116EBD3211046B40091439E /* FlowLayout.app */ = {isa = PBXFileReference; explicitFileType = wrapper.application; includeInIndex = 0; path = FlowLayout.app; sourceTree = BUILT_PRODUCTS_DIR; };
		F116EBD6211046B40091439E /* AppDelegate.swift */ = {isa = PBXFileReference; lastKnownFileType = sourcecode.swift; path = AppDelegate.swift; sourceTree = "<group>"; };
		F116EBDD211046B70091439E /* Assets.xcassets */ = {isa = PBXFileReference; lastKnownFileType = folder.assetcatalog; path = Assets.xcassets; sourceTree = "<group>"; };
		F116EBE0211046B70091439E /* Base */ = {isa = PBXFileReference; lastKnownFileType = file.storyboard; name = Base; path = Base.lproj/LaunchScreen.storyboard; sourceTree = "<group>"; };
		F116EBE2211046B70091439E /* Info.plist */ = {isa = PBXFileReference; lastKnownFileType = text.plist.xml; path = Info.plist; sourceTree = "<group>"; };
		F116EBEB211047B10091439E /* VerCell.swift */ = {isa = PBXFileReference; fileEncoding = 4; lastKnownFileType = sourcecode.swift; path = VerCell.swift; sourceTree = "<group>"; };
		F116EBEE211048800091439E /* HorView.swift */ = {isa = PBXFileReference; lastKnownFileType = sourcecode.swift; path = HorView.swift; sourceTree = "<group>"; };
		F116EBF021104B9E0091439E /* HorView+Collection.swift */ = {isa = PBXFileReference; lastKnownFileType = sourcecode.swift; path = "HorView+Collection.swift"; sourceTree = "<group>"; };
		F116EBF221104C1C0091439E /* HorView+Update.swift */ = {isa = PBXFileReference; lastKnownFileType = sourcecode.swift; path = "HorView+Update.swift"; sourceTree = "<group>"; };
		F116EBF421104C410091439E /* HorView+Create.swift */ = {isa = PBXFileReference; lastKnownFileType = sourcecode.swift; path = "HorView+Create.swift"; sourceTree = "<group>"; };
		F116EBF921104FCB0091439E /* UIColorParser.swift */ = {isa = PBXFileReference; lastKnownFileType = sourcecode.swift; path = UIColorParser.swift; sourceTree = "<group>"; };
		F116EBFC211067E10091439E /* HorCell.swift */ = {isa = PBXFileReference; lastKnownFileType = sourcecode.swift; path = HorCell.swift; sourceTree = "<group>"; };
		F116EBFF21107EC40091439E /* HorCell+Collection.swift */ = {isa = PBXFileReference; lastKnownFileType = sourcecode.swift; path = "HorCell+Collection.swift"; sourceTree = "<group>"; };
		F116EC032110805F0091439E /* HorCell+Update.swift */ = {isa = PBXFileReference; lastKnownFileType = sourcecode.swift; path = "HorCell+Update.swift"; sourceTree = "<group>"; };
		F116EC192111A4150091439E /* PrimaryCell.swift */ = {isa = PBXFileReference; lastKnownFileType = sourcecode.swift; path = PrimaryCell.swift; sourceTree = "<group>"; };
		F116EC1C2111A42B0091439E /* SecondaryCell.swift */ = {isa = PBXFileReference; lastKnownFileType = sourcecode.swift; path = SecondaryCell.swift; sourceTree = "<group>"; };
		F116EC1E2111A4E90091439E /* TertiaryCell.swift */ = {isa = PBXFileReference; lastKnownFileType = sourcecode.swift; path = TertiaryCell.swift; sourceTree = "<group>"; };
		F116EC202111A9310091439E /* HorView+Const.swift */ = {isa = PBXFileReference; lastKnownFileType = sourcecode.swift; path = "HorView+Const.swift"; sourceTree = "<group>"; };
		F116EC232111B52B0091439E /* Header.swift */ = {isa = PBXFileReference; lastKnownFileType = sourcecode.swift; path = Header.swift; sourceTree = "<group>"; };
		F116EC262111DE070091439E /* Slider.swift */ = {isa = PBXFileReference; lastKnownFileType = sourcecode.swift; path = Slider.swift; sourceTree = "<group>"; };
		F116EC282111DEA90091439E /* SliderBar.swift */ = {isa = PBXFileReference; lastKnownFileType = sourcecode.swift; path = SliderBar.swift; sourceTree = "<group>"; };
		F116EC2A2111F4DE0091439E /* HorView+Setter.swift */ = {isa = PBXFileReference; lastKnownFileType = sourcecode.swift; path = "HorView+Setter.swift"; sourceTree = "<group>"; };
		F116EC322112CCB00091439E /* HeaderButton.swift */ = {isa = PBXFileReference; lastKnownFileType = sourcecode.swift; path = HeaderButton.swift; sourceTree = "<group>"; };
		F116EC342112CDC90091439E /* CustomButton.swift */ = {isa = PBXFileReference; lastKnownFileType = sourcecode.swift; path = CustomButton.swift; sourceTree = "<group>"; };
		F116EC362112D3DD0091439E /* Header+Const.swift */ = {isa = PBXFileReference; lastKnownFileType = sourcecode.swift; path = "Header+Const.swift"; sourceTree = "<group>"; };
		F116EC3B2112E4A40091439E /* MainVC+Create.swift */ = {isa = PBXFileReference; lastKnownFileType = sourcecode.swift; path = "MainVC+Create.swift"; sourceTree = "<group>"; };
		F116EC3D2112ECA60091439E /* ButtonContainer.swift */ = {isa = PBXFileReference; lastKnownFileType = sourcecode.swift; path = ButtonContainer.swift; sourceTree = "<group>"; };
		F116EC3F211325170091439E /* PrimaryVerCell.swift */ = {isa = PBXFileReference; lastKnownFileType = sourcecode.swift; path = PrimaryVerCell.swift; sourceTree = "<group>"; };
		F116EC41211335050091439E /* HorCell+Helper.swift */ = {isa = PBXFileReference; lastKnownFileType = sourcecode.swift; path = "HorCell+Helper.swift"; sourceTree = "<group>"; };
		F116EC4921143A920091439E /* PrimaryCellData.swift */ = {isa = PBXFileReference; lastKnownFileType = sourcecode.swift; path = PrimaryCellData.swift; sourceTree = "<group>"; };
		F116EC4B211446640091439E /* HorView+Scroll.swift */ = {isa = PBXFileReference; lastKnownFileType = sourcecode.swift; path = "HorView+Scroll.swift"; sourceTree = "<group>"; };
		F12441E22247F0F800D808D8 /* Spatial.framework */ = {isa = PBXFileReference; lastKnownFileType = wrapper.framework; name = Spatial.framework; path = Carthage/Build/iOS/Spatial.framework; sourceTree = "<group>"; };
		F12441E32247F0F800D808D8 /* With.framework */ = {isa = PBXFileReference; lastKnownFileType = wrapper.framework; name = With.framework; path = Carthage/Build/iOS/With.framework; sourceTree = "<group>"; };
		F12441EB2247F9FF00D808D8 /* SecondaryCell+Const.swift */ = {isa = PBXFileReference; lastKnownFileType = sourcecode.swift; path = "SecondaryCell+Const.swift"; sourceTree = "<group>"; };
		F12441ED2247FA8C00D808D8 /* SecondaryCell+Create.swift */ = {isa = PBXFileReference; lastKnownFileType = sourcecode.swift; path = "SecondaryCell+Create.swift"; sourceTree = "<group>"; };
		F12441EF2247FB4A00D808D8 /* HorCell+Create.swift */ = {isa = PBXFileReference; lastKnownFileType = sourcecode.swift; path = "HorCell+Create.swift"; sourceTree = "<group>"; };
		F12441F22247FC6000D808D8 /* ImageCell+Create.swift */ = {isa = PBXFileReference; lastKnownFileType = sourcecode.swift; path = "ImageCell+Create.swift"; sourceTree = "<group>"; };
		F12441F42248001700D808D8 /* MainVC.swift */ = {isa = PBXFileReference; lastKnownFileType = sourcecode.swift; path = MainVC.swift; sourceTree = "<group>"; };
		F12441F622482F8A00D808D8 /* Slider+Animation.swift */ = {isa = PBXFileReference; lastKnownFileType = sourcecode.swift; path = "Slider+Animation.swift"; sourceTree = "<group>"; };
		F12441F922482FA000D808D8 /* Slider+Setter.swift */ = {isa = PBXFileReference; lastKnownFileType = sourcecode.swift; path = "Slider+Setter.swift"; sourceTree = "<group>"; };
		F12441FB22482FC300D808D8 /* Slider+Create.swift */ = {isa = PBXFileReference; lastKnownFileType = sourcecode.swift; path = "Slider+Create.swift"; sourceTree = "<group>"; };
		F12442032248314700D808D8 /* FlowLayout_iOS.framework */ = {isa = PBXFileReference; explicitFileType = wrapper.framework; includeInIndex = 0; path = FlowLayout_iOS.framework; sourceTree = BUILT_PRODUCTS_DIR; };
		F12442052248314700D808D8 /* FlowLayout_iOS.h */ = {isa = PBXFileReference; lastKnownFileType = sourcecode.c.h; path = FlowLayout_iOS.h; sourceTree = "<group>"; };
		F12442062248314700D808D8 /* Info.plist */ = {isa = PBXFileReference; lastKnownFileType = text.plist.xml; path = Info.plist; sourceTree = "<group>"; };
		F12442382248341C00D808D8 /* Header+Create.swift */ = {isa = PBXFileReference; lastKnownFileType = sourcecode.swift; path = "Header+Create.swift"; sourceTree = "<group>"; };
		F124423A2248347E00D808D8 /* Header+Setter.swift */ = {isa = PBXFileReference; lastKnownFileType = sourcecode.swift; path = "Header+Setter.swift"; sourceTree = "<group>"; };
		F12442432249031700D808D8 /* CustomView.swift */ = {isa = PBXFileReference; lastKnownFileType = sourcecode.swift; path = CustomView.swift; sourceTree = "<group>"; };
		F124424522490C8000D808D8 /* CellDataKind.swift */ = {isa = PBXFileReference; lastKnownFileType = sourcecode.swift; path = CellDataKind.swift; sourceTree = "<group>"; };
		F124424722490FA300D808D8 /* HorCell+Core.swift */ = {isa = PBXFileReference; lastKnownFileType = sourcecode.swift; path = "HorCell+Core.swift"; sourceTree = "<group>"; };
		F12442492249100100D808D8 /* HorCell+Getter.swift */ = {isa = PBXFileReference; lastKnownFileType = sourcecode.swift; path = "HorCell+Getter.swift"; sourceTree = "<group>"; };
		F124424B2249117A00D808D8 /* PrimaryCell+Getter.swift */ = {isa = PBXFileReference; lastKnownFileType = sourcecode.swift; path = "PrimaryCell+Getter.swift"; sourceTree = "<group>"; };
		F124424D2249119800D808D8 /* PrimaryCell+Core.swift */ = {isa = PBXFileReference; lastKnownFileType = sourcecode.swift; path = "PrimaryCell+Core.swift"; sourceTree = "<group>"; };
		F124424F2249347500D808D8 /* HorView+Style.swift */ = {isa = PBXFileReference; lastKnownFileType = sourcecode.swift; path = "HorView+Style.swift"; sourceTree = "<group>"; };
		F12442512249469D00D808D8 /* HeaderButton+Type.swift */ = {isa = PBXFileReference; lastKnownFileType = sourcecode.swift; path = "HeaderButton+Type.swift"; sourceTree = "<group>"; };
		F1244253224946AB00D808D8 /* HeaderButton+Const.swift */ = {isa = PBXFileReference; lastKnownFileType = sourcecode.swift; path = "HeaderButton+Const.swift"; sourceTree = "<group>"; };
		F1244256224946ED00D808D8 /* HeaderButton+Setter.swift */ = {isa = PBXFileReference; lastKnownFileType = sourcecode.swift; path = "HeaderButton+Setter.swift"; sourceTree = "<group>"; };
		F12442582249474300D808D8 /* HeaderButton+Interactive.swift */ = {isa = PBXFileReference; lastKnownFileType = sourcecode.swift; path = "HeaderButton+Interactive.swift"; sourceTree = "<group>"; };
		F124425B22494ABF00D808D8 /* ButtonContainer+Interaction.swift */ = {isa = PBXFileReference; lastKnownFileType = sourcecode.swift; path = "ButtonContainer+Interaction.swift"; sourceTree = "<group>"; };
		F124425D22494C8500D808D8 /* ButtonContainer+Setter.swift */ = {isa = PBXFileReference; lastKnownFileType = sourcecode.swift; path = "ButtonContainer+Setter.swift"; sourceTree = "<group>"; };
		F1994E1F211487BC0047270A /* HorCell+Scroll.swift */ = {isa = PBXFileReference; lastKnownFileType = sourcecode.swift; path = "HorCell+Scroll.swift"; sourceTree = "<group>"; };
		F1D573CB21161AFB0036A8A1 /* ImageCell.swift */ = {isa = PBXFileReference; lastKnownFileType = sourcecode.swift; path = ImageCell.swift; sourceTree = "<group>"; };
		F1D573CE211629FE0036A8A1 /* UIImageView+Extension.swift */ = {isa = PBXFileReference; lastKnownFileType = sourcecode.swift; path = "UIImageView+Extension.swift"; sourceTree = "<group>"; };
		F1D573D021162A950036A8A1 /* UIImage+Extension.swift */ = {isa = PBXFileReference; fileEncoding = 4; lastKnownFileType = sourcecode.swift; path = "UIImage+Extension.swift"; sourceTree = "<group>"; };
/* End PBXFileReference section */

/* Begin PBXFrameworksBuildPhase section */
		F116EBD0211046B40091439E /* Frameworks */ = {
			isa = PBXFrameworksBuildPhase;
			buildActionMask = 2147483647;
			files = (
				F12441E62247F0F800D808D8 /* With.framework in Frameworks */,
				F124420A2248314700D808D8 /* FlowLayout_iOS.framework in Frameworks */,
				F12441E42247F0F800D808D8 /* Spatial.framework in Frameworks */,
			);
			runOnlyForDeploymentPostprocessing = 0;
		};
		F12442002248314700D808D8 /* Frameworks */ = {
			isa = PBXFrameworksBuildPhase;
			buildActionMask = 2147483647;
			files = (
				F12442102248314E00D808D8 /* Spatial.framework in Frameworks */,
				F12442112248315200D808D8 /* With.framework in Frameworks */,
			);
			runOnlyForDeploymentPostprocessing = 0;
		};
/* End PBXFrameworksBuildPhase section */

/* Begin PBXGroup section */
		F116EBCA211046B40091439E = {
			isa = PBXGroup;
			children = (
				F12441E32247F0F800D808D8 /* With.framework */,
				F12441E22247F0F800D808D8 /* Spatial.framework */,
				F1244242224902C600D808D8 /* demo */,
				F12441FD2248303000D808D8 /* src */,
				F116EBD5211046B40091439E /* FlowLayout */,
				F12442042248314700D808D8 /* FlowLayout-iOS */,
				F116EBD4211046B40091439E /* Products */,
				F124420F2248314E00D808D8 /* Frameworks */,
			);
			sourceTree = "<group>";
		};
		F116EBD4211046B40091439E /* Products */ = {
			isa = PBXGroup;
			children = (
				F116EBD3211046B40091439E /* FlowLayout.app */,
				F12442032248314700D808D8 /* FlowLayout_iOS.framework */,
			);
			name = Products;
			sourceTree = "<group>";
		};
		F116EBD5211046B40091439E /* FlowLayout */ = {
			isa = PBXGroup;
			children = (
				F116EBD6211046B40091439E /* AppDelegate.swift */,
				F12441F42248001700D808D8 /* MainVC.swift */,
				F116EC3B2112E4A40091439E /* MainVC+Create.swift */,
				F116EBDD211046B70091439E /* Assets.xcassets */,
				F116EBDF211046B70091439E /* LaunchScreen.storyboard */,
				F116EBE2211046B70091439E /* Info.plist */,
			);
			path = FlowLayout;
			sourceTree = "<group>";
		};
		F116EBEA211047B10091439E /* cell */ = {
			isa = PBXGroup;
			children = (
				F116EC0121107F550091439E /* horizontal */,
			);
			path = cell;
			sourceTree = "<group>";
		};
		F116EBF821104F780091439E /* common */ = {
			isa = PBXGroup;
			children = (
				F1D573CD211629EB0036A8A1 /* image */,
				F116EBF921104FCB0091439E /* UIColorParser.swift */,
			);
			path = common;
			sourceTree = "<group>";
		};
		F116EC0121107F550091439E /* horizontal */ = {
			isa = PBXGroup;
			children = (
				F116EC1B2111A41A0091439E /* custom */,
				F12441E92247F4DD00D808D8 /* horcell */,
				F116EC11211098F10091439E /* vertical */,
			);
			path = horizontal;
			sourceTree = "<group>";
		};
		F116EC11211098F10091439E /* vertical */ = {
			isa = PBXGroup;
			children = (
				F116EC3F211325170091439E /* PrimaryVerCell.swift */,
				F12441F12247FC3B00D808D8 /* imagecell */,
				F116EBEB211047B10091439E /* VerCell.swift */,
			);
			path = vertical;
			sourceTree = "<group>";
		};
		F116EC1B2111A41A0091439E /* custom */ = {
			isa = PBXGroup;
			children = (
				F116EC43211435AF0091439E /* protocol */,
				F12441E12247EE3D00D808D8 /* primary */,
				F12441EA2247F9E200D808D8 /* secondary */,
				F116EC1E2111A4E90091439E /* TertiaryCell.swift */,
			);
			path = custom;
			sourceTree = "<group>";
		};
		F116EC222111B4450091439E /* header */ = {
			isa = PBXGroup;
			children = (
				F116EC2F2112CC250091439E /* button */,
				F116EC252111DDD50091439E /* slider */,
				F116EC232111B52B0091439E /* Header.swift */,
				F116EC362112D3DD0091439E /* Header+Const.swift */,
				F12442382248341C00D808D8 /* Header+Create.swift */,
				F124423A2248347E00D808D8 /* Header+Setter.swift */,
			);
			path = header;
			sourceTree = "<group>";
		};
		F116EC252111DDD50091439E /* slider */ = {
			isa = PBXGroup;
			children = (
				F116EC262111DE070091439E /* Slider.swift */,
				F12441FB22482FC300D808D8 /* Slider+Create.swift */,
				F12441F622482F8A00D808D8 /* Slider+Animation.swift */,
				F12441F922482FA000D808D8 /* Slider+Setter.swift */,
				F12441F822482F9200D808D8 /* util */,
			);
			path = slider;
			sourceTree = "<group>";
		};
		F116EC2F2112CC250091439E /* button */ = {
			isa = PBXGroup;
			children = (
				F1244255224946B700D808D8 /* headerbutton */,
				F116EC342112CDC90091439E /* CustomButton.swift */,
				F124425A22494AA400D808D8 /* container */,
			);
			path = button;
			sourceTree = "<group>";
		};
		F116EC43211435AF0091439E /* protocol */ = {
			isa = PBXGroup;
			children = (
				F124424522490C8000D808D8 /* CellDataKind.swift */,
				F116EC4921143A920091439E /* PrimaryCellData.swift */,
			);
			path = protocol;
			sourceTree = "<group>";
		};
		F12441E02247EE0100D808D8 /* horview */ = {
			isa = PBXGroup;
			children = (
				F116EBEE211048800091439E /* HorView.swift */,
				F116EC2A2111F4DE0091439E /* HorView+Setter.swift */,
				F116EBF021104B9E0091439E /* HorView+Collection.swift */,
				F116EC4B211446640091439E /* HorView+Scroll.swift */,
				F116EBF221104C1C0091439E /* HorView+Update.swift */,
				F116EBF421104C410091439E /* HorView+Create.swift */,
				F116EC202111A9310091439E /* HorView+Const.swift */,
				F124424F2249347500D808D8 /* HorView+Style.swift */,
			);
			path = horview;
			sourceTree = "<group>";
		};
		F12441E12247EE3D00D808D8 /* primary */ = {
			isa = PBXGroup;
			children = (
				F116EC192111A4150091439E /* PrimaryCell.swift */,
				F124424D2249119800D808D8 /* PrimaryCell+Core.swift */,
				F124424B2249117A00D808D8 /* PrimaryCell+Getter.swift */,
			);
			path = primary;
			sourceTree = "<group>";
		};
		F12441E92247F4DD00D808D8 /* horcell */ = {
			isa = PBXGroup;
			children = (
				F116EBFC211067E10091439E /* HorCell.swift */,
				F124424722490FA300D808D8 /* HorCell+Core.swift */,
				F12442492249100100D808D8 /* HorCell+Getter.swift */,
				F12441EF2247FB4A00D808D8 /* HorCell+Create.swift */,
				F116EBFF21107EC40091439E /* HorCell+Collection.swift */,
				F1994E1F211487BC0047270A /* HorCell+Scroll.swift */,
				F116EC032110805F0091439E /* HorCell+Update.swift */,
				F116EC41211335050091439E /* HorCell+Helper.swift */,
			);
			path = horcell;
			sourceTree = "<group>";
		};
		F12441EA2247F9E200D808D8 /* secondary */ = {
			isa = PBXGroup;
			children = (
				F116EC1C2111A42B0091439E /* SecondaryCell.swift */,
				F12441EB2247F9FF00D808D8 /* SecondaryCell+Const.swift */,
				F12441ED2247FA8C00D808D8 /* SecondaryCell+Create.swift */,
			);
			path = secondary;
			sourceTree = "<group>";
		};
		F12441F12247FC3B00D808D8 /* imagecell */ = {
			isa = PBXGroup;
			children = (
				F1D573CB21161AFB0036A8A1 /* ImageCell.swift */,
				F12441F22247FC6000D808D8 /* ImageCell+Create.swift */,
			);
			path = imagecell;
			sourceTree = "<group>";
		};
		F12441F822482F9200D808D8 /* util */ = {
			isa = PBXGroup;
			children = (
				F116EC282111DEA90091439E /* SliderBar.swift */,
			);
			path = util;
			sourceTree = "<group>";
		};
		F12441FD2248303000D808D8 /* src */ = {
			isa = PBXGroup;
			children = (
				F12441E02247EE0100D808D8 /* horview */,
				F116EC222111B4450091439E /* header */,
				F116EBEA211047B10091439E /* cell */,
				F116EBF821104F780091439E /* common */,
			);
			path = src;
			sourceTree = "<group>";
		};
		F12442042248314700D808D8 /* FlowLayout-iOS */ = {
			isa = PBXGroup;
			children = (
				F12442052248314700D808D8 /* FlowLayout_iOS.h */,
				F12442062248314700D808D8 /* Info.plist */,
			);
			path = "FlowLayout-iOS";
			sourceTree = "<group>";
		};
		F124420F2248314E00D808D8 /* Frameworks */ = {
			isa = PBXGroup;
			children = (
			);
			name = Frameworks;
			sourceTree = "<group>";
		};
		F1244242224902C600D808D8 /* demo */ = {
			isa = PBXGroup;
			children = (
				F12442432249031700D808D8 /* CustomView.swift */,
			);
			path = demo;
			sourceTree = "<group>";
		};
		F1244255224946B700D808D8 /* headerbutton */ = {
			isa = PBXGroup;
			children = (
				F116EC322112CCB00091439E /* HeaderButton.swift */,
				F12442582249474300D808D8 /* HeaderButton+Interactive.swift */,
				F12442512249469D00D808D8 /* HeaderButton+Type.swift */,
				F1244253224946AB00D808D8 /* HeaderButton+Const.swift */,
				F1244256224946ED00D808D8 /* HeaderButton+Setter.swift */,
			);
			path = headerbutton;
			sourceTree = "<group>";
		};
		F124425A22494AA400D808D8 /* container */ = {
			isa = PBXGroup;
			children = (
				F116EC3D2112ECA60091439E /* ButtonContainer.swift */,
				F124425D22494C8500D808D8 /* ButtonContainer+Setter.swift */,
				F124425B22494ABF00D808D8 /* ButtonContainer+Interaction.swift */,
			);
			path = container;
			sourceTree = "<group>";
		};
		F1D573CD211629EB0036A8A1 /* image */ = {
			isa = PBXGroup;
			children = (
				F1D573D021162A950036A8A1 /* UIImage+Extension.swift */,
				F1D573CE211629FE0036A8A1 /* UIImageView+Extension.swift */,
			);
			path = image;
			sourceTree = "<group>";
		};
/* End PBXGroup section */

/* Begin PBXHeadersBuildPhase section */
		F12441FE2248314700D808D8 /* Headers */ = {
			isa = PBXHeadersBuildPhase;
			buildActionMask = 2147483647;
			files = (
				F12442072248314700D808D8 /* FlowLayout_iOS.h in Headers */,
			);
			runOnlyForDeploymentPostprocessing = 0;
		};
/* End PBXHeadersBuildPhase section */

/* Begin PBXNativeTarget section */
		F116EBD2211046B40091439E /* FlowLayout */ = {
			isa = PBXNativeTarget;
			buildConfigurationList = F116EBE5211046B70091439E /* Build configuration list for PBXNativeTarget "FlowLayout" */;
			buildPhases = (
				F116EBCF211046B40091439E /* Sources */,
				F116EBD0211046B40091439E /* Frameworks */,
				F116EBD1211046B40091439E /* Resources */,
				F12441E82247F0F800D808D8 /* Embed Frameworks */,
			);
			buildRules = (
			);
			dependencies = (
				F12442092248314700D808D8 /* PBXTargetDependency */,
			);
			name = FlowLayout;
			productName = FlowLayout;
			productReference = F116EBD3211046B40091439E /* FlowLayout.app */;
			productType = "com.apple.product-type.application";
		};
		F12442022248314700D808D8 /* FlowLayout-iOS */ = {
			isa = PBXNativeTarget;
			buildConfigurationList = F124420C2248314700D808D8 /* Build configuration list for PBXNativeTarget "FlowLayout-iOS" */;
			buildPhases = (
				F12441FE2248314700D808D8 /* Headers */,
				F12441FF2248314700D808D8 /* Sources */,
				F12442002248314700D808D8 /* Frameworks */,
				F12442012248314700D808D8 /* Resources */,
			);
			buildRules = (
			);
			dependencies = (
			);
			name = "FlowLayout-iOS";
			productName = "FlowLayout-iOS";
			productReference = F12442032248314700D808D8 /* FlowLayout_iOS.framework */;
			productType = "com.apple.product-type.framework";
		};
/* End PBXNativeTarget section */

/* Begin PBXProject section */
		F116EBCB211046B40091439E /* Project object */ = {
			isa = PBXProject;
			attributes = {
				LastSwiftUpdateCheck = 0940;
				LastUpgradeCheck = 0940;
				ORGANIZATIONNAME = eon;
				TargetAttributes = {
					F116EBD2211046B40091439E = {
						CreatedOnToolsVersion = 9.4.1;
						LastSwiftMigration = 1010;
					};
					F12442022248314700D808D8 = {
						CreatedOnToolsVersion = 10.1;
					};
				};
			};
			buildConfigurationList = F116EBCE211046B40091439E /* Build configuration list for PBXProject "FlowLayout" */;
			compatibilityVersion = "Xcode 9.3";
			developmentRegion = en;
			hasScannedForEncodings = 0;
			knownRegions = (
				en,
				Base,
			);
			mainGroup = F116EBCA211046B40091439E;
			productRefGroup = F116EBD4211046B40091439E /* Products */;
			projectDirPath = "";
			projectRoot = "";
			targets = (
				F116EBD2211046B40091439E /* FlowLayout */,
				F12442022248314700D808D8 /* FlowLayout-iOS */,
			);
		};
/* End PBXProject section */

/* Begin PBXResourcesBuildPhase section */
		F116EBD1211046B40091439E /* Resources */ = {
			isa = PBXResourcesBuildPhase;
			buildActionMask = 2147483647;
			files = (
				F116EBE1211046B70091439E /* LaunchScreen.storyboard in Resources */,
				F116EBDE211046B70091439E /* Assets.xcassets in Resources */,
			);
			runOnlyForDeploymentPostprocessing = 0;
		};
		F12442012248314700D808D8 /* Resources */ = {
			isa = PBXResourcesBuildPhase;
			buildActionMask = 2147483647;
			files = (
			);
			runOnlyForDeploymentPostprocessing = 0;
		};
/* End PBXResourcesBuildPhase section */

/* Begin PBXSourcesBuildPhase section */
		F116EBCF211046B40091439E /* Sources */ = {
			isa = PBXSourcesBuildPhase;
			buildActionMask = 2147483647;
			files = (
				F116EC3C2112E4A40091439E /* MainVC+Create.swift in Sources */,
				F12442442249031700D808D8 /* CustomView.swift in Sources */,
				F12441F52248001700D808D8 /* MainVC.swift in Sources */,
				F116EBD7211046B40091439E /* AppDelegate.swift in Sources */,
			);
			runOnlyForDeploymentPostprocessing = 0;
		};
		F12441FF2248314700D808D8 /* Sources */ = {
			isa = PBXSourcesBuildPhase;
			buildActionMask = 2147483647;
			files = (
				F12442312248319300D808D8 /* PrimaryVerCell.swift in Sources */,
				F12442342248319300D808D8 /* VerCell.swift in Sources */,
				F12442252248319300D808D8 /* PrimaryCell.swift in Sources */,
				F12442352248319300D808D8 /* UIImage+Extension.swift in Sources */,
				F124424C2249117A00D808D8 /* PrimaryCell+Getter.swift in Sources */,
				F12442322248319300D808D8 /* ImageCell.swift in Sources */,
				F12442502249347500D808D8 /* HorView+Style.swift in Sources */,
				F12442332248319300D808D8 /* ImageCell+Create.swift in Sources */,
				F12442132248319300D808D8 /* CustomButton.swift in Sources */,
				F12442222248319300D808D8 /* HorView+Const.swift in Sources */,
				F124424E2249119800D808D8 /* PrimaryCell+Core.swift in Sources */,
				F1244257224946ED00D808D8 /* HeaderButton+Setter.swift in Sources */,
				F12442522249469D00D808D8 /* HeaderButton+Type.swift in Sources */,
				F12442362248319300D808D8 /* UIImageView+Extension.swift in Sources */,
				F124422B2248319300D808D8 /* HorCell.swift in Sources */,
				F124421A2248319300D808D8 /* Header.swift in Sources */,
				F12442212248319300D808D8 /* HorView+Create.swift in Sources */,
				F12442182248319300D808D8 /* Slider+Setter.swift in Sources */,
				F124424622490C8000D808D8 /* CellDataKind.swift in Sources */,
				F124424822490FA300D808D8 /* HorCell+Core.swift in Sources */,
				F12442192248319300D808D8 /* SliderBar.swift in Sources */,
				F1244240224834BE00D808D8 /* Header+Create.swift in Sources */,
				F124425C22494ABF00D808D8 /* ButtonContainer+Interaction.swift in Sources */,
				F12442172248319300D808D8 /* Slider+Animation.swift in Sources */,
				F12442262248319300D808D8 /* SecondaryCell.swift in Sources */,
				F1244241224834BE00D808D8 /* Header+Setter.swift in Sources */,
				F12442282248319300D808D8 /* SecondaryCell+Create.swift in Sources */,
				F124421F2248319300D808D8 /* HorView+Scroll.swift in Sources */,
				F12442592249474300D808D8 /* HeaderButton+Interactive.swift in Sources */,
				F12442122248319300D808D8 /* HeaderButton.swift in Sources */,
				F124422D2248319300D808D8 /* HorCell+Collection.swift in Sources */,
				F1244254224946AB00D808D8 /* HeaderButton+Const.swift in Sources */,
				F124422F2248319300D808D8 /* HorCell+Update.swift in Sources */,
				F124421E2248319300D808D8 /* HorView+Collection.swift in Sources */,
				F124425E22494C8500D808D8 /* ButtonContainer+Setter.swift in Sources */,
				F12442152248319300D808D8 /* Slider.swift in Sources */,
				F12442142248319300D808D8 /* ButtonContainer.swift in Sources */,
				F12442292248319300D808D8 /* TertiaryCell.swift in Sources */,
				F124421C2248319300D808D8 /* HorView.swift in Sources */,
				F12442162248319300D808D8 /* Slider+Create.swift in Sources */,
				F12442202248319300D808D8 /* HorView+Update.swift in Sources */,
				F12442302248319300D808D8 /* HorCell+Helper.swift in Sources */,
				F12442372248319300D808D8 /* UIColorParser.swift in Sources */,
				F124424A2249100100D808D8 /* HorCell+Getter.swift in Sources */,
				F12442242248319300D808D8 /* PrimaryCellData.swift in Sources */,
				F124422E2248319300D808D8 /* HorCell+Scroll.swift in Sources */,
				F124422C2248319300D808D8 /* HorCell+Create.swift in Sources */,
				F12442272248319300D808D8 /* SecondaryCell+Const.swift in Sources */,
				F124423F224834BE00D808D8 /* Header+Const.swift in Sources */,
				F124421D2248319300D808D8 /* HorView+Setter.swift in Sources */,
			);
			runOnlyForDeploymentPostprocessing = 0;
		};
/* End PBXSourcesBuildPhase section */

/* Begin PBXTargetDependency section */
		F12442092248314700D808D8 /* PBXTargetDependency */ = {
			isa = PBXTargetDependency;
			target = F12442022248314700D808D8 /* FlowLayout-iOS */;
			targetProxy = F12442082248314700D808D8 /* PBXContainerItemProxy */;
		};
/* End PBXTargetDependency section */

/* Begin PBXVariantGroup section */
		F116EBDF211046B70091439E /* LaunchScreen.storyboard */ = {
			isa = PBXVariantGroup;
			children = (
				F116EBE0211046B70091439E /* Base */,
			);
			name = LaunchScreen.storyboard;
			sourceTree = "<group>";
		};
/* End PBXVariantGroup section */

/* Begin XCBuildConfiguration section */
		F116EBE3211046B70091439E /* Debug */ = {
			isa = XCBuildConfiguration;
			buildSettings = {
				ALWAYS_SEARCH_USER_PATHS = NO;
				CLANG_ANALYZER_NONNULL = YES;
				CLANG_ANALYZER_NUMBER_OBJECT_CONVERSION = YES_AGGRESSIVE;
				CLANG_CXX_LANGUAGE_STANDARD = "gnu++14";
				CLANG_CXX_LIBRARY = "libc++";
				CLANG_ENABLE_MODULES = YES;
				CLANG_ENABLE_OBJC_ARC = YES;
				CLANG_ENABLE_OBJC_WEAK = YES;
				CLANG_WARN_BLOCK_CAPTURE_AUTORELEASING = YES;
				CLANG_WARN_BOOL_CONVERSION = YES;
				CLANG_WARN_COMMA = YES;
				CLANG_WARN_CONSTANT_CONVERSION = YES;
				CLANG_WARN_DEPRECATED_OBJC_IMPLEMENTATIONS = YES;
				CLANG_WARN_DIRECT_OBJC_ISA_USAGE = YES_ERROR;
				CLANG_WARN_DOCUMENTATION_COMMENTS = YES;
				CLANG_WARN_EMPTY_BODY = YES;
				CLANG_WARN_ENUM_CONVERSION = YES;
				CLANG_WARN_INFINITE_RECURSION = YES;
				CLANG_WARN_INT_CONVERSION = YES;
				CLANG_WARN_NON_LITERAL_NULL_CONVERSION = YES;
				CLANG_WARN_OBJC_IMPLICIT_RETAIN_SELF = YES;
				CLANG_WARN_OBJC_LITERAL_CONVERSION = YES;
				CLANG_WARN_OBJC_ROOT_CLASS = YES_ERROR;
				CLANG_WARN_RANGE_LOOP_ANALYSIS = YES;
				CLANG_WARN_STRICT_PROTOTYPES = YES;
				CLANG_WARN_SUSPICIOUS_MOVE = YES;
				CLANG_WARN_UNGUARDED_AVAILABILITY = YES_AGGRESSIVE;
				CLANG_WARN_UNREACHABLE_CODE = YES;
				CLANG_WARN__DUPLICATE_METHOD_MATCH = YES;
				CODE_SIGN_IDENTITY = "iPhone Developer";
				COPY_PHASE_STRIP = NO;
				DEBUG_INFORMATION_FORMAT = dwarf;
				ENABLE_STRICT_OBJC_MSGSEND = YES;
				ENABLE_TESTABILITY = YES;
				GCC_C_LANGUAGE_STANDARD = gnu11;
				GCC_DYNAMIC_NO_PIC = NO;
				GCC_NO_COMMON_BLOCKS = YES;
				GCC_OPTIMIZATION_LEVEL = 0;
				GCC_PREPROCESSOR_DEFINITIONS = (
					"DEBUG=1",
					"$(inherited)",
				);
				GCC_WARN_64_TO_32_BIT_CONVERSION = YES;
				GCC_WARN_ABOUT_RETURN_TYPE = YES_ERROR;
				GCC_WARN_UNDECLARED_SELECTOR = YES;
				GCC_WARN_UNINITIALIZED_AUTOS = YES_AGGRESSIVE;
				GCC_WARN_UNUSED_FUNCTION = YES;
				GCC_WARN_UNUSED_VARIABLE = YES;
				IPHONEOS_DEPLOYMENT_TARGET = 11.4;
				MTL_ENABLE_DEBUG_INFO = YES;
				ONLY_ACTIVE_ARCH = YES;
				SDKROOT = iphoneos;
				SWIFT_ACTIVE_COMPILATION_CONDITIONS = DEBUG;
				SWIFT_OPTIMIZATION_LEVEL = "-Onone";
			};
			name = Debug;
		};
		F116EBE4211046B70091439E /* Release */ = {
			isa = XCBuildConfiguration;
			buildSettings = {
				ALWAYS_SEARCH_USER_PATHS = NO;
				CLANG_ANALYZER_NONNULL = YES;
				CLANG_ANALYZER_NUMBER_OBJECT_CONVERSION = YES_AGGRESSIVE;
				CLANG_CXX_LANGUAGE_STANDARD = "gnu++14";
				CLANG_CXX_LIBRARY = "libc++";
				CLANG_ENABLE_MODULES = YES;
				CLANG_ENABLE_OBJC_ARC = YES;
				CLANG_ENABLE_OBJC_WEAK = YES;
				CLANG_WARN_BLOCK_CAPTURE_AUTORELEASING = YES;
				CLANG_WARN_BOOL_CONVERSION = YES;
				CLANG_WARN_COMMA = YES;
				CLANG_WARN_CONSTANT_CONVERSION = YES;
				CLANG_WARN_DEPRECATED_OBJC_IMPLEMENTATIONS = YES;
				CLANG_WARN_DIRECT_OBJC_ISA_USAGE = YES_ERROR;
				CLANG_WARN_DOCUMENTATION_COMMENTS = YES;
				CLANG_WARN_EMPTY_BODY = YES;
				CLANG_WARN_ENUM_CONVERSION = YES;
				CLANG_WARN_INFINITE_RECURSION = YES;
				CLANG_WARN_INT_CONVERSION = YES;
				CLANG_WARN_NON_LITERAL_NULL_CONVERSION = YES;
				CLANG_WARN_OBJC_IMPLICIT_RETAIN_SELF = YES;
				CLANG_WARN_OBJC_LITERAL_CONVERSION = YES;
				CLANG_WARN_OBJC_ROOT_CLASS = YES_ERROR;
				CLANG_WARN_RANGE_LOOP_ANALYSIS = YES;
				CLANG_WARN_STRICT_PROTOTYPES = YES;
				CLANG_WARN_SUSPICIOUS_MOVE = YES;
				CLANG_WARN_UNGUARDED_AVAILABILITY = YES_AGGRESSIVE;
				CLANG_WARN_UNREACHABLE_CODE = YES;
				CLANG_WARN__DUPLICATE_METHOD_MATCH = YES;
				CODE_SIGN_IDENTITY = "iPhone Developer";
				COPY_PHASE_STRIP = NO;
				DEBUG_INFORMATION_FORMAT = "dwarf-with-dsym";
				ENABLE_NS_ASSERTIONS = NO;
				ENABLE_STRICT_OBJC_MSGSEND = YES;
				GCC_C_LANGUAGE_STANDARD = gnu11;
				GCC_NO_COMMON_BLOCKS = YES;
				GCC_WARN_64_TO_32_BIT_CONVERSION = YES;
				GCC_WARN_ABOUT_RETURN_TYPE = YES_ERROR;
				GCC_WARN_UNDECLARED_SELECTOR = YES;
				GCC_WARN_UNINITIALIZED_AUTOS = YES_AGGRESSIVE;
				GCC_WARN_UNUSED_FUNCTION = YES;
				GCC_WARN_UNUSED_VARIABLE = YES;
				IPHONEOS_DEPLOYMENT_TARGET = 11.4;
				MTL_ENABLE_DEBUG_INFO = NO;
				SDKROOT = iphoneos;
				SWIFT_COMPILATION_MODE = wholemodule;
				SWIFT_OPTIMIZATION_LEVEL = "-O";
				VALIDATE_PRODUCT = YES;
			};
			name = Release;
		};
		F116EBE6211046B70091439E /* Debug */ = {
			isa = XCBuildConfiguration;
			buildSettings = {
				ALWAYS_EMBED_SWIFT_STANDARD_LIBRARIES = YES;
				ASSETCATALOG_COMPILER_APPICON_NAME = AppIcon;
				CODE_SIGN_STYLE = Automatic;
				DEVELOPMENT_TEAM = B5CC9TD7P7;
				FRAMEWORK_SEARCH_PATHS = (
					"$(inherited)",
					"$(PROJECT_DIR)/Carthage/Build/iOS",
				);
				INFOPLIST_FILE = FlowLayout/Info.plist;
				IPHONEOS_DEPLOYMENT_TARGET = 12.1;
				LD_RUNPATH_SEARCH_PATHS = (
					"$(inherited)",
					"@executable_path/Frameworks",
				);
				PRODUCT_BUNDLE_IDENTIFIER = codes.eon.FlowLay;
				PRODUCT_NAME = "$(TARGET_NAME)";
				SWIFT_VERSION = 4.2;
				TARGETED_DEVICE_FAMILY = "1,2";
			};
			name = Debug;
		};
		F116EBE7211046B70091439E /* Release */ = {
			isa = XCBuildConfiguration;
			buildSettings = {
				ALWAYS_EMBED_SWIFT_STANDARD_LIBRARIES = YES;
				ASSETCATALOG_COMPILER_APPICON_NAME = AppIcon;
				CODE_SIGN_STYLE = Automatic;
				DEVELOPMENT_TEAM = B5CC9TD7P7;
				FRAMEWORK_SEARCH_PATHS = (
					"$(inherited)",
					"$(PROJECT_DIR)/Carthage/Build/iOS",
				);
				INFOPLIST_FILE = FlowLayout/Info.plist;
				IPHONEOS_DEPLOYMENT_TARGET = 12.1;
				LD_RUNPATH_SEARCH_PATHS = (
					"$(inherited)",
					"@executable_path/Frameworks",
				);
				PRODUCT_BUNDLE_IDENTIFIER = codes.eon.FlowLay;
				PRODUCT_NAME = "$(TARGET_NAME)";
				SWIFT_VERSION = 4.2;
				TARGETED_DEVICE_FAMILY = "1,2";
			};
			name = Release;
		};
		F124420D2248314700D808D8 /* Debug */ = {
			isa = XCBuildConfiguration;
			buildSettings = {
				CODE_SIGN_IDENTITY = "";
				CODE_SIGN_STYLE = Automatic;
				CURRENT_PROJECT_VERSION = 1;
				DEFINES_MODULE = YES;
				DEVELOPMENT_TEAM = B5CC9TD7P7;
				DYLIB_COMPATIBILITY_VERSION = 1;
				DYLIB_CURRENT_VERSION = 1;
				DYLIB_INSTALL_NAME_BASE = "@rpath";
				FRAMEWORK_SEARCH_PATHS = (
					"$(inherited)",
					"$(PROJECT_DIR)/Carthage/Build/iOS",
				);
				INFOPLIST_FILE = "FlowLayout-iOS/Info.plist";
				INSTALL_PATH = "$(LOCAL_LIBRARY_DIR)/Frameworks";
				IPHONEOS_DEPLOYMENT_TARGET = 12.1;
				LD_RUNPATH_SEARCH_PATHS = (
					"$(inherited)",
					"@executable_path/Frameworks",
					"@loader_path/Frameworks",
				);
				MTL_ENABLE_DEBUG_INFO = INCLUDE_SOURCE;
				MTL_FAST_MATH = YES;
				PRODUCT_BUNDLE_IDENTIFIER = "io.github.futurelab.FlowLayout-iOS";
				PRODUCT_NAME = "$(TARGET_NAME:c99extidentifier)";
				SKIP_INSTALL = YES;
				SWIFT_VERSION = 4.2;
				TARGETED_DEVICE_FAMILY = "1,2";
				VERSIONING_SYSTEM = "apple-generic";
				VERSION_INFO_PREFIX = "";
			};
			name = Debug;
		};
		F124420E2248314700D808D8 /* Release */ = {
			isa = XCBuildConfiguration;
			buildSettings = {
				CODE_SIGN_IDENTITY = "";
				CODE_SIGN_STYLE = Automatic;
				CURRENT_PROJECT_VERSION = 1;
				DEFINES_MODULE = YES;
				DEVELOPMENT_TEAM = B5CC9TD7P7;
				DYLIB_COMPATIBILITY_VERSION = 1;
				DYLIB_CURRENT_VERSION = 1;
				DYLIB_INSTALL_NAME_BASE = "@rpath";
				FRAMEWORK_SEARCH_PATHS = (
					"$(inherited)",
					"$(PROJECT_DIR)/Carthage/Build/iOS",
				);
				INFOPLIST_FILE = "FlowLayout-iOS/Info.plist";
				INSTALL_PATH = "$(LOCAL_LIBRARY_DIR)/Frameworks";
				IPHONEOS_DEPLOYMENT_TARGET = 12.1;
				LD_RUNPATH_SEARCH_PATHS = (
					"$(inherited)",
					"@executable_path/Frameworks",
					"@loader_path/Frameworks",
				);
				MTL_FAST_MATH = YES;
				PRODUCT_BUNDLE_IDENTIFIER = "io.github.futurelab.FlowLayout-iOS";
				PRODUCT_NAME = "$(TARGET_NAME:c99extidentifier)";
				SKIP_INSTALL = YES;
				SWIFT_VERSION = 4.2;
				TARGETED_DEVICE_FAMILY = "1,2";
				VERSIONING_SYSTEM = "apple-generic";
				VERSION_INFO_PREFIX = "";
			};
			name = Release;
		};
/* End XCBuildConfiguration section */

/* Begin XCConfigurationList section */
		F116EBCE211046B40091439E /* Build configuration list for PBXProject "FlowLayout" */ = {
			isa = XCConfigurationList;
			buildConfigurations = (
				F116EBE3211046B70091439E /* Debug */,
				F116EBE4211046B70091439E /* Release */,
			);
			defaultConfigurationIsVisible = 0;
			defaultConfigurationName = Release;
		};
		F116EBE5211046B70091439E /* Build configuration list for PBXNativeTarget "FlowLayout" */ = {
			isa = XCConfigurationList;
			buildConfigurations = (
				F116EBE6211046B70091439E /* Debug */,
				F116EBE7211046B70091439E /* Release */,
			);
			defaultConfigurationIsVisible = 0;
			defaultConfigurationName = Release;
		};
		F124420C2248314700D808D8 /* Build configuration list for PBXNativeTarget "FlowLayout-iOS" */ = {
			isa = XCConfigurationList;
			buildConfigurations = (
				F124420D2248314700D808D8 /* Debug */,
				F124420E2248314700D808D8 /* Release */,
			);
			defaultConfigurationIsVisible = 0;
			defaultConfigurationName = Release;
		};
/* End XCConfigurationList section */
	};
	rootObject = F116EBCB211046B40091439E /* Project object */;
}
